// !$*UTF8*$!
{
	archiveVersion = 1;
	classes = {
	};
	objectVersion = 48;
	objects = {

/* Begin PBXBuildFile section */
		1E23D9FBBCB5C1053A7BBC54 /* Pods_SdkManagerTests.framework in Frameworks */ = {isa = PBXBuildFile; fileRef = 2FCBF2CC2CEFE116A57E3AA8 /* Pods_SdkManagerTests.framework */; };
		363215E62460DE6E00A0C7C7 /* UpcomingEndpoints.swift in Sources */ = {isa = PBXBuildFile; fileRef = 363215E52460DE6E00A0C7C7 /* UpcomingEndpoints.swift */; };
		403F4BABF0F591DC8D589201 /* Pods_UpComingMoviesKIFTests.framework in Frameworks */ = {isa = PBXBuildFile; fileRef = B4D28BD44AD8FF8D4ECB9D66 /* Pods_UpComingMoviesKIFTests.framework */; };
		5102ABBD22E3D34D0073A382 /* UpcomingMoviesApi.framework in CopyFiles */ = {isa = PBXBuildFile; fileRef = 51430E5E2292120A00517C4C /* UpcomingMoviesApi.framework */; settings = {ATTRIBUTES = (CodeSignOnCopy, RemoveHeadersOnCopy, ); }; };
		5106DFE922B6F0BB00CAE101 /* sonar-project.properties in Resources */ = {isa = PBXBuildFile; fileRef = 5106DFE822B6F0BB00CAE101 /* sonar-project.properties */; };
		51430E632292127C00517C4C /* UpcomingMoviesApi.framework in Frameworks */ = {isa = PBXBuildFile; fileRef = 51430E622292127C00517C4C /* UpcomingMoviesApi.framework */; settings = {ATTRIBUTES = (Weak, ); }; };
		516E3E7822AD6B270025F255 /* UpComingListViewModelTests.swift in Sources */ = {isa = PBXBuildFile; fileRef = 516E3E7722AD6B270025F255 /* UpComingListViewModelTests.swift */; };
		517290D722A739CE00D6C9A7 /* UpComingTableViewsDataSetProtocol.swift in Sources */ = {isa = PBXBuildFile; fileRef = 517290D622A739CE00D6C9A7 /* UpComingTableViewsDataSetProtocol.swift */; };
		5177AD3D22B073E3005D20AC /* UpCommingCoordinator.swift in Sources */ = {isa = PBXBuildFile; fileRef = 5177AD3C22B073E3005D20AC /* UpCommingCoordinator.swift */; };
		5177AD3F22B077E9005D20AC /* UpComingListCoordinatorTests.swift in Sources */ = {isa = PBXBuildFile; fileRef = 5177AD3E22B077E9005D20AC /* UpComingListCoordinatorTests.swift */; };
		5177AD4122B07D78005D20AC /* UpComingListRXTableViewController.swift in Sources */ = {isa = PBXBuildFile; fileRef = 5177AD4022B07D78005D20AC /* UpComingListRXTableViewController.swift */; };
		5177AD4322B07FAC005D20AC /* UpComingListViewModelRX.swift in Sources */ = {isa = PBXBuildFile; fileRef = 5177AD4222B07FAC005D20AC /* UpComingListViewModelRX.swift */; };
		51830CE222A4269500BE346A /* UpComingListApi.swift in Sources */ = {isa = PBXBuildFile; fileRef = 51830CE122A4269500BE346A /* UpComingListApi.swift */; };
		51830CE422A426E100BE346A /* UpComingListApiTests.swift in Sources */ = {isa = PBXBuildFile; fileRef = 51830CE322A426E100BE346A /* UpComingListApiTests.swift */; };
		51830CE722A4286B00BE346A /* StatusErrorModelCodable.swift in Sources */ = {isa = PBXBuildFile; fileRef = 51830CE622A4286B00BE346A /* StatusErrorModelCodable.swift */; };
		51830CE922A4290000BE346A /* PaginationModelCodable.swift in Sources */ = {isa = PBXBuildFile; fileRef = 51830CE822A4290000BE346A /* PaginationModelCodable.swift */; };
		51830CEB22A429C300BE346A /* MoviesModelCodable.swift in Sources */ = {isa = PBXBuildFile; fileRef = 51830CEA22A429C300BE346A /* MoviesModelCodable.swift */; };
		51830CED22A42AD200BE346A /* GenreModelCodable.swift in Sources */ = {isa = PBXBuildFile; fileRef = 51830CEC22A42AD200BE346A /* GenreModelCodable.swift */; };
		51830CF122A438D300BE346A /* MockPagination.swift in Sources */ = {isa = PBXBuildFile; fileRef = 51830CF022A438D300BE346A /* MockPagination.swift */; };
		51830CF322A4395B00BE346A /* MoviesDetailModelCodable.swift in Sources */ = {isa = PBXBuildFile; fileRef = 51830CF222A4395B00BE346A /* MoviesDetailModelCodable.swift */; };
		51830CF622A4458300BE346A /* ListMovie.json in Resources */ = {isa = PBXBuildFile; fileRef = 51830CF522A4405900BE346A /* ListMovie.json */; };
		51830CF822A464C300BE346A /* ListMovieRequired.json in Resources */ = {isa = PBXBuildFile; fileRef = 51830CF722A464C300BE346A /* ListMovieRequired.json */; };
		51830CFA22A4667700BE346A /* Genre.json in Resources */ = {isa = PBXBuildFile; fileRef = 51830CF922A4667600BE346A /* Genre.json */; };
		51830CFC22A4677800BE346A /* MovieDetail.json in Resources */ = {isa = PBXBuildFile; fileRef = 51830CFB22A4677800BE346A /* MovieDetail.json */; };
		51994EAB2290AE1900B4420D /* GoogleService-Info.plist in Resources */ = {isa = PBXBuildFile; fileRef = 51994EAA2290AE1900B4420D /* GoogleService-Info.plist */; };
		51994EAD2290B06500B4420D /* .swiftlint.yml in Resources */ = {isa = PBXBuildFile; fileRef = 51994EAC2290B06500B4420D /* .swiftlint.yml */; };
		51994EB12290B69900B4420D /* FirebaseSdk.swift in Sources */ = {isa = PBXBuildFile; fileRef = 51994EB02290B69900B4420D /* FirebaseSdk.swift */; };
		51EE91B32291A69B00BE0D03 /* SdkManagerTests.swift in Sources */ = {isa = PBXBuildFile; fileRef = 51EE91B22291A69B00BE0D03 /* SdkManagerTests.swift */; };
		7D083B88F42FCC18E35BB515 /* Pods_UpComingMoviesTests.framework in Frameworks */ = {isa = PBXBuildFile; fileRef = 80AB32DC866A9ABA3C486DB5 /* Pods_UpComingMoviesTests.framework */; };
		808D283F3950914442DD836C /* Pods_UpComingMovies.framework in Frameworks */ = {isa = PBXBuildFile; fileRef = E9D3D5FFEC738F1C2FD208F7 /* Pods_UpComingMovies.framework */; };
		BC1023F02072F5D0005FF7C5 /* ListMoviesCell.xib in Resources */ = {isa = PBXBuildFile; fileRef = BC1023EF2072F5D0005FF7C5 /* ListMoviesCell.xib */; };
		BCE213192071921D000FFBDC /* ListMoviesTableViewCell.swift in Sources */ = {isa = PBXBuildFile; fileRef = BCE213182071921D000FFBDC /* ListMoviesTableViewCell.swift */; };
		BCE2131B20719234000FFBDC /* ListMoviesCellModel.swift in Sources */ = {isa = PBXBuildFile; fileRef = BCE2131A20719234000FFBDC /* ListMoviesCellModel.swift */; };
		BCE2131D207199E1000FFBDC /* MoviesDetailModelMap.swift in Sources */ = {isa = PBXBuildFile; fileRef = BCE2131C207199E1000FFBDC /* MoviesDetailModelMap.swift */; };
		BCE2131F20719DBD000FFBDC /* DetailUpCommingListViewModel.swift in Sources */ = {isa = PBXBuildFile; fileRef = BCE2131E20719DBD000FFBDC /* DetailUpCommingListViewModel.swift */; };
		BCE70824207452290015DAA3 /* ServerConfig.swift in Sources */ = {isa = PBXBuildFile; fileRef = BCE70823207452290015DAA3 /* ServerConfig.swift */; };
		BCF6EBB3206EC7C50063D023 /* AppDelegate.swift in Sources */ = {isa = PBXBuildFile; fileRef = BCF6EBB2206EC7C50063D023 /* AppDelegate.swift */; };
		BCF6EBBB206EC7C50063D023 /* UpComingMovies.xcdatamodeld in Sources */ = {isa = PBXBuildFile; fileRef = BCF6EBB9206EC7C50063D023 /* UpComingMovies.xcdatamodeld */; };
		BCF6EBBD206EC7C50063D023 /* Assets.xcassets in Resources */ = {isa = PBXBuildFile; fileRef = BCF6EBBC206EC7C50063D023 /* Assets.xcassets */; };
		BCF6EBC0206EC7C50063D023 /* LaunchScreen.storyboard in Resources */ = {isa = PBXBuildFile; fileRef = BCF6EBBE206EC7C50063D023 /* LaunchScreen.storyboard */; };
		BCF6EBCB206EC7C50063D023 /* UpComingMoviesTests.swift in Sources */ = {isa = PBXBuildFile; fileRef = BCF6EBCA206EC7C50063D023 /* UpComingMoviesTests.swift */; };
		BCF6EBD8206ECAEA0063D023 /* UpComingListTableViewController.swift in Sources */ = {isa = PBXBuildFile; fileRef = BCF6EBD7206ECAEA0063D023 /* UpComingListTableViewController.swift */; };
		BCF6EBDA206ECB010063D023 /* UpComingListStoryboard.storyboard in Resources */ = {isa = PBXBuildFile; fileRef = BCF6EBD9206ECB010063D023 /* UpComingListStoryboard.storyboard */; };
		BCF6EBDD206ECB280063D023 /* UpComingListViewModel.swift in Sources */ = {isa = PBXBuildFile; fileRef = BCF6EBDC206ECB280063D023 /* UpComingListViewModel.swift */; };
		BCF6EBDF206ECB430063D023 /* UpComingListApiAlamo.swift in Sources */ = {isa = PBXBuildFile; fileRef = BCF6EBDE206ECB430063D023 /* UpComingListApiAlamo.swift */; };
		BCF6EBE1206ECB650063D023 /* MoviesModelMap.swift in Sources */ = {isa = PBXBuildFile; fileRef = BCF6EBE0206ECB650063D023 /* MoviesModelMap.swift */; };
		BCF6EBE5206ECBBF0063D023 /* DetailUpComingListTableViewController.swift in Sources */ = {isa = PBXBuildFile; fileRef = BCF6EBE4206ECBBF0063D023 /* DetailUpComingListTableViewController.swift */; };
		BCF6EBE7206ECBF80063D023 /* PaginationModelMap.swift in Sources */ = {isa = PBXBuildFile; fileRef = BCF6EBE6206ECBF80063D023 /* PaginationModelMap.swift */; };
		BCF6EBE9206EDBC00063D023 /* StatusModelMap.swift in Sources */ = {isa = PBXBuildFile; fileRef = BCF6EBE8206EDBC00063D023 /* StatusModelMap.swift */; };
		BCF6EBEB206EDE760063D023 /* GenreModelMap.swift in Sources */ = {isa = PBXBuildFile; fileRef = BCF6EBEA206EDE760063D023 /* GenreModelMap.swift */; };
		F1023C1422E10FD500602584 /* UpComingMoviesKIFTests.swift in Sources */ = {isa = PBXBuildFile; fileRef = F1023C1322E10FD500602584 /* UpComingMoviesKIFTests.swift */; };
		F1023C1C22E1103A00602584 /* IntegrationKIFTestCase.swift in Sources */ = {isa = PBXBuildFile; fileRef = F1023C1B22E1103A00602584 /* IntegrationKIFTestCase.swift */; };
/* End PBXBuildFile section */

/* Begin PBXContainerItemProxy section */
		51EE91B52291A69B00BE0D03 /* PBXContainerItemProxy */ = {
			isa = PBXContainerItemProxy;
			containerPortal = BCF6EBA7206EC7C50063D023 /* Project object */;
			proxyType = 1;
			remoteGlobalIDString = BCF6EBAE206EC7C50063D023;
			remoteInfo = UpComingMovies;
		};
		BCF6EBC7206EC7C50063D023 /* PBXContainerItemProxy */ = {
			isa = PBXContainerItemProxy;
			containerPortal = BCF6EBA7206EC7C50063D023 /* Project object */;
			proxyType = 1;
			remoteGlobalIDString = BCF6EBAE206EC7C50063D023;
			remoteInfo = UpComingMovies;
		};
		F1023C1622E10FD500602584 /* PBXContainerItemProxy */ = {
			isa = PBXContainerItemProxy;
			containerPortal = BCF6EBA7206EC7C50063D023 /* Project object */;
			proxyType = 1;
			remoteGlobalIDString = BCF6EBAE206EC7C50063D023;
			remoteInfo = UpComingMovies;
		};
/* End PBXContainerItemProxy section */

/* Begin PBXCopyFilesBuildPhase section */
		5102ABBC22E3D3430073A382 /* CopyFiles */ = {
			isa = PBXCopyFilesBuildPhase;
			buildActionMask = 8;
			dstPath = "";
			dstSubfolderSpec = 10;
			files = (
				5102ABBD22E3D34D0073A382 /* UpcomingMoviesApi.framework in CopyFiles */,
			);
			runOnlyForDeploymentPostprocessing = 1;
		};
/* End PBXCopyFilesBuildPhase section */

/* Begin PBXFileReference section */
		258DC8DB9849A1C221E28BB2 /* Pods-UpComingMoviesTests.debug.xcconfig */ = {isa = PBXFileReference; includeInIndex = 1; lastKnownFileType = text.xcconfig; name = "Pods-UpComingMoviesTests.debug.xcconfig"; path = "Target Support Files/Pods-UpComingMoviesTests/Pods-UpComingMoviesTests.debug.xcconfig"; sourceTree = "<group>"; };
		2A642476B5BE6DB4273610F8 /* Pods-UpComingMovies.release.xcconfig */ = {isa = PBXFileReference; includeInIndex = 1; lastKnownFileType = text.xcconfig; name = "Pods-UpComingMovies.release.xcconfig"; path = "Target Support Files/Pods-UpComingMovies/Pods-UpComingMovies.release.xcconfig"; sourceTree = "<group>"; };
		2FCBF2CC2CEFE116A57E3AA8 /* Pods_SdkManagerTests.framework */ = {isa = PBXFileReference; explicitFileType = wrapper.framework; includeInIndex = 0; path = Pods_SdkManagerTests.framework; sourceTree = BUILT_PRODUCTS_DIR; };
		363215E52460DE6E00A0C7C7 /* UpcomingEndpoints.swift */ = {isa = PBXFileReference; lastKnownFileType = sourcecode.swift; path = UpcomingEndpoints.swift; sourceTree = "<group>"; };
		5106DFE822B6F0BB00CAE101 /* sonar-project.properties */ = {isa = PBXFileReference; fileEncoding = 4; lastKnownFileType = text; path = "sonar-project.properties"; sourceTree = "<group>"; };
		51430E5E2292120A00517C4C /* UpcomingMoviesApi.framework */ = {isa = PBXFileReference; explicitFileType = wrapper.framework; path = UpcomingMoviesApi.framework; sourceTree = BUILT_PRODUCTS_DIR; };
		51430E622292127C00517C4C /* UpcomingMoviesApi.framework */ = {isa = PBXFileReference; explicitFileType = wrapper.framework; path = UpcomingMoviesApi.framework; sourceTree = BUILT_PRODUCTS_DIR; };
		516E3E7722AD6B270025F255 /* UpComingListViewModelTests.swift */ = {isa = PBXFileReference; fileEncoding = 4; lastKnownFileType = sourcecode.swift; path = UpComingListViewModelTests.swift; sourceTree = "<group>"; };
		517290D622A739CE00D6C9A7 /* UpComingTableViewsDataSetProtocol.swift */ = {isa = PBXFileReference; lastKnownFileType = sourcecode.swift; path = UpComingTableViewsDataSetProtocol.swift; sourceTree = "<group>"; };
		5177AD3C22B073E3005D20AC /* UpCommingCoordinator.swift */ = {isa = PBXFileReference; lastKnownFileType = sourcecode.swift; path = UpCommingCoordinator.swift; sourceTree = "<group>"; };
		5177AD3E22B077E9005D20AC /* UpComingListCoordinatorTests.swift */ = {isa = PBXFileReference; fileEncoding = 4; lastKnownFileType = sourcecode.swift; path = UpComingListCoordinatorTests.swift; sourceTree = "<group>"; };
		5177AD4022B07D78005D20AC /* UpComingListRXTableViewController.swift */ = {isa = PBXFileReference; lastKnownFileType = sourcecode.swift; path = UpComingListRXTableViewController.swift; sourceTree = "<group>"; };
		5177AD4222B07FAC005D20AC /* UpComingListViewModelRX.swift */ = {isa = PBXFileReference; fileEncoding = 4; lastKnownFileType = sourcecode.swift; path = UpComingListViewModelRX.swift; sourceTree = "<group>"; };
		51830CE122A4269500BE346A /* UpComingListApi.swift */ = {isa = PBXFileReference; lastKnownFileType = sourcecode.swift; path = UpComingListApi.swift; sourceTree = "<group>"; };
		51830CE322A426E100BE346A /* UpComingListApiTests.swift */ = {isa = PBXFileReference; lastKnownFileType = sourcecode.swift; path = UpComingListApiTests.swift; sourceTree = "<group>"; };
		51830CE622A4286B00BE346A /* StatusErrorModelCodable.swift */ = {isa = PBXFileReference; fileEncoding = 4; lastKnownFileType = sourcecode.swift; path = StatusErrorModelCodable.swift; sourceTree = "<group>"; };
		51830CE822A4290000BE346A /* PaginationModelCodable.swift */ = {isa = PBXFileReference; fileEncoding = 4; lastKnownFileType = sourcecode.swift; path = PaginationModelCodable.swift; sourceTree = "<group>"; };
		51830CEA22A429C300BE346A /* MoviesModelCodable.swift */ = {isa = PBXFileReference; fileEncoding = 4; lastKnownFileType = sourcecode.swift; path = MoviesModelCodable.swift; sourceTree = "<group>"; };
		51830CEC22A42AD200BE346A /* GenreModelCodable.swift */ = {isa = PBXFileReference; fileEncoding = 4; lastKnownFileType = sourcecode.swift; path = GenreModelCodable.swift; sourceTree = "<group>"; };
		51830CF022A438D300BE346A /* MockPagination.swift */ = {isa = PBXFileReference; lastKnownFileType = sourcecode.swift; path = MockPagination.swift; sourceTree = "<group>"; };
		51830CF222A4395B00BE346A /* MoviesDetailModelCodable.swift */ = {isa = PBXFileReference; fileEncoding = 4; lastKnownFileType = sourcecode.swift; path = MoviesDetailModelCodable.swift; sourceTree = "<group>"; };
		51830CF522A4405900BE346A /* ListMovie.json */ = {isa = PBXFileReference; lastKnownFileType = text.json; path = ListMovie.json; sourceTree = "<group>"; };
		51830CF722A464C300BE346A /* ListMovieRequired.json */ = {isa = PBXFileReference; fileEncoding = 4; lastKnownFileType = text.json; path = ListMovieRequired.json; sourceTree = "<group>"; };
		51830CF922A4667600BE346A /* Genre.json */ = {isa = PBXFileReference; fileEncoding = 4; lastKnownFileType = text.json; name = Genre.json; path = UpcomingMoviesApi/UpcomingMoviesApiTests/Mocks/Genre.json; sourceTree = SOURCE_ROOT; };
		51830CFB22A4677800BE346A /* MovieDetail.json */ = {isa = PBXFileReference; fileEncoding = 4; lastKnownFileType = text.json; name = MovieDetail.json; path = UpcomingMoviesApi/UpcomingMoviesApiTests/Mocks/MovieDetail.json; sourceTree = SOURCE_ROOT; };
		51994EAA2290AE1900B4420D /* GoogleService-Info.plist */ = {isa = PBXFileReference; fileEncoding = 4; lastKnownFileType = text.plist.xml; path = "GoogleService-Info.plist"; sourceTree = "<group>"; };
		51994EAC2290B06500B4420D /* .swiftlint.yml */ = {isa = PBXFileReference; fileEncoding = 4; lastKnownFileType = text; path = .swiftlint.yml; sourceTree = "<group>"; };
		51994EB02290B69900B4420D /* FirebaseSdk.swift */ = {isa = PBXFileReference; lastKnownFileType = sourcecode.swift; path = FirebaseSdk.swift; sourceTree = "<group>"; };
		51EE91B02291A69B00BE0D03 /* SdkManagerTests.xctest */ = {isa = PBXFileReference; explicitFileType = wrapper.cfbundle; includeInIndex = 0; path = SdkManagerTests.xctest; sourceTree = BUILT_PRODUCTS_DIR; };
		51EE91B22291A69B00BE0D03 /* SdkManagerTests.swift */ = {isa = PBXFileReference; lastKnownFileType = sourcecode.swift; path = SdkManagerTests.swift; sourceTree = "<group>"; };
		51EE91B42291A69B00BE0D03 /* Info.plist */ = {isa = PBXFileReference; lastKnownFileType = text.plist.xml; path = Info.plist; sourceTree = "<group>"; };
		60D27D8C289481AA48DB50EB /* Pods-UpComingMoviesKIFTests.release.xcconfig */ = {isa = PBXFileReference; includeInIndex = 1; lastKnownFileType = text.xcconfig; name = "Pods-UpComingMoviesKIFTests.release.xcconfig"; path = "Target Support Files/Pods-UpComingMoviesKIFTests/Pods-UpComingMoviesKIFTests.release.xcconfig"; sourceTree = "<group>"; };
		76B660CD9C0B23712883E6E2 /* Pods-UpComingMoviesTests.release.xcconfig */ = {isa = PBXFileReference; includeInIndex = 1; lastKnownFileType = text.xcconfig; name = "Pods-UpComingMoviesTests.release.xcconfig"; path = "Target Support Files/Pods-UpComingMoviesTests/Pods-UpComingMoviesTests.release.xcconfig"; sourceTree = "<group>"; };
		7764EA1508688B4BE55B1D96 /* Pods-SdkManagerTests.release.xcconfig */ = {isa = PBXFileReference; includeInIndex = 1; lastKnownFileType = text.xcconfig; name = "Pods-SdkManagerTests.release.xcconfig"; path = "Target Support Files/Pods-SdkManagerTests/Pods-SdkManagerTests.release.xcconfig"; sourceTree = "<group>"; };
		80AB32DC866A9ABA3C486DB5 /* Pods_UpComingMoviesTests.framework */ = {isa = PBXFileReference; explicitFileType = wrapper.framework; includeInIndex = 0; path = Pods_UpComingMoviesTests.framework; sourceTree = BUILT_PRODUCTS_DIR; };
		88F73D1E0146EADE5DAF2A35 /* Pods-SdkManagerTests.debug.xcconfig */ = {isa = PBXFileReference; includeInIndex = 1; lastKnownFileType = text.xcconfig; name = "Pods-SdkManagerTests.debug.xcconfig"; path = "Target Support Files/Pods-SdkManagerTests/Pods-SdkManagerTests.debug.xcconfig"; sourceTree = "<group>"; };
		B4D28BD44AD8FF8D4ECB9D66 /* Pods_UpComingMoviesKIFTests.framework */ = {isa = PBXFileReference; explicitFileType = wrapper.framework; includeInIndex = 0; path = Pods_UpComingMoviesKIFTests.framework; sourceTree = BUILT_PRODUCTS_DIR; };
		BC1023EF2072F5D0005FF7C5 /* ListMoviesCell.xib */ = {isa = PBXFileReference; lastKnownFileType = file.xib; path = ListMoviesCell.xib; sourceTree = "<group>"; };
		BCE213142071902E000FFBDC /* UpComingMovies-Bridging-Header.h */ = {isa = PBXFileReference; lastKnownFileType = sourcecode.c.h; path = "UpComingMovies-Bridging-Header.h"; sourceTree = "<group>"; };
		BCE213182071921D000FFBDC /* ListMoviesTableViewCell.swift */ = {isa = PBXFileReference; lastKnownFileType = sourcecode.swift; path = ListMoviesTableViewCell.swift; sourceTree = "<group>"; };
		BCE2131A20719234000FFBDC /* ListMoviesCellModel.swift */ = {isa = PBXFileReference; lastKnownFileType = sourcecode.swift; path = ListMoviesCellModel.swift; sourceTree = "<group>"; };
		BCE2131C207199E1000FFBDC /* MoviesDetailModelMap.swift */ = {isa = PBXFileReference; fileEncoding = 4; lastKnownFileType = sourcecode.swift; path = MoviesDetailModelMap.swift; sourceTree = "<group>"; };
		BCE2131E20719DBD000FFBDC /* DetailUpCommingListViewModel.swift */ = {isa = PBXFileReference; lastKnownFileType = sourcecode.swift; path = DetailUpCommingListViewModel.swift; sourceTree = "<group>"; };
		BCE70823207452290015DAA3 /* ServerConfig.swift */ = {isa = PBXFileReference; lastKnownFileType = sourcecode.swift; path = ServerConfig.swift; sourceTree = "<group>"; };
		BCF6EBAF206EC7C50063D023 /* UpComingMovies.app */ = {isa = PBXFileReference; explicitFileType = wrapper.application; includeInIndex = 0; path = UpComingMovies.app; sourceTree = BUILT_PRODUCTS_DIR; };
		BCF6EBB2206EC7C50063D023 /* AppDelegate.swift */ = {isa = PBXFileReference; lastKnownFileType = sourcecode.swift; path = AppDelegate.swift; sourceTree = "<group>"; };
		BCF6EBBA206EC7C50063D023 /* UpComingMovies.xcdatamodel */ = {isa = PBXFileReference; lastKnownFileType = wrapper.xcdatamodel; path = UpComingMovies.xcdatamodel; sourceTree = "<group>"; };
		BCF6EBBC206EC7C50063D023 /* Assets.xcassets */ = {isa = PBXFileReference; lastKnownFileType = folder.assetcatalog; path = Assets.xcassets; sourceTree = "<group>"; };
		BCF6EBBF206EC7C50063D023 /* Base */ = {isa = PBXFileReference; lastKnownFileType = file.storyboard; name = Base; path = Base.lproj/LaunchScreen.storyboard; sourceTree = "<group>"; };
		BCF6EBC1206EC7C50063D023 /* Info.plist */ = {isa = PBXFileReference; lastKnownFileType = text.plist.xml; path = Info.plist; sourceTree = "<group>"; };
		BCF6EBC6206EC7C50063D023 /* UpComingMoviesTests.xctest */ = {isa = PBXFileReference; explicitFileType = wrapper.cfbundle; includeInIndex = 0; path = UpComingMoviesTests.xctest; sourceTree = BUILT_PRODUCTS_DIR; };
		BCF6EBCA206EC7C50063D023 /* UpComingMoviesTests.swift */ = {isa = PBXFileReference; lastKnownFileType = sourcecode.swift; path = UpComingMoviesTests.swift; sourceTree = "<group>"; };
		BCF6EBCC206EC7C50063D023 /* Info.plist */ = {isa = PBXFileReference; lastKnownFileType = text.plist.xml; path = Info.plist; sourceTree = "<group>"; };
		BCF6EBD7206ECAEA0063D023 /* UpComingListTableViewController.swift */ = {isa = PBXFileReference; lastKnownFileType = sourcecode.swift; path = UpComingListTableViewController.swift; sourceTree = "<group>"; };
		BCF6EBD9206ECB010063D023 /* UpComingListStoryboard.storyboard */ = {isa = PBXFileReference; lastKnownFileType = file.storyboard; path = UpComingListStoryboard.storyboard; sourceTree = "<group>"; };
		BCF6EBDC206ECB280063D023 /* UpComingListViewModel.swift */ = {isa = PBXFileReference; lastKnownFileType = sourcecode.swift; path = UpComingListViewModel.swift; sourceTree = "<group>"; };
		BCF6EBDE206ECB430063D023 /* UpComingListApiAlamo.swift */ = {isa = PBXFileReference; lastKnownFileType = sourcecode.swift; path = UpComingListApiAlamo.swift; sourceTree = "<group>"; };
		BCF6EBE0206ECB650063D023 /* MoviesModelMap.swift */ = {isa = PBXFileReference; lastKnownFileType = sourcecode.swift; path = MoviesModelMap.swift; sourceTree = "<group>"; };
		BCF6EBE4206ECBBF0063D023 /* DetailUpComingListTableViewController.swift */ = {isa = PBXFileReference; lastKnownFileType = sourcecode.swift; path = DetailUpComingListTableViewController.swift; sourceTree = "<group>"; };
		BCF6EBE6206ECBF80063D023 /* PaginationModelMap.swift */ = {isa = PBXFileReference; lastKnownFileType = sourcecode.swift; path = PaginationModelMap.swift; sourceTree = "<group>"; };
		BCF6EBE8206EDBC00063D023 /* StatusModelMap.swift */ = {isa = PBXFileReference; lastKnownFileType = sourcecode.swift; path = StatusModelMap.swift; sourceTree = "<group>"; };
		BCF6EBEA206EDE760063D023 /* GenreModelMap.swift */ = {isa = PBXFileReference; lastKnownFileType = sourcecode.swift; path = GenreModelMap.swift; sourceTree = "<group>"; };
		DCC227B11BA34A983FD63479 /* Pods-UpComingMovies.debug.xcconfig */ = {isa = PBXFileReference; includeInIndex = 1; lastKnownFileType = text.xcconfig; name = "Pods-UpComingMovies.debug.xcconfig"; path = "Target Support Files/Pods-UpComingMovies/Pods-UpComingMovies.debug.xcconfig"; sourceTree = "<group>"; };
		E9D3D5FFEC738F1C2FD208F7 /* Pods_UpComingMovies.framework */ = {isa = PBXFileReference; explicitFileType = wrapper.framework; includeInIndex = 0; path = Pods_UpComingMovies.framework; sourceTree = BUILT_PRODUCTS_DIR; };
		EBF16F331E12692C62017314 /* Pods-UpComingMoviesKIFTests.debug.xcconfig */ = {isa = PBXFileReference; includeInIndex = 1; lastKnownFileType = text.xcconfig; name = "Pods-UpComingMoviesKIFTests.debug.xcconfig"; path = "Target Support Files/Pods-UpComingMoviesKIFTests/Pods-UpComingMoviesKIFTests.debug.xcconfig"; sourceTree = "<group>"; };
		F1023C1122E10FD500602584 /* UpComingMoviesKIFTests.xctest */ = {isa = PBXFileReference; explicitFileType = wrapper.cfbundle; includeInIndex = 0; path = UpComingMoviesKIFTests.xctest; sourceTree = BUILT_PRODUCTS_DIR; };
		F1023C1322E10FD500602584 /* UpComingMoviesKIFTests.swift */ = {isa = PBXFileReference; lastKnownFileType = sourcecode.swift; path = UpComingMoviesKIFTests.swift; sourceTree = "<group>"; };
		F1023C1522E10FD500602584 /* Info.plist */ = {isa = PBXFileReference; lastKnownFileType = text.plist.xml; path = Info.plist; sourceTree = "<group>"; };
		F1023C1B22E1103A00602584 /* IntegrationKIFTestCase.swift */ = {isa = PBXFileReference; lastKnownFileType = sourcecode.swift; path = IntegrationKIFTestCase.swift; sourceTree = "<group>"; };
/* End PBXFileReference section */

/* Begin PBXFrameworksBuildPhase section */
		51EE91AD2291A69B00BE0D03 /* Frameworks */ = {
			isa = PBXFrameworksBuildPhase;
			buildActionMask = 2147483647;
			files = (
				1E23D9FBBCB5C1053A7BBC54 /* Pods_SdkManagerTests.framework in Frameworks */,
			);
			runOnlyForDeploymentPostprocessing = 0;
		};
		BCF6EBAC206EC7C50063D023 /* Frameworks */ = {
			isa = PBXFrameworksBuildPhase;
			buildActionMask = 2147483647;
			files = (
				51430E632292127C00517C4C /* UpcomingMoviesApi.framework in Frameworks */,
				808D283F3950914442DD836C /* Pods_UpComingMovies.framework in Frameworks */,
			);
			runOnlyForDeploymentPostprocessing = 0;
		};
		BCF6EBC3206EC7C50063D023 /* Frameworks */ = {
			isa = PBXFrameworksBuildPhase;
			buildActionMask = 2147483647;
			files = (
				7D083B88F42FCC18E35BB515 /* Pods_UpComingMoviesTests.framework in Frameworks */,
			);
			runOnlyForDeploymentPostprocessing = 0;
		};
		F1023C0E22E10FD500602584 /* Frameworks */ = {
			isa = PBXFrameworksBuildPhase;
			buildActionMask = 2147483647;
			files = (
				403F4BABF0F591DC8D589201 /* Pods_UpComingMoviesKIFTests.framework in Frameworks */,
			);
			runOnlyForDeploymentPostprocessing = 0;
		};
/* End PBXFrameworksBuildPhase section */

/* Begin PBXGroup section */
		517290D822A73D8E00D6C9A7 /* Protocols */ = {
			isa = PBXGroup;
			children = (
				517290D622A739CE00D6C9A7 /* UpComingTableViewsDataSetProtocol.swift */,
			);
			path = Protocols;
			sourceTree = "<group>";
		};
		51830CDC22A425A900BE346A /* ViewModel */ = {
			isa = PBXGroup;
			children = (
				517290D822A73D8E00D6C9A7 /* Protocols */,
				BCF6EBDC206ECB280063D023 /* UpComingListViewModel.swift */,
				5177AD4222B07FAC005D20AC /* UpComingListViewModelRX.swift */,
			);
			path = ViewModel;
			sourceTree = "<group>";
		};
		51830CDD22A425B400BE346A /* View */ = {
			isa = PBXGroup;
			children = (
				5177AD3C22B073E3005D20AC /* UpCommingCoordinator.swift */,
				BCF6EBD7206ECAEA0063D023 /* UpComingListTableViewController.swift */,
				5177AD4022B07D78005D20AC /* UpComingListRXTableViewController.swift */,
				BCF6EBD9206ECB010063D023 /* UpComingListStoryboard.storyboard */,
			);
			path = View;
			sourceTree = "<group>";
		};
		51830CDE22A425D700BE346A /* Api */ = {
			isa = PBXGroup;
			children = (
				BCE70823207452290015DAA3 /* ServerConfig.swift */,
				363215E52460DE6E00A0C7C7 /* UpcomingEndpoints.swift */,
				51830CDF22A425F400BE346A /* AlamofireVersion */,
				51830CE122A4269500BE346A /* UpComingListApi.swift */,
			);
			path = Api;
			sourceTree = "<group>";
		};
		51830CDF22A425F400BE346A /* AlamofireVersion */ = {
			isa = PBXGroup;
			children = (
				BCF6EBDE206ECB430063D023 /* UpComingListApiAlamo.swift */,
			);
			path = AlamofireVersion;
			sourceTree = "<group>";
		};
		51830CE522A427F200BE346A /* Maps */ = {
			isa = PBXGroup;
			children = (
				BCF6EBE8206EDBC00063D023 /* StatusModelMap.swift */,
				BCF6EBE6206ECBF80063D023 /* PaginationModelMap.swift */,
				BCF6EBE0206ECB650063D023 /* MoviesModelMap.swift */,
				BCE2131C207199E1000FFBDC /* MoviesDetailModelMap.swift */,
				BCF6EBEA206EDE760063D023 /* GenreModelMap.swift */,
			);
			path = Maps;
			sourceTree = "<group>";
		};
		51830CEE22A438B400BE346A /* MocksObjects */ = {
			isa = PBXGroup;
			children = (
				51830CEF22A438BE00BE346A /* ListApi */,
			);
			path = MocksObjects;
			sourceTree = "<group>";
		};
		51830CEF22A438BE00BE346A /* ListApi */ = {
			isa = PBXGroup;
			children = (
				51830CF022A438D300BE346A /* MockPagination.swift */,
			);
			path = ListApi;
			sourceTree = "<group>";
		};
		51830CF422A4403C00BE346A /* Contracts */ = {
			isa = PBXGroup;
			children = (
				51830CF922A4667600BE346A /* Genre.json */,
				51830CFB22A4677800BE346A /* MovieDetail.json */,
				51830CF522A4405900BE346A /* ListMovie.json */,
				51830CF722A464C300BE346A /* ListMovieRequired.json */,
			);
			path = Contracts;
			sourceTree = "<group>";
		};
		51994EAF2290B68000B4420D /* SdkManagers */ = {
			isa = PBXGroup;
			children = (
				51994EB02290B69900B4420D /* FirebaseSdk.swift */,
			);
			path = SdkManagers;
			sourceTree = "<group>";
		};
		51EE91B12291A69B00BE0D03 /* SdkManagerTests */ = {
			isa = PBXGroup;
			children = (
				51EE91B22291A69B00BE0D03 /* SdkManagerTests.swift */,
				51EE91B42291A69B00BE0D03 /* Info.plist */,
			);
			path = SdkManagerTests;
			sourceTree = "<group>";
		};
		988CA3C8509318CAEC479096 /* Pods */ = {
			isa = PBXGroup;
			children = (
				88F73D1E0146EADE5DAF2A35 /* Pods-SdkManagerTests.debug.xcconfig */,
				7764EA1508688B4BE55B1D96 /* Pods-SdkManagerTests.release.xcconfig */,
				DCC227B11BA34A983FD63479 /* Pods-UpComingMovies.debug.xcconfig */,
				2A642476B5BE6DB4273610F8 /* Pods-UpComingMovies.release.xcconfig */,
				EBF16F331E12692C62017314 /* Pods-UpComingMoviesKIFTests.debug.xcconfig */,
				60D27D8C289481AA48DB50EB /* Pods-UpComingMoviesKIFTests.release.xcconfig */,
				258DC8DB9849A1C221E28BB2 /* Pods-UpComingMoviesTests.debug.xcconfig */,
				76B660CD9C0B23712883E6E2 /* Pods-UpComingMoviesTests.release.xcconfig */,
			);
			path = Pods;
			sourceTree = "<group>";
		};
		AD430982554968FF99AC66A1 /* Frameworks */ = {
			isa = PBXGroup;
			children = (
				51430E622292127C00517C4C /* UpcomingMoviesApi.framework */,
				2FCBF2CC2CEFE116A57E3AA8 /* Pods_SdkManagerTests.framework */,
				E9D3D5FFEC738F1C2FD208F7 /* Pods_UpComingMovies.framework */,
				B4D28BD44AD8FF8D4ECB9D66 /* Pods_UpComingMoviesKIFTests.framework */,
				80AB32DC866A9ABA3C486DB5 /* Pods_UpComingMoviesTests.framework */,
			);
			name = Frameworks;
			sourceTree = "<group>";
		};
		BCF6EBA6206EC7C50063D023 = {
			isa = PBXGroup;
			children = (
				5106DFE822B6F0BB00CAE101 /* sonar-project.properties */,
				51430E5E2292120A00517C4C /* UpcomingMoviesApi.framework */,
				BCF6EBB1206EC7C50063D023 /* UpComingMovies */,
				BCF6EBC9206EC7C50063D023 /* UpComingMoviesTests */,
				51EE91B12291A69B00BE0D03 /* SdkManagerTests */,
				F1023C1222E10FD500602584 /* UpComingMoviesKIFTests */,
				BCF6EBB0206EC7C50063D023 /* Products */,
				AD430982554968FF99AC66A1 /* Frameworks */,
				51994EAC2290B06500B4420D /* .swiftlint.yml */,
				988CA3C8509318CAEC479096 /* Pods */,
			);
			sourceTree = "<group>";
		};
		BCF6EBB0206EC7C50063D023 /* Products */ = {
			isa = PBXGroup;
			children = (
				BCF6EBAF206EC7C50063D023 /* UpComingMovies.app */,
				BCF6EBC6206EC7C50063D023 /* UpComingMoviesTests.xctest */,
				51EE91B02291A69B00BE0D03 /* SdkManagerTests.xctest */,
				F1023C1122E10FD500602584 /* UpComingMoviesKIFTests.xctest */,
			);
			name = Products;
			sourceTree = "<group>";
		};
		BCF6EBB1206EC7C50063D023 /* UpComingMovies */ = {
			isa = PBXGroup;
			children = (
				51994EAF2290B68000B4420D /* SdkManagers */,
				BCE213142071902E000FFBDC /* UpComingMovies-Bridging-Header.h */,
				BCF6EBD6206ECAC00063D023 /* UpCommingList */,
				BCF6EBB2206EC7C50063D023 /* AppDelegate.swift */,
				BCF6EBBC206EC7C50063D023 /* Assets.xcassets */,
				BCF6EBBE206EC7C50063D023 /* LaunchScreen.storyboard */,
				BCF6EBC1206EC7C50063D023 /* Info.plist */,
				BCF6EBB9206EC7C50063D023 /* UpComingMovies.xcdatamodeld */,
				51994EAA2290AE1900B4420D /* GoogleService-Info.plist */,
			);
			path = UpComingMovies;
			sourceTree = "<group>";
		};
		BCF6EBC9206EC7C50063D023 /* UpComingMoviesTests */ = {
			isa = PBXGroup;
			children = (
				51830CF422A4403C00BE346A /* Contracts */,
				51830CEE22A438B400BE346A /* MocksObjects */,
				BCF6EBCA206EC7C50063D023 /* UpComingMoviesTests.swift */,
				51830CE322A426E100BE346A /* UpComingListApiTests.swift */,
				516E3E7722AD6B270025F255 /* UpComingListViewModelTests.swift */,
				5177AD3E22B077E9005D20AC /* UpComingListCoordinatorTests.swift */,
				BCF6EBCC206EC7C50063D023 /* Info.plist */,
			);
			path = UpComingMoviesTests;
			sourceTree = "<group>";
		};
		BCF6EBD6206ECAC00063D023 /* UpCommingList */ = {
			isa = PBXGroup;
			children = (
				BCF6EBE2206ECB850063D023 /* Model */,
				51830CDE22A425D700BE346A /* Api */,
				51830CDC22A425A900BE346A /* ViewModel */,
				51830CDD22A425B400BE346A /* View */,
				BCF6EBDB206ECB0E0063D023 /* Cell's */,
				BCF6EBE3206ECB9C0063D023 /* Detail */,
			);
			path = UpCommingList;
			sourceTree = "<group>";
		};
		BCF6EBDB206ECB0E0063D023 /* Cell's */ = {
			isa = PBXGroup;
			children = (
				BCE2131A20719234000FFBDC /* ListMoviesCellModel.swift */,
				BCE213182071921D000FFBDC /* ListMoviesTableViewCell.swift */,
				BC1023EF2072F5D0005FF7C5 /* ListMoviesCell.xib */,
			);
			path = "Cell's";
			sourceTree = "<group>";
		};
		BCF6EBE2206ECB850063D023 /* Model */ = {
			isa = PBXGroup;
			children = (
				51830CE622A4286B00BE346A /* StatusErrorModelCodable.swift */,
				51830CE822A4290000BE346A /* PaginationModelCodable.swift */,
				51830CEA22A429C300BE346A /* MoviesModelCodable.swift */,
				51830CEC22A42AD200BE346A /* GenreModelCodable.swift */,
				51830CF222A4395B00BE346A /* MoviesDetailModelCodable.swift */,
				51830CE522A427F200BE346A /* Maps */,
			);
			path = Model;
			sourceTree = "<group>";
		};
		BCF6EBE3206ECB9C0063D023 /* Detail */ = {
			isa = PBXGroup;
			children = (
				BCE2131E20719DBD000FFBDC /* DetailUpCommingListViewModel.swift */,
				BCF6EBE4206ECBBF0063D023 /* DetailUpComingListTableViewController.swift */,
			);
			path = Detail;
			sourceTree = "<group>";
		};
		F1023C1222E10FD500602584 /* UpComingMoviesKIFTests */ = {
			isa = PBXGroup;
			children = (
				F1023C1B22E1103A00602584 /* IntegrationKIFTestCase.swift */,
				F1023C1322E10FD500602584 /* UpComingMoviesKIFTests.swift */,
				F1023C1522E10FD500602584 /* Info.plist */,
			);
			path = UpComingMoviesKIFTests;
			sourceTree = "<group>";
		};
/* End PBXGroup section */

/* Begin PBXNativeTarget section */
		51EE91AF2291A69B00BE0D03 /* SdkManagerTests */ = {
			isa = PBXNativeTarget;
			buildConfigurationList = 51EE91B72291A69B00BE0D03 /* Build configuration list for PBXNativeTarget "SdkManagerTests" */;
			buildPhases = (
				B01C1D572D1E3BA3045D7E5D /* [CP] Check Pods Manifest.lock */,
				51EE91AC2291A69B00BE0D03 /* Sources */,
				51EE91AD2291A69B00BE0D03 /* Frameworks */,
				51EE91AE2291A69B00BE0D03 /* Resources */,
			);
			buildRules = (
			);
			dependencies = (
				51EE91B62291A69B00BE0D03 /* PBXTargetDependency */,
			);
			name = SdkManagerTests;
			productName = SdkManagerTests;
			productReference = 51EE91B02291A69B00BE0D03 /* SdkManagerTests.xctest */;
			productType = "com.apple.product-type.bundle.unit-test";
		};
		BCF6EBAE206EC7C50063D023 /* UpComingMovies */ = {
			isa = PBXNativeTarget;
			buildConfigurationList = BCF6EBCF206EC7C50063D023 /* Build configuration list for PBXNativeTarget "UpComingMovies" */;
			buildPhases = (
				041733ED803D674595C33FF3 /* [CP] Check Pods Manifest.lock */,
				BCF6EBAB206EC7C50063D023 /* Sources */,
				BCF6EBAC206EC7C50063D023 /* Frameworks */,
				BCF6EBAD206EC7C50063D023 /* Resources */,
				51994EAE2290B3F100B4420D /* ShellScript */,
				DC02D25C6F12616C5AD0F19A /* [CP] Embed Pods Frameworks */,
				5102ABBC22E3D3430073A382 /* CopyFiles */,
				368E80922462328700270AEE /* Crashlytics */,
			);
			buildRules = (
			);
			dependencies = (
			);
			name = UpComingMovies;
			productName = UpComingMovies;
			productReference = BCF6EBAF206EC7C50063D023 /* UpComingMovies.app */;
			productType = "com.apple.product-type.application";
		};
		BCF6EBC5206EC7C50063D023 /* UpComingMoviesTests */ = {
			isa = PBXNativeTarget;
			buildConfigurationList = BCF6EBD2206EC7C50063D023 /* Build configuration list for PBXNativeTarget "UpComingMoviesTests" */;
			buildPhases = (
				F87581211E035727A3DF67DE /* [CP] Check Pods Manifest.lock */,
				BCF6EBC2206EC7C50063D023 /* Sources */,
				BCF6EBC3206EC7C50063D023 /* Frameworks */,
				BCF6EBC4206EC7C50063D023 /* Resources */,
				E1B0D0EBF6034B8032424182 /* [CP] Embed Pods Frameworks */,
			);
			buildRules = (
			);
			dependencies = (
				BCF6EBC8206EC7C50063D023 /* PBXTargetDependency */,
			);
			name = UpComingMoviesTests;
			productName = UpComingMoviesTests;
			productReference = BCF6EBC6206EC7C50063D023 /* UpComingMoviesTests.xctest */;
			productType = "com.apple.product-type.bundle.unit-test";
		};
		F1023C1022E10FD500602584 /* UpComingMoviesKIFTests */ = {
			isa = PBXNativeTarget;
			buildConfigurationList = F1023C1A22E10FD500602584 /* Build configuration list for PBXNativeTarget "UpComingMoviesKIFTests" */;
			buildPhases = (
				50E47BDF27A563DE70B1FD5C /* [CP] Check Pods Manifest.lock */,
				F1023C0D22E10FD500602584 /* Sources */,
				F1023C0E22E10FD500602584 /* Frameworks */,
				F1023C0F22E10FD500602584 /* Resources */,
				4F287EA87EE852B496EECB31 /* [CP] Embed Pods Frameworks */,
			);
			buildRules = (
			);
			dependencies = (
				F1023C1722E10FD500602584 /* PBXTargetDependency */,
			);
			name = UpComingMoviesKIFTests;
			productName = UpComingMoviesKIFTests;
			productReference = F1023C1122E10FD500602584 /* UpComingMoviesKIFTests.xctest */;
			productType = "com.apple.product-type.bundle.unit-test";
		};
/* End PBXNativeTarget section */

/* Begin PBXProject section */
		BCF6EBA7206EC7C50063D023 /* Project object */ = {
			isa = PBXProject;
			attributes = {
				LastSwiftUpdateCheck = 1020;
				LastUpgradeCheck = 1130;
				ORGANIZATIONNAME = FMMobile;
				TargetAttributes = {
					51EE91AF2291A69B00BE0D03 = {
						CreatedOnToolsVersion = 10.1;
						ProvisioningStyle = Automatic;
						TestTargetID = BCF6EBAE206EC7C50063D023;
					};
					BCF6EBAE206EC7C50063D023 = {
						CreatedOnToolsVersion = 9.2;
						LastSwiftMigration = 1010;
						ProvisioningStyle = Automatic;
					};
					BCF6EBC5206EC7C50063D023 = {
						CreatedOnToolsVersion = 9.2;
						LastSwiftMigration = 1010;
						ProvisioningStyle = Automatic;
						TestTargetID = BCF6EBAE206EC7C50063D023;
					};
					F1023C1022E10FD500602584 = {
						CreatedOnToolsVersion = 10.2.1;
						ProvisioningStyle = Automatic;
						TestTargetID = BCF6EBAE206EC7C50063D023;
					};
				};
			};
			buildConfigurationList = BCF6EBAA206EC7C50063D023 /* Build configuration list for PBXProject "UpComingMovies" */;
			compatibilityVersion = "Xcode 8.0";
			developmentRegion = en;
			hasScannedForEncodings = 0;
			knownRegions = (
				en,
				Base,
			);
			mainGroup = BCF6EBA6206EC7C50063D023;
			productRefGroup = BCF6EBB0206EC7C50063D023 /* Products */;
			projectDirPath = "";
			projectRoot = "";
			targets = (
				BCF6EBAE206EC7C50063D023 /* UpComingMovies */,
				BCF6EBC5206EC7C50063D023 /* UpComingMoviesTests */,
				51EE91AF2291A69B00BE0D03 /* SdkManagerTests */,
				F1023C1022E10FD500602584 /* UpComingMoviesKIFTests */,
			);
		};
/* End PBXProject section */

/* Begin PBXResourcesBuildPhase section */
		51EE91AE2291A69B00BE0D03 /* Resources */ = {
			isa = PBXResourcesBuildPhase;
			buildActionMask = 2147483647;
			files = (
			);
			runOnlyForDeploymentPostprocessing = 0;
		};
		BCF6EBAD206EC7C50063D023 /* Resources */ = {
			isa = PBXResourcesBuildPhase;
			buildActionMask = 2147483647;
			files = (
				51994EAD2290B06500B4420D /* .swiftlint.yml in Resources */,
				5106DFE922B6F0BB00CAE101 /* sonar-project.properties in Resources */,
				51994EAB2290AE1900B4420D /* GoogleService-Info.plist in Resources */,
				BCF6EBC0206EC7C50063D023 /* LaunchScreen.storyboard in Resources */,
				BCF6EBDA206ECB010063D023 /* UpComingListStoryboard.storyboard in Resources */,
				BCF6EBBD206EC7C50063D023 /* Assets.xcassets in Resources */,
				BC1023F02072F5D0005FF7C5 /* ListMoviesCell.xib in Resources */,
			);
			runOnlyForDeploymentPostprocessing = 0;
		};
		BCF6EBC4206EC7C50063D023 /* Resources */ = {
			isa = PBXResourcesBuildPhase;
			buildActionMask = 2147483647;
			files = (
				51830CFA22A4667700BE346A /* Genre.json in Resources */,
				51830CF622A4458300BE346A /* ListMovie.json in Resources */,
				51830CF822A464C300BE346A /* ListMovieRequired.json in Resources */,
				51830CFC22A4677800BE346A /* MovieDetail.json in Resources */,
			);
			runOnlyForDeploymentPostprocessing = 0;
		};
		F1023C0F22E10FD500602584 /* Resources */ = {
			isa = PBXResourcesBuildPhase;
			buildActionMask = 2147483647;
			files = (
			);
			runOnlyForDeploymentPostprocessing = 0;
		};
/* End PBXResourcesBuildPhase section */

/* Begin PBXShellScriptBuildPhase section */
		041733ED803D674595C33FF3 /* [CP] Check Pods Manifest.lock */ = {
			isa = PBXShellScriptBuildPhase;
			buildActionMask = 2147483647;
			files = (
			);
			inputFileListPaths = (
			);
			inputPaths = (
				"${PODS_PODFILE_DIR_PATH}/Podfile.lock",
				"${PODS_ROOT}/Manifest.lock",
			);
			name = "[CP] Check Pods Manifest.lock";
			outputFileListPaths = (
			);
			outputPaths = (
				"$(DERIVED_FILE_DIR)/Pods-UpComingMovies-checkManifestLockResult.txt",
			);
			runOnlyForDeploymentPostprocessing = 0;
			shellPath = /bin/sh;
			shellScript = "diff \"${PODS_PODFILE_DIR_PATH}/Podfile.lock\" \"${PODS_ROOT}/Manifest.lock\" > /dev/null\nif [ $? != 0 ] ; then\n    # print error to STDERR\n    echo \"error: The sandbox is not in sync with the Podfile.lock. Run 'pod install' or update your CocoaPods installation.\" >&2\n    exit 1\nfi\n# This output is used by Xcode 'outputs' to avoid re-running this script phase.\necho \"SUCCESS\" > \"${SCRIPT_OUTPUT_FILE_0}\"\n";
			showEnvVarsInLog = 0;
		};
		368E80922462328700270AEE /* Crashlytics */ = {
			isa = PBXShellScriptBuildPhase;
			buildActionMask = 2147483647;
			files = (
			);
			inputFileListPaths = (
			);
			inputPaths = (
			);
			name = Crashlytics;
			outputFileListPaths = (
			);
			outputPaths = (
			);
			runOnlyForDeploymentPostprocessing = 0;
			shellPath = /bin/sh;
			shellScript = "# Type a script or drag a script file from your workspace to insert its path.\n\"${PODS_ROOT}/Fabric/run\"\n";
		};
		4F287EA87EE852B496EECB31 /* [CP] Embed Pods Frameworks */ = {
			isa = PBXShellScriptBuildPhase;
			buildActionMask = 2147483647;
			files = (
			);
			inputPaths = (
				"${PODS_ROOT}/Target Support Files/Pods-UpComingMoviesKIFTests/Pods-UpComingMoviesKIFTests-frameworks.sh",
				"${BUILT_PRODUCTS_DIR}/Nimble/Nimble.framework",
				"${BUILT_PRODUCTS_DIR}/Quick/Quick.framework",
				"${BUILT_PRODUCTS_DIR}/KIF/KIF.framework",
			);
			name = "[CP] Embed Pods Frameworks";
			outputPaths = (
				"${TARGET_BUILD_DIR}/${FRAMEWORKS_FOLDER_PATH}/Nimble.framework",
				"${TARGET_BUILD_DIR}/${FRAMEWORKS_FOLDER_PATH}/Quick.framework",
				"${TARGET_BUILD_DIR}/${FRAMEWORKS_FOLDER_PATH}/KIF.framework",
			);
			runOnlyForDeploymentPostprocessing = 0;
			shellPath = /bin/sh;
			shellScript = "\"${PODS_ROOT}/Target Support Files/Pods-UpComingMoviesKIFTests/Pods-UpComingMoviesKIFTests-frameworks.sh\"\n";
			showEnvVarsInLog = 0;
		};
		50E47BDF27A563DE70B1FD5C /* [CP] Check Pods Manifest.lock */ = {
			isa = PBXShellScriptBuildPhase;
			buildActionMask = 2147483647;
			files = (
			);
			inputFileListPaths = (
			);
			inputPaths = (
				"${PODS_PODFILE_DIR_PATH}/Podfile.lock",
				"${PODS_ROOT}/Manifest.lock",
			);
			name = "[CP] Check Pods Manifest.lock";
			outputFileListPaths = (
			);
			outputPaths = (
				"$(DERIVED_FILE_DIR)/Pods-UpComingMoviesKIFTests-checkManifestLockResult.txt",
			);
			runOnlyForDeploymentPostprocessing = 0;
			shellPath = /bin/sh;
			shellScript = "diff \"${PODS_PODFILE_DIR_PATH}/Podfile.lock\" \"${PODS_ROOT}/Manifest.lock\" > /dev/null\nif [ $? != 0 ] ; then\n    # print error to STDERR\n    echo \"error: The sandbox is not in sync with the Podfile.lock. Run 'pod install' or update your CocoaPods installation.\" >&2\n    exit 1\nfi\n# This output is used by Xcode 'outputs' to avoid re-running this script phase.\necho \"SUCCESS\" > \"${SCRIPT_OUTPUT_FILE_0}\"\n";
			showEnvVarsInLog = 0;
		};
		51994EAE2290B3F100B4420D /* ShellScript */ = {
			isa = PBXShellScriptBuildPhase;
			buildActionMask = 2147483647;
			files = (
			);
			inputFileListPaths = (
			);
			inputPaths = (
			);
			outputFileListPaths = (
			);
			outputPaths = (
			);
			runOnlyForDeploymentPostprocessing = 0;
			shellPath = /bin/sh;
			shellScript = "# Type a script or drag a script file from your workspace to insert its path.\n\"${PODS_ROOT}/SwiftLint/swiftlint\"\n";
		};
		B01C1D572D1E3BA3045D7E5D /* [CP] Check Pods Manifest.lock */ = {
			isa = PBXShellScriptBuildPhase;
			buildActionMask = 2147483647;
			files = (
			);
			inputFileListPaths = (
			);
			inputPaths = (
				"${PODS_PODFILE_DIR_PATH}/Podfile.lock",
				"${PODS_ROOT}/Manifest.lock",
			);
			name = "[CP] Check Pods Manifest.lock";
			outputFileListPaths = (
			);
			outputPaths = (
				"$(DERIVED_FILE_DIR)/Pods-SdkManagerTests-checkManifestLockResult.txt",
			);
			runOnlyForDeploymentPostprocessing = 0;
			shellPath = /bin/sh;
			shellScript = "diff \"${PODS_PODFILE_DIR_PATH}/Podfile.lock\" \"${PODS_ROOT}/Manifest.lock\" > /dev/null\nif [ $? != 0 ] ; then\n    # print error to STDERR\n    echo \"error: The sandbox is not in sync with the Podfile.lock. Run 'pod install' or update your CocoaPods installation.\" >&2\n    exit 1\nfi\n# This output is used by Xcode 'outputs' to avoid re-running this script phase.\necho \"SUCCESS\" > \"${SCRIPT_OUTPUT_FILE_0}\"\n";
			showEnvVarsInLog = 0;
		};
		DC02D25C6F12616C5AD0F19A /* [CP] Embed Pods Frameworks */ = {
			isa = PBXShellScriptBuildPhase;
			buildActionMask = 2147483647;
			files = (
			);
			inputPaths = (
				"${PODS_ROOT}/Target Support Files/Pods-UpComingMovies/Pods-UpComingMovies-frameworks.sh",
				"${BUILT_PRODUCTS_DIR}/Alamofire/Alamofire.framework",
				"${BUILT_PRODUCTS_DIR}/AlamofireObjectMapper/AlamofireObjectMapper.framework",
				"${BUILT_PRODUCTS_DIR}/Differentiator/Differentiator.framework",
				"${BUILT_PRODUCTS_DIR}/GoogleUtilities/GoogleUtilities.framework",
				"${BUILT_PRODUCTS_DIR}/Kingfisher/Kingfisher.framework",
				"${BUILT_PRODUCTS_DIR}/OHHTTPStubs/OHHTTPStubs.framework",
				"${BUILT_PRODUCTS_DIR}/ObjectMapper/ObjectMapper.framework",
				"${BUILT_PRODUCTS_DIR}/PromisesObjC/FBLPromises.framework",
				"${BUILT_PRODUCTS_DIR}/RxCocoa/RxCocoa.framework",
				"${BUILT_PRODUCTS_DIR}/RxDataSources/RxDataSources.framework",
				"${BUILT_PRODUCTS_DIR}/RxSwift/RxSwift.framework",
				"${BUILT_PRODUCTS_DIR}/SVProgressHUD/SVProgressHUD.framework",
				"${BUILT_PRODUCTS_DIR}/UIScrollView-InfiniteScroll/UIScrollView_InfiniteScroll.framework",
				"${BUILT_PRODUCTS_DIR}/nanopb/nanopb.framework",
			);
			name = "[CP] Embed Pods Frameworks";
			outputPaths = (
				"${TARGET_BUILD_DIR}/${FRAMEWORKS_FOLDER_PATH}/Alamofire.framework",
				"${TARGET_BUILD_DIR}/${FRAMEWORKS_FOLDER_PATH}/AlamofireObjectMapper.framework",
				"${TARGET_BUILD_DIR}/${FRAMEWORKS_FOLDER_PATH}/Differentiator.framework",
				"${TARGET_BUILD_DIR}/${FRAMEWORKS_FOLDER_PATH}/GoogleUtilities.framework",
				"${TARGET_BUILD_DIR}/${FRAMEWORKS_FOLDER_PATH}/Kingfisher.framework",
				"${TARGET_BUILD_DIR}/${FRAMEWORKS_FOLDER_PATH}/OHHTTPStubs.framework",
				"${TARGET_BUILD_DIR}/${FRAMEWORKS_FOLDER_PATH}/ObjectMapper.framework",
				"${TARGET_BUILD_DIR}/${FRAMEWORKS_FOLDER_PATH}/FBLPromises.framework",
				"${TARGET_BUILD_DIR}/${FRAMEWORKS_FOLDER_PATH}/RxCocoa.framework",
				"${TARGET_BUILD_DIR}/${FRAMEWORKS_FOLDER_PATH}/RxDataSources.framework",
				"${TARGET_BUILD_DIR}/${FRAMEWORKS_FOLDER_PATH}/RxSwift.framework",
				"${TARGET_BUILD_DIR}/${FRAMEWORKS_FOLDER_PATH}/SVProgressHUD.framework",
				"${TARGET_BUILD_DIR}/${FRAMEWORKS_FOLDER_PATH}/UIScrollView_InfiniteScroll.framework",
				"${TARGET_BUILD_DIR}/${FRAMEWORKS_FOLDER_PATH}/nanopb.framework",
			);
			runOnlyForDeploymentPostprocessing = 0;
			shellPath = /bin/sh;
			shellScript = "\"${PODS_ROOT}/Target Support Files/Pods-UpComingMovies/Pods-UpComingMovies-frameworks.sh\"\n";
			showEnvVarsInLog = 0;
		};
		E1B0D0EBF6034B8032424182 /* [CP] Embed Pods Frameworks */ = {
			isa = PBXShellScriptBuildPhase;
			buildActionMask = 2147483647;
			files = (
			);
			inputPaths = (
				"${PODS_ROOT}/Target Support Files/Pods-UpComingMoviesTests/Pods-UpComingMoviesTests-frameworks.sh",
				"${BUILT_PRODUCTS_DIR}/Nimble/Nimble.framework",
				"${BUILT_PRODUCTS_DIR}/Quick/Quick.framework",
			);
			name = "[CP] Embed Pods Frameworks";
			outputPaths = (
				"${TARGET_BUILD_DIR}/${FRAMEWORKS_FOLDER_PATH}/Nimble.framework",
				"${TARGET_BUILD_DIR}/${FRAMEWORKS_FOLDER_PATH}/Quick.framework",
			);
			runOnlyForDeploymentPostprocessing = 0;
			shellPath = /bin/sh;
			shellScript = "\"${PODS_ROOT}/Target Support Files/Pods-UpComingMoviesTests/Pods-UpComingMoviesTests-frameworks.sh\"\n";
			showEnvVarsInLog = 0;
		};
		F87581211E035727A3DF67DE /* [CP] Check Pods Manifest.lock */ = {
			isa = PBXShellScriptBuildPhase;
			buildActionMask = 2147483647;
			files = (
			);
			inputFileListPaths = (
			);
			inputPaths = (
				"${PODS_PODFILE_DIR_PATH}/Podfile.lock",
				"${PODS_ROOT}/Manifest.lock",
			);
			name = "[CP] Check Pods Manifest.lock";
			outputFileListPaths = (
			);
			outputPaths = (
				"$(DERIVED_FILE_DIR)/Pods-UpComingMoviesTests-checkManifestLockResult.txt",
			);
			runOnlyForDeploymentPostprocessing = 0;
			shellPath = /bin/sh;
			shellScript = "diff \"${PODS_PODFILE_DIR_PATH}/Podfile.lock\" \"${PODS_ROOT}/Manifest.lock\" > /dev/null\nif [ $? != 0 ] ; then\n    # print error to STDERR\n    echo \"error: The sandbox is not in sync with the Podfile.lock. Run 'pod install' or update your CocoaPods installation.\" >&2\n    exit 1\nfi\n# This output is used by Xcode 'outputs' to avoid re-running this script phase.\necho \"SUCCESS\" > \"${SCRIPT_OUTPUT_FILE_0}\"\n";
			showEnvVarsInLog = 0;
		};
/* End PBXShellScriptBuildPhase section */

/* Begin PBXSourcesBuildPhase section */
		51EE91AC2291A69B00BE0D03 /* Sources */ = {
			isa = PBXSourcesBuildPhase;
			buildActionMask = 2147483647;
			files = (
				51EE91B32291A69B00BE0D03 /* SdkManagerTests.swift in Sources */,
			);
			runOnlyForDeploymentPostprocessing = 0;
		};
		BCF6EBAB206EC7C50063D023 /* Sources */ = {
			isa = PBXSourcesBuildPhase;
			buildActionMask = 2147483647;
			files = (
				5177AD3D22B073E3005D20AC /* UpCommingCoordinator.swift in Sources */,
				BCE2131D207199E1000FFBDC /* MoviesDetailModelMap.swift in Sources */,
				5177AD4322B07FAC005D20AC /* UpComingListViewModelRX.swift in Sources */,
				BCF6EBDF206ECB430063D023 /* UpComingListApiAlamo.swift in Sources */,
				BCF6EBE7206ECBF80063D023 /* PaginationModelMap.swift in Sources */,
				363215E62460DE6E00A0C7C7 /* UpcomingEndpoints.swift in Sources */,
				BCE2131B20719234000FFBDC /* ListMoviesCellModel.swift in Sources */,
				51830CF322A4395B00BE346A /* MoviesDetailModelCodable.swift in Sources */,
				BCE213192071921D000FFBDC /* ListMoviesTableViewCell.swift in Sources */,
				517290D722A739CE00D6C9A7 /* UpComingTableViewsDataSetProtocol.swift in Sources */,
				51830CE922A4290000BE346A /* PaginationModelCodable.swift in Sources */,
				BCE2131F20719DBD000FFBDC /* DetailUpCommingListViewModel.swift in Sources */,
				51830CE222A4269500BE346A /* UpComingListApi.swift in Sources */,
				51830CED22A42AD200BE346A /* GenreModelCodable.swift in Sources */,
				BCF6EBE1206ECB650063D023 /* MoviesModelMap.swift in Sources */,
				51830CEB22A429C300BE346A /* MoviesModelCodable.swift in Sources */,
				BCF6EBD8206ECAEA0063D023 /* UpComingListTableViewController.swift in Sources */,
				BCF6EBB3206EC7C50063D023 /* AppDelegate.swift in Sources */,
				51830CE722A4286B00BE346A /* StatusErrorModelCodable.swift in Sources */,
				BCE70824207452290015DAA3 /* ServerConfig.swift in Sources */,
				BCF6EBEB206EDE760063D023 /* GenreModelMap.swift in Sources */,
				5177AD4122B07D78005D20AC /* UpComingListRXTableViewController.swift in Sources */,
				BCF6EBBB206EC7C50063D023 /* UpComingMovies.xcdatamodeld in Sources */,
				BCF6EBE5206ECBBF0063D023 /* DetailUpComingListTableViewController.swift in Sources */,
				BCF6EBE9206EDBC00063D023 /* StatusModelMap.swift in Sources */,
				BCF6EBDD206ECB280063D023 /* UpComingListViewModel.swift in Sources */,
				51994EB12290B69900B4420D /* FirebaseSdk.swift in Sources */,
			);
			runOnlyForDeploymentPostprocessing = 0;
		};
		BCF6EBC2206EC7C50063D023 /* Sources */ = {
			isa = PBXSourcesBuildPhase;
			buildActionMask = 2147483647;
			files = (
				5177AD3F22B077E9005D20AC /* UpComingListCoordinatorTests.swift in Sources */,
				516E3E7822AD6B270025F255 /* UpComingListViewModelTests.swift in Sources */,
				BCF6EBCB206EC7C50063D023 /* UpComingMoviesTests.swift in Sources */,
				51830CF122A438D300BE346A /* MockPagination.swift in Sources */,
				51830CE422A426E100BE346A /* UpComingListApiTests.swift in Sources */,
			);
			runOnlyForDeploymentPostprocessing = 0;
		};
		F1023C0D22E10FD500602584 /* Sources */ = {
			isa = PBXSourcesBuildPhase;
			buildActionMask = 2147483647;
			files = (
				F1023C1C22E1103A00602584 /* IntegrationKIFTestCase.swift in Sources */,
				F1023C1422E10FD500602584 /* UpComingMoviesKIFTests.swift in Sources */,
			);
			runOnlyForDeploymentPostprocessing = 0;
		};
/* End PBXSourcesBuildPhase section */

/* Begin PBXTargetDependency section */
		51EE91B62291A69B00BE0D03 /* PBXTargetDependency */ = {
			isa = PBXTargetDependency;
			target = BCF6EBAE206EC7C50063D023 /* UpComingMovies */;
			targetProxy = 51EE91B52291A69B00BE0D03 /* PBXContainerItemProxy */;
		};
		BCF6EBC8206EC7C50063D023 /* PBXTargetDependency */ = {
			isa = PBXTargetDependency;
			target = BCF6EBAE206EC7C50063D023 /* UpComingMovies */;
			targetProxy = BCF6EBC7206EC7C50063D023 /* PBXContainerItemProxy */;
		};
		F1023C1722E10FD500602584 /* PBXTargetDependency */ = {
			isa = PBXTargetDependency;
			target = BCF6EBAE206EC7C50063D023 /* UpComingMovies */;
			targetProxy = F1023C1622E10FD500602584 /* PBXContainerItemProxy */;
		};
/* End PBXTargetDependency section */

/* Begin PBXVariantGroup section */
		BCF6EBBE206EC7C50063D023 /* LaunchScreen.storyboard */ = {
			isa = PBXVariantGroup;
			children = (
				BCF6EBBF206EC7C50063D023 /* Base */,
			);
			name = LaunchScreen.storyboard;
			sourceTree = "<group>";
		};
/* End PBXVariantGroup section */

/* Begin XCBuildConfiguration section */
		51EE91B82291A69B00BE0D03 /* Debug */ = {
			isa = XCBuildConfiguration;
			baseConfigurationReference = 88F73D1E0146EADE5DAF2A35 /* Pods-SdkManagerTests.debug.xcconfig */;
			buildSettings = {
				BUNDLE_LOADER = "$(TEST_HOST)";
				CLANG_ENABLE_OBJC_WEAK = YES;
				CLANG_WARN_DEPRECATED_OBJC_IMPLEMENTATIONS = YES;
				CLANG_WARN_OBJC_IMPLICIT_RETAIN_SELF = YES;
				CODE_SIGN_STYLE = Automatic;
				DEVELOPMENT_TEAM = 9YZYY9PGW5;
				INFOPLIST_FILE = SdkManagerTests/Info.plist;
				IPHONEOS_DEPLOYMENT_TARGET = 12.1;
				LD_RUNPATH_SEARCH_PATHS = "$(inherited) @executable_path/Frameworks @loader_path/Frameworks";
				MTL_ENABLE_DEBUG_INFO = INCLUDE_SOURCE;
				MTL_FAST_MATH = YES;
				PRODUCT_BUNDLE_IDENTIFIER = br.com.fmmobile.SdkManagerTests;
				PRODUCT_NAME = "$(TARGET_NAME)";
				SWIFT_VERSION = 5.0;
				TARGETED_DEVICE_FAMILY = "1,2";
				TEST_HOST = "$(BUILT_PRODUCTS_DIR)/UpComingMovies.app/UpComingMovies";
			};
			name = Debug;
		};
		51EE91B92291A69B00BE0D03 /* Release */ = {
			isa = XCBuildConfiguration;
			baseConfigurationReference = 7764EA1508688B4BE55B1D96 /* Pods-SdkManagerTests.release.xcconfig */;
			buildSettings = {
				BUNDLE_LOADER = "$(TEST_HOST)";
				CLANG_ENABLE_OBJC_WEAK = YES;
				CLANG_WARN_DEPRECATED_OBJC_IMPLEMENTATIONS = YES;
				CLANG_WARN_OBJC_IMPLICIT_RETAIN_SELF = YES;
				CODE_SIGN_STYLE = Automatic;
				DEVELOPMENT_TEAM = 9YZYY9PGW5;
				INFOPLIST_FILE = SdkManagerTests/Info.plist;
				IPHONEOS_DEPLOYMENT_TARGET = 12.1;
				LD_RUNPATH_SEARCH_PATHS = "$(inherited) @executable_path/Frameworks @loader_path/Frameworks";
				MTL_FAST_MATH = YES;
				PRODUCT_BUNDLE_IDENTIFIER = br.com.fmmobile.SdkManagerTests;
				PRODUCT_NAME = "$(TARGET_NAME)";
				SWIFT_VERSION = 5.0;
				TARGETED_DEVICE_FAMILY = "1,2";
				TEST_HOST = "$(BUILT_PRODUCTS_DIR)/UpComingMovies.app/UpComingMovies";
			};
			name = Release;
		};
		BCF6EBCD206EC7C50063D023 /* Debug */ = {
			isa = XCBuildConfiguration;
			buildSettings = {
				ALWAYS_SEARCH_USER_PATHS = NO;
				CLANG_ANALYZER_NONNULL = YES;
				CLANG_ANALYZER_NUMBER_OBJECT_CONVERSION = YES_AGGRESSIVE;
				CLANG_CXX_LANGUAGE_STANDARD = "gnu++14";
				CLANG_CXX_LIBRARY = "libc++";
				CLANG_ENABLE_MODULES = YES;
				CLANG_ENABLE_OBJC_ARC = YES;
				CLANG_WARN_BLOCK_CAPTURE_AUTORELEASING = YES;
				CLANG_WARN_BOOL_CONVERSION = YES;
				CLANG_WARN_COMMA = YES;
				CLANG_WARN_CONSTANT_CONVERSION = YES;
				CLANG_WARN_DEPRECATED_OBJC_IMPLEMENTATIONS = YES;
				CLANG_WARN_DIRECT_OBJC_ISA_USAGE = YES_ERROR;
				CLANG_WARN_DOCUMENTATION_COMMENTS = YES;
				CLANG_WARN_EMPTY_BODY = YES;
				CLANG_WARN_ENUM_CONVERSION = YES;
				CLANG_WARN_INFINITE_RECURSION = YES;
				CLANG_WARN_INT_CONVERSION = YES;
				CLANG_WARN_NON_LITERAL_NULL_CONVERSION = YES;
				CLANG_WARN_OBJC_IMPLICIT_RETAIN_SELF = YES;
				CLANG_WARN_OBJC_LITERAL_CONVERSION = YES;
				CLANG_WARN_OBJC_ROOT_CLASS = YES_ERROR;
				CLANG_WARN_RANGE_LOOP_ANALYSIS = YES;
				CLANG_WARN_STRICT_PROTOTYPES = YES;
				CLANG_WARN_SUSPICIOUS_MOVE = YES;
				CLANG_WARN_UNGUARDED_AVAILABILITY = YES_AGGRESSIVE;
				CLANG_WARN_UNREACHABLE_CODE = YES;
				CLANG_WARN__DUPLICATE_METHOD_MATCH = YES;
				CODE_SIGN_IDENTITY = "iPhone Developer";
				COPY_PHASE_STRIP = NO;
				DEBUG_INFORMATION_FORMAT = dwarf;
				ENABLE_STRICT_OBJC_MSGSEND = YES;
				ENABLE_TESTABILITY = YES;
				GCC_C_LANGUAGE_STANDARD = gnu11;
				GCC_DYNAMIC_NO_PIC = NO;
				GCC_NO_COMMON_BLOCKS = YES;
				GCC_OPTIMIZATION_LEVEL = 0;
				GCC_PREPROCESSOR_DEFINITIONS = (
					"DEBUG=1",
					"$(inherited)",
				);
				GCC_WARN_64_TO_32_BIT_CONVERSION = YES;
				GCC_WARN_ABOUT_RETURN_TYPE = YES_ERROR;
				GCC_WARN_UNDECLARED_SELECTOR = YES;
				GCC_WARN_UNINITIALIZED_AUTOS = YES_AGGRESSIVE;
				GCC_WARN_UNUSED_FUNCTION = YES;
				GCC_WARN_UNUSED_VARIABLE = YES;
				IPHONEOS_DEPLOYMENT_TARGET = 11.2;
				MTL_ENABLE_DEBUG_INFO = YES;
				ONLY_ACTIVE_ARCH = YES;
				SDKROOT = iphoneos;
				SWIFT_ACTIVE_COMPILATION_CONDITIONS = DEBUG;
				SWIFT_OPTIMIZATION_LEVEL = "-Onone";
				SWIFT_VERSION = 5.0;
			};
			name = Debug;
		};
		BCF6EBCE206EC7C50063D023 /* Release */ = {
			isa = XCBuildConfiguration;
			buildSettings = {
				ALWAYS_SEARCH_USER_PATHS = NO;
				CLANG_ANALYZER_NONNULL = YES;
				CLANG_ANALYZER_NUMBER_OBJECT_CONVERSION = YES_AGGRESSIVE;
				CLANG_CXX_LANGUAGE_STANDARD = "gnu++14";
				CLANG_CXX_LIBRARY = "libc++";
				CLANG_ENABLE_MODULES = YES;
				CLANG_ENABLE_OBJC_ARC = YES;
				CLANG_WARN_BLOCK_CAPTURE_AUTORELEASING = YES;
				CLANG_WARN_BOOL_CONVERSION = YES;
				CLANG_WARN_COMMA = YES;
				CLANG_WARN_CONSTANT_CONVERSION = YES;
				CLANG_WARN_DEPRECATED_OBJC_IMPLEMENTATIONS = YES;
				CLANG_WARN_DIRECT_OBJC_ISA_USAGE = YES_ERROR;
				CLANG_WARN_DOCUMENTATION_COMMENTS = YES;
				CLANG_WARN_EMPTY_BODY = YES;
				CLANG_WARN_ENUM_CONVERSION = YES;
				CLANG_WARN_INFINITE_RECURSION = YES;
				CLANG_WARN_INT_CONVERSION = YES;
				CLANG_WARN_NON_LITERAL_NULL_CONVERSION = YES;
				CLANG_WARN_OBJC_IMPLICIT_RETAIN_SELF = YES;
				CLANG_WARN_OBJC_LITERAL_CONVERSION = YES;
				CLANG_WARN_OBJC_ROOT_CLASS = YES_ERROR;
				CLANG_WARN_RANGE_LOOP_ANALYSIS = YES;
				CLANG_WARN_STRICT_PROTOTYPES = YES;
				CLANG_WARN_SUSPICIOUS_MOVE = YES;
				CLANG_WARN_UNGUARDED_AVAILABILITY = YES_AGGRESSIVE;
				CLANG_WARN_UNREACHABLE_CODE = YES;
				CLANG_WARN__DUPLICATE_METHOD_MATCH = YES;
				CODE_SIGN_IDENTITY = "iPhone Developer";
				COPY_PHASE_STRIP = NO;
				DEBUG_INFORMATION_FORMAT = "dwarf-with-dsym";
				ENABLE_NS_ASSERTIONS = NO;
				ENABLE_STRICT_OBJC_MSGSEND = YES;
				GCC_C_LANGUAGE_STANDARD = gnu11;
				GCC_NO_COMMON_BLOCKS = YES;
				GCC_WARN_64_TO_32_BIT_CONVERSION = YES;
				GCC_WARN_ABOUT_RETURN_TYPE = YES_ERROR;
				GCC_WARN_UNDECLARED_SELECTOR = YES;
				GCC_WARN_UNINITIALIZED_AUTOS = YES_AGGRESSIVE;
				GCC_WARN_UNUSED_FUNCTION = YES;
				GCC_WARN_UNUSED_VARIABLE = YES;
				IPHONEOS_DEPLOYMENT_TARGET = 11.2;
				MTL_ENABLE_DEBUG_INFO = NO;
				SDKROOT = iphoneos;
				SWIFT_OPTIMIZATION_LEVEL = "-Owholemodule";
				SWIFT_VERSION = 5.0;
				VALIDATE_PRODUCT = YES;
			};
			name = Release;
		};
		BCF6EBD0206EC7C50063D023 /* Debug */ = {
			isa = XCBuildConfiguration;
			baseConfigurationReference = DCC227B11BA34A983FD63479 /* Pods-UpComingMovies.debug.xcconfig */;
			buildSettings = {
				ASSETCATALOG_COMPILER_APPICON_NAME = AppIcon;
				CLANG_ENABLE_MODULES = YES;
				CODE_SIGN_STYLE = Automatic;
				DEVELOPMENT_TEAM = 9YZYY9PGW5;
				INFOPLIST_FILE = UpComingMovies/Info.plist;
				IPHONEOS_DEPLOYMENT_TARGET = 10.3;
				LD_RUNPATH_SEARCH_PATHS = "$(inherited) @executable_path/Frameworks";
				PRODUCT_BUNDLE_IDENTIFIER = br.com.fmmobile.UpComingMovies;
				PRODUCT_NAME = "$(TARGET_NAME)";
				SWIFT_OBJC_BRIDGING_HEADER = "UpComingMovies/UpComingMovies-Bridging-Header.h";
				SWIFT_OPTIMIZATION_LEVEL = "-Onone";
				SWIFT_VERSION = 5.0;
				TARGETED_DEVICE_FAMILY = "1,2";
			};
			name = Debug;
		};
		BCF6EBD1206EC7C50063D023 /* Release */ = {
			isa = XCBuildConfiguration;
			baseConfigurationReference = 2A642476B5BE6DB4273610F8 /* Pods-UpComingMovies.release.xcconfig */;
			buildSettings = {
				ASSETCATALOG_COMPILER_APPICON_NAME = AppIcon;
				CLANG_ENABLE_MODULES = YES;
				CODE_SIGN_STYLE = Automatic;
				DEVELOPMENT_TEAM = 9YZYY9PGW5;
				INFOPLIST_FILE = UpComingMovies/Info.plist;
				IPHONEOS_DEPLOYMENT_TARGET = 10.3;
				LD_RUNPATH_SEARCH_PATHS = "$(inherited) @executable_path/Frameworks";
				PRODUCT_BUNDLE_IDENTIFIER = br.com.fmmobile.UpComingMovies;
				PRODUCT_NAME = "$(TARGET_NAME)";
				SWIFT_OBJC_BRIDGING_HEADER = "UpComingMovies/UpComingMovies-Bridging-Header.h";
				SWIFT_VERSION = 5.0;
				TARGETED_DEVICE_FAMILY = "1,2";
			};
			name = Release;
		};
		BCF6EBD3206EC7C50063D023 /* Debug */ = {
			isa = XCBuildConfiguration;
			baseConfigurationReference = 258DC8DB9849A1C221E28BB2 /* Pods-UpComingMoviesTests.debug.xcconfig */;
			buildSettings = {
				ALWAYS_EMBED_SWIFT_STANDARD_LIBRARIES = YES;
				BUNDLE_LOADER = "$(TEST_HOST)";
				CODE_SIGN_STYLE = Automatic;
				DEVELOPMENT_TEAM = 9YZYY9PGW5;
				INFOPLIST_FILE = UpComingMoviesTests/Info.plist;
				LD_RUNPATH_SEARCH_PATHS = "$(inherited) @executable_path/Frameworks @loader_path/Frameworks";
				PRODUCT_BUNDLE_IDENTIFIER = br.com.fmmobile.UpComingMoviesTests;
				PRODUCT_NAME = "$(TARGET_NAME)";
				SWIFT_VERSION = 5.0;
				TARGETED_DEVICE_FAMILY = "1,2";
				TEST_HOST = "$(BUILT_PRODUCTS_DIR)/UpComingMovies.app/UpComingMovies";
			};
			name = Debug;
		};
		BCF6EBD4206EC7C50063D023 /* Release */ = {
			isa = XCBuildConfiguration;
			baseConfigurationReference = 76B660CD9C0B23712883E6E2 /* Pods-UpComingMoviesTests.release.xcconfig */;
			buildSettings = {
				ALWAYS_EMBED_SWIFT_STANDARD_LIBRARIES = YES;
				BUNDLE_LOADER = "$(TEST_HOST)";
				CODE_SIGN_STYLE = Automatic;
				DEVELOPMENT_TEAM = 9YZYY9PGW5;
				INFOPLIST_FILE = UpComingMoviesTests/Info.plist;
				LD_RUNPATH_SEARCH_PATHS = "$(inherited) @executable_path/Frameworks @loader_path/Frameworks";
				PRODUCT_BUNDLE_IDENTIFIER = br.com.fmmobile.UpComingMoviesTests;
				PRODUCT_NAME = "$(TARGET_NAME)";
				SWIFT_VERSION = 5.0;
				TARGETED_DEVICE_FAMILY = "1,2";
				TEST_HOST = "$(BUILT_PRODUCTS_DIR)/UpComingMovies.app/UpComingMovies";
			};
			name = Release;
		};
		F1023C1822E10FD500602584 /* Debug */ = {
			isa = XCBuildConfiguration;
			baseConfigurationReference = EBF16F331E12692C62017314 /* Pods-UpComingMoviesKIFTests.debug.xcconfig */;
			buildSettings = {
				BUNDLE_LOADER = "$(TEST_HOST)";
				CLANG_ENABLE_OBJC_WEAK = YES;
				CLANG_WARN_DEPRECATED_OBJC_IMPLEMENTATIONS = YES;
				CLANG_WARN_OBJC_IMPLICIT_RETAIN_SELF = YES;
				CODE_SIGN_STYLE = Automatic;
				DEVELOPMENT_TEAM = 9YZYY9PGW5;
				INFOPLIST_FILE = UpComingMoviesKIFTests/Info.plist;
				IPHONEOS_DEPLOYMENT_TARGET = 12.2;
				LD_RUNPATH_SEARCH_PATHS = "$(inherited) @executable_path/Frameworks @loader_path/Frameworks";
				MTL_ENABLE_DEBUG_INFO = INCLUDE_SOURCE;
				MTL_FAST_MATH = YES;
				PRODUCT_BUNDLE_IDENTIFIER = br.com.fmmobile.UpComingMoviesKIFTests;
				PRODUCT_NAME = "$(TARGET_NAME)";
				SWIFT_VERSION = 5.0;
				TARGETED_DEVICE_FAMILY = "1,2";
				TEST_HOST = "$(BUILT_PRODUCTS_DIR)/UpComingMovies.app/UpComingMovies";
			};
			name = Debug;
		};
		F1023C1922E10FD500602584 /* Release */ = {
			isa = XCBuildConfiguration;
			baseConfigurationReference = 60D27D8C289481AA48DB50EB /* Pods-UpComingMoviesKIFTests.release.xcconfig */;
			buildSettings = {
				BUNDLE_LOADER = "$(TEST_HOST)";
				CLANG_ENABLE_OBJC_WEAK = YES;
				CLANG_WARN_DEPRECATED_OBJC_IMPLEMENTATIONS = YES;
				CLANG_WARN_OBJC_IMPLICIT_RETAIN_SELF = YES;
				CODE_SIGN_STYLE = Automatic;
				DEVELOPMENT_TEAM = 9YZYY9PGW5;
				INFOPLIST_FILE = UpComingMoviesKIFTests/Info.plist;
				IPHONEOS_DEPLOYMENT_TARGET = 12.2;
				LD_RUNPATH_SEARCH_PATHS = "$(inherited) @executable_path/Frameworks @loader_path/Frameworks";
				MTL_FAST_MATH = YES;
				PRODUCT_BUNDLE_IDENTIFIER = br.com.fmmobile.UpComingMoviesKIFTests;
				PRODUCT_NAME = "$(TARGET_NAME)";
				SWIFT_VERSION = 5.0;
				TARGETED_DEVICE_FAMILY = "1,2";
				TEST_HOST = "$(BUILT_PRODUCTS_DIR)/UpComingMovies.app/UpComingMovies";
			};
			name = Release;
		};
/* End XCBuildConfiguration section */

/* Begin XCConfigurationList section */
		51EE91B72291A69B00BE0D03 /* Build configuration list for PBXNativeTarget "SdkManagerTests" */ = {
			isa = XCConfigurationList;
			buildConfigurations = (
				51EE91B82291A69B00BE0D03 /* Debug */,
				51EE91B92291A69B00BE0D03 /* Release */,
			);
			defaultConfigurationIsVisible = 0;
			defaultConfigurationName = Release;
		};
		BCF6EBAA206EC7C50063D023 /* Build configuration list for PBXProject "UpComingMovies" */ = {
			isa = XCConfigurationList;
			buildConfigurations = (
				BCF6EBCD206EC7C50063D023 /* Debug */,
				BCF6EBCE206EC7C50063D023 /* Release */,
			);
			defaultConfigurationIsVisible = 0;
			defaultConfigurationName = Release;
		};
		BCF6EBCF206EC7C50063D023 /* Build configuration list for PBXNativeTarget "UpComingMovies" */ = {
			isa = XCConfigurationList;
			buildConfigurations = (
				BCF6EBD0206EC7C50063D023 /* Debug */,
				BCF6EBD1206EC7C50063D023 /* Release */,
			);
			defaultConfigurationIsVisible = 0;
			defaultConfigurationName = Release;
		};
		BCF6EBD2206EC7C50063D023 /* Build configuration list for PBXNativeTarget "UpComingMoviesTests" */ = {
			isa = XCConfigurationList;
			buildConfigurations = (
				BCF6EBD3206EC7C50063D023 /* Debug */,
				BCF6EBD4206EC7C50063D023 /* Release */,
			);
			defaultConfigurationIsVisible = 0;
			defaultConfigurationName = Release;
		};
		F1023C1A22E10FD500602584 /* Build configuration list for PBXNativeTarget "UpComingMoviesKIFTests" */ = {
			isa = XCConfigurationList;
			buildConfigurations = (
				F1023C1822E10FD500602584 /* Debug */,
				F1023C1922E10FD500602584 /* Release */,
			);
			defaultConfigurationIsVisible = 0;
			defaultConfigurationName = Release;
		};
/* End XCConfigurationList section */

/* Begin XCVersionGroup section */
		BCF6EBB9206EC7C50063D023 /* UpComingMovies.xcdatamodeld */ = {
			isa = XCVersionGroup;
			children = (
				BCF6EBBA206EC7C50063D023 /* UpComingMovies.xcdatamodel */,
			);
			currentVersion = BCF6EBBA206EC7C50063D023 /* UpComingMovies.xcdatamodel */;
			path = UpComingMovies.xcdatamodeld;
			sourceTree = "<group>";
			versionGroupType = wrapper.xcdatamodel;
		};
/* End XCVersionGroup section */
	};
	rootObject = BCF6EBA7206EC7C50063D023 /* Project object */;
}
