// !$*UTF8*$!
{
	archiveVersion = 1;
	classes = {
	};
	objectVersion = 52;
	objects = {

/* Begin PBXBuildFile section */
		363215E62460DE6E00A0C7C7 /* UpcomingEndpoints.swift in Sources */ = {isa = PBXBuildFile; fileRef = 363215E52460DE6E00A0C7C7 /* UpcomingEndpoints.swift */; };
		364D370524734B4500C5F22D /* UIViewController+Extensions.swift in Sources */ = {isa = PBXBuildFile; fileRef = 364D370424734B4500C5F22D /* UIViewController+Extensions.swift */; };
		36898CC42475824800C1043A /* AppCoordinator.swift in Sources */ = {isa = PBXBuildFile; fileRef = 36898CC32475824800C1043A /* AppCoordinator.swift */; };
		36B00B062471DAE600E2DB5D /* AppStoryboard.swift in Sources */ = {isa = PBXBuildFile; fileRef = 36B00B052471DAE600E2DB5D /* AppStoryboard.swift */; };
		5106DFE922B6F0BB00CAE101 /* sonar-project.properties in Resources */ = {isa = PBXBuildFile; fileRef = 5106DFE822B6F0BB00CAE101 /* sonar-project.properties */; };
		516E3E7822AD6B270025F255 /* UpComingListViewModelTests.swift in Sources */ = {isa = PBXBuildFile; fileRef = 516E3E7722AD6B270025F255 /* UpComingListViewModelTests.swift */; };
		517290D722A739CE00D6C9A7 /* UpComingTableViewsDataSetProtocol.swift in Sources */ = {isa = PBXBuildFile; fileRef = 517290D622A739CE00D6C9A7 /* UpComingTableViewsDataSetProtocol.swift */; };
		5177AD3D22B073E3005D20AC /* UpCommingCoordinator.swift in Sources */ = {isa = PBXBuildFile; fileRef = 5177AD3C22B073E3005D20AC /* UpCommingCoordinator.swift */; };
		5177AD3F22B077E9005D20AC /* UpComingListCoordinatorTests.swift in Sources */ = {isa = PBXBuildFile; fileRef = 5177AD3E22B077E9005D20AC /* UpComingListCoordinatorTests.swift */; };
		5177AD4122B07D78005D20AC /* UpComingListRXTableViewController.swift in Sources */ = {isa = PBXBuildFile; fileRef = 5177AD4022B07D78005D20AC /* UpComingListRXTableViewController.swift */; };
		5177AD4322B07FAC005D20AC /* UpComingListViewModelRX.swift in Sources */ = {isa = PBXBuildFile; fileRef = 5177AD4222B07FAC005D20AC /* UpComingListViewModelRX.swift */; };
		51830CE222A4269500BE346A /* UpComingListApi.swift in Sources */ = {isa = PBXBuildFile; fileRef = 51830CE122A4269500BE346A /* UpComingListApi.swift */; };
		51830CE422A426E100BE346A /* UpComingListApiTests.swift in Sources */ = {isa = PBXBuildFile; fileRef = 51830CE322A426E100BE346A /* UpComingListApiTests.swift */; };
		51830CE722A4286B00BE346A /* StatusErrorModelCodable.swift in Sources */ = {isa = PBXBuildFile; fileRef = 51830CE622A4286B00BE346A /* StatusErrorModelCodable.swift */; };
		51830CE922A4290000BE346A /* PaginationModelCodable.swift in Sources */ = {isa = PBXBuildFile; fileRef = 51830CE822A4290000BE346A /* PaginationModelCodable.swift */; };
		51830CEB22A429C300BE346A /* MoviesModelCodable.swift in Sources */ = {isa = PBXBuildFile; fileRef = 51830CEA22A429C300BE346A /* MoviesModelCodable.swift */; };
		51830CED22A42AD200BE346A /* GenreModelCodable.swift in Sources */ = {isa = PBXBuildFile; fileRef = 51830CEC22A42AD200BE346A /* GenreModelCodable.swift */; };
		51830CF122A438D300BE346A /* MockPagination.swift in Sources */ = {isa = PBXBuildFile; fileRef = 51830CF022A438D300BE346A /* MockPagination.swift */; };
		51830CF322A4395B00BE346A /* MoviesDetailModelCodable.swift in Sources */ = {isa = PBXBuildFile; fileRef = 51830CF222A4395B00BE346A /* MoviesDetailModelCodable.swift */; };
		51830CF622A4458300BE346A /* ListMovie.json in Resources */ = {isa = PBXBuildFile; fileRef = 51830CF522A4405900BE346A /* ListMovie.json */; };
		51830CF822A464C300BE346A /* ListMovieRequired.json in Resources */ = {isa = PBXBuildFile; fileRef = 51830CF722A464C300BE346A /* ListMovieRequired.json */; };
		51830CFA22A4667700BE346A /* Genre.json in Resources */ = {isa = PBXBuildFile; fileRef = 51830CF922A4667600BE346A /* Genre.json */; };
		51830CFC22A4677800BE346A /* MovieDetail.json in Resources */ = {isa = PBXBuildFile; fileRef = 51830CFB22A4677800BE346A /* MovieDetail.json */; };
		51994EAD2290B06500B4420D /* .swiftlint.yml in Resources */ = {isa = PBXBuildFile; fileRef = 51994EAC2290B06500B4420D /* .swiftlint.yml */; };
		51994EB12290B69900B4420D /* FirebaseSdk.swift in Sources */ = {isa = PBXBuildFile; fileRef = 51994EB02290B69900B4420D /* FirebaseSdk.swift */; };
		70A86794D35641A13298523D /* Pods_UpComingMoviesKIFTests.framework in Frameworks */ = {isa = PBXBuildFile; fileRef = F4BAD83B8DCB7906065A9B14 /* Pods_UpComingMoviesKIFTests.framework */; };
		97DC708629D5D471A139F4A9 /* Pods_UpComingMovies.framework in Frameworks */ = {isa = PBXBuildFile; fileRef = EB04C85D0D6EC556D9D26A37 /* Pods_UpComingMovies.framework */; };
		BC075EE527CAD76700BFA6CE /* ListMoviesTableViewCellViewCode.swift in Sources */ = {isa = PBXBuildFile; fileRef = BC075EE427CAD76700BFA6CE /* ListMoviesTableViewCellViewCode.swift */; };
		BC1023F02072F5D0005FF7C5 /* ListMoviesCell.xib in Resources */ = {isa = PBXBuildFile; fileRef = BC1023EF2072F5D0005FF7C5 /* ListMoviesCell.xib */; };
		BC1F470927C6FE4D00E48743 /* ViewCodeProtocol.swift in Sources */ = {isa = PBXBuildFile; fileRef = BC1F470827C6FE4D00E48743 /* ViewCodeProtocol.swift */; };
		BC5401C6279F53B200D44BEA /* PreviewData.swift in Sources */ = {isa = PBXBuildFile; fileRef = BC5401C5279F53B200D44BEA /* PreviewData.swift */; };
		BC5401C8279F576600D44BEA /* Genre.json in Resources */ = {isa = PBXBuildFile; fileRef = 51830CF922A4667600BE346A /* Genre.json */; };
		BC5401C9279F576A00D44BEA /* MovieDetail.json in Resources */ = {isa = PBXBuildFile; fileRef = 51830CFB22A4677800BE346A /* MovieDetail.json */; };
		BC5401CA279F580700D44BEA /* ListMovie.json in Resources */ = {isa = PBXBuildFile; fileRef = 51830CF522A4405900BE346A /* ListMovie.json */; };
		BC5401CC279F5B3000D44BEA /* ListMoviesUI.swift in Sources */ = {isa = PBXBuildFile; fileRef = BC5401CB279F5B3000D44BEA /* ListMoviesUI.swift */; };
		BC56BF1A27D190A2004E2F56 /* UpcomingMoviesApi.xcframework in Frameworks */ = {isa = PBXBuildFile; fileRef = 365A14EF24840C09008C7BD6 /* UpcomingMoviesApi.xcframework */; };
		BC56BF1B27D190A2004E2F56 /* UpcomingMoviesApi.xcframework in Embed Frameworks */ = {isa = PBXBuildFile; fileRef = 365A14EF24840C09008C7BD6 /* UpcomingMoviesApi.xcframework */; settings = {ATTRIBUTES = (RemoveHeadersOnCopy, ); }; };
		BC56BF1E27D19302004E2F56 /* GoogleService-Info.plist in Resources */ = {isa = PBXBuildFile; fileRef = BC56BF1D27D19302004E2F56 /* GoogleService-Info.plist */; };
		BC5A4EDF27D3EFBB00C9CB8D /* UpComingMoviesUITests.swift in Sources */ = {isa = PBXBuildFile; fileRef = BC5A4EDE27D3EFBB00C9CB8D /* UpComingMoviesUITests.swift */; };
		BC5A4EE127D3EFBB00C9CB8D /* UpComingMoviesUITestsLaunchTests.swift in Sources */ = {isa = PBXBuildFile; fileRef = BC5A4EE027D3EFBB00C9CB8D /* UpComingMoviesUITestsLaunchTests.swift */; };
		BC7AA96827A747EC009FEF0F /* ImageLoaderView.swift in Sources */ = {isa = PBXBuildFile; fileRef = BC7AA96727A747EC009FEF0F /* ImageLoaderView.swift */; };
		BC8720B0279DA72E003D20C4 /* AppTheme.swift in Sources */ = {isa = PBXBuildFile; fileRef = BC8720AF279DA72E003D20C4 /* AppTheme.swift */; };
		BC8AD52C27A9F73A006DBD01 /* StarButton.swift in Sources */ = {isa = PBXBuildFile; fileRef = BC8AD52B27A9F73A006DBD01 /* StarButton.swift */; };
		BC8AD52E27A9FA34006DBD01 /* EnviromentData.swift in Sources */ = {isa = PBXBuildFile; fileRef = BC8AD52D27A9FA34006DBD01 /* EnviromentData.swift */; };
		BCA0105F27A07FAF0020334E /* DetailMovieUI.swift in Sources */ = {isa = PBXBuildFile; fileRef = BCA0105E27A07FAF0020334E /* DetailMovieUI.swift */; };
		BCA0106127A0952A0020334E /* HostingController.swift in Sources */ = {isa = PBXBuildFile; fileRef = BCA0106027A0952A0020334E /* HostingController.swift */; };
		BCA0106327A09D310020334E /* UpCommingCoordinatorHosting.swift in Sources */ = {isa = PBXBuildFile; fileRef = BCA0106227A09D310020334E /* UpCommingCoordinatorHosting.swift */; };
		BCCFA5C4279EFB2700E0806A /* MovieRowUI.swift in Sources */ = {isa = PBXBuildFile; fileRef = BCCFA5C3279EFB2700E0806A /* MovieRowUI.swift */; };
		BCE213192071921D000FFBDC /* ListMoviesTableViewCell.swift in Sources */ = {isa = PBXBuildFile; fileRef = BCE213182071921D000FFBDC /* ListMoviesTableViewCell.swift */; };
		BCE2131B20719234000FFBDC /* ListMoviesCellModel.swift in Sources */ = {isa = PBXBuildFile; fileRef = BCE2131A20719234000FFBDC /* ListMoviesCellModel.swift */; };
		BCE2131D207199E1000FFBDC /* MoviesDetailModelMap.swift in Sources */ = {isa = PBXBuildFile; fileRef = BCE2131C207199E1000FFBDC /* MoviesDetailModelMap.swift */; };
		BCE2131F20719DBD000FFBDC /* DetailUpCommingListViewModel.swift in Sources */ = {isa = PBXBuildFile; fileRef = BCE2131E20719DBD000FFBDC /* DetailUpCommingListViewModel.swift */; };
		BCE70824207452290015DAA3 /* ServerConfig.swift in Sources */ = {isa = PBXBuildFile; fileRef = BCE70823207452290015DAA3 /* ServerConfig.swift */; };
		BCF6EBB3206EC7C50063D023 /* AppDelegate.swift in Sources */ = {isa = PBXBuildFile; fileRef = BCF6EBB2206EC7C50063D023 /* AppDelegate.swift */; };
		BCF6EBBB206EC7C50063D023 /* UpComingMovies.xcdatamodeld in Sources */ = {isa = PBXBuildFile; fileRef = BCF6EBB9206EC7C50063D023 /* UpComingMovies.xcdatamodeld */; };
		BCF6EBBD206EC7C50063D023 /* Assets.xcassets in Resources */ = {isa = PBXBuildFile; fileRef = BCF6EBBC206EC7C50063D023 /* Assets.xcassets */; };
		BCF6EBC0206EC7C50063D023 /* LaunchScreen.storyboard in Resources */ = {isa = PBXBuildFile; fileRef = BCF6EBBE206EC7C50063D023 /* LaunchScreen.storyboard */; };
		BCF6EBCB206EC7C50063D023 /* UpComingMoviesTests.swift in Sources */ = {isa = PBXBuildFile; fileRef = BCF6EBCA206EC7C50063D023 /* UpComingMoviesTests.swift */; };
		BCF6EBD8206ECAEA0063D023 /* UpComingListTableViewController.swift in Sources */ = {isa = PBXBuildFile; fileRef = BCF6EBD7206ECAEA0063D023 /* UpComingListTableViewController.swift */; };
		BCF6EBDA206ECB010063D023 /* UpComingListStoryboard.storyboard in Resources */ = {isa = PBXBuildFile; fileRef = BCF6EBD9206ECB010063D023 /* UpComingListStoryboard.storyboard */; };
		BCF6EBDD206ECB280063D023 /* UpComingListViewModel.swift in Sources */ = {isa = PBXBuildFile; fileRef = BCF6EBDC206ECB280063D023 /* UpComingListViewModel.swift */; };
		BCF6EBDF206ECB430063D023 /* UpComingListApiAlamo.swift in Sources */ = {isa = PBXBuildFile; fileRef = BCF6EBDE206ECB430063D023 /* UpComingListApiAlamo.swift */; };
		BCF6EBE1206ECB650063D023 /* MoviesModelMap.swift in Sources */ = {isa = PBXBuildFile; fileRef = BCF6EBE0206ECB650063D023 /* MoviesModelMap.swift */; };
		BCF6EBE5206ECBBF0063D023 /* DetailUpComingListTableViewController.swift in Sources */ = {isa = PBXBuildFile; fileRef = BCF6EBE4206ECBBF0063D023 /* DetailUpComingListTableViewController.swift */; };
		BCF6EBE7206ECBF80063D023 /* PaginationModelMap.swift in Sources */ = {isa = PBXBuildFile; fileRef = BCF6EBE6206ECBF80063D023 /* PaginationModelMap.swift */; };
		BCF6EBE9206EDBC00063D023 /* StatusModelMap.swift in Sources */ = {isa = PBXBuildFile; fileRef = BCF6EBE8206EDBC00063D023 /* StatusModelMap.swift */; };
		BCF6EBEB206EDE760063D023 /* GenreModelMap.swift in Sources */ = {isa = PBXBuildFile; fileRef = BCF6EBEA206EDE760063D023 /* GenreModelMap.swift */; };
		CB4998E946E6B47D8BC01742 /* Pods_UpComingMovies_UpComingMoviesUITests.framework in Frameworks */ = {isa = PBXBuildFile; fileRef = 9029561C0BB11A7F16109B55 /* Pods_UpComingMovies_UpComingMoviesUITests.framework */; };
		D6F73EE6C939E7D60819CBDB /* Pods_UpComingMoviesTests.framework in Frameworks */ = {isa = PBXBuildFile; fileRef = B679DB8177BB9C9337770A3C /* Pods_UpComingMoviesTests.framework */; };
		F1023C1422E10FD500602584 /* UpComingMoviesKIFTests.swift in Sources */ = {isa = PBXBuildFile; fileRef = F1023C1322E10FD500602584 /* UpComingMoviesKIFTests.swift */; };
		F1023C1C22E1103A00602584 /* IntegrationKIFTestCase.swift in Sources */ = {isa = PBXBuildFile; fileRef = F1023C1B22E1103A00602584 /* IntegrationKIFTestCase.swift */; };
/* End PBXBuildFile section */

/* Begin PBXContainerItemProxy section */
		BC5A4EE227D3EFBB00C9CB8D /* PBXContainerItemProxy */ = {
			isa = PBXContainerItemProxy;
			containerPortal = BCF6EBA7206EC7C50063D023 /* Project object */;
			proxyType = 1;
			remoteGlobalIDString = BCF6EBAE206EC7C50063D023;
			remoteInfo = UpComingMovies;
		};
		BCF6EBC7206EC7C50063D023 /* PBXContainerItemProxy */ = {
			isa = PBXContainerItemProxy;
			containerPortal = BCF6EBA7206EC7C50063D023 /* Project object */;
			proxyType = 1;
			remoteGlobalIDString = BCF6EBAE206EC7C50063D023;
			remoteInfo = UpComingMovies;
		};
		F1023C1622E10FD500602584 /* PBXContainerItemProxy */ = {
			isa = PBXContainerItemProxy;
			containerPortal = BCF6EBA7206EC7C50063D023 /* Project object */;
			proxyType = 1;
			remoteGlobalIDString = BCF6EBAE206EC7C50063D023;
			remoteInfo = UpComingMovies;
		};
/* End PBXContainerItemProxy section */

/* Begin PBXCopyFilesBuildPhase section */
		BC56BF1C27D190A2004E2F56 /* Embed Frameworks */ = {
			isa = PBXCopyFilesBuildPhase;
			buildActionMask = 2147483647;
			dstPath = "";
			dstSubfolderSpec = 10;
			files = (
				BC56BF1B27D190A2004E2F56 /* UpcomingMoviesApi.xcframework in Embed Frameworks */,
			);
			name = "Embed Frameworks";
			runOnlyForDeploymentPostprocessing = 0;
		};
/* End PBXCopyFilesBuildPhase section */

/* Begin PBXFileReference section */
		182AE74A1C070FD5756E5EE2 /* Pods-UpComingMoviesTests.release.xcconfig */ = {isa = PBXFileReference; includeInIndex = 1; lastKnownFileType = text.xcconfig; name = "Pods-UpComingMoviesTests.release.xcconfig"; path = "Target Support Files/Pods-UpComingMoviesTests/Pods-UpComingMoviesTests.release.xcconfig"; sourceTree = "<group>"; };
		20215A21785CB5E492F66BC2 /* Pods-UpComingMoviesKIFTests.release.xcconfig */ = {isa = PBXFileReference; includeInIndex = 1; lastKnownFileType = text.xcconfig; name = "Pods-UpComingMoviesKIFTests.release.xcconfig"; path = "Target Support Files/Pods-UpComingMoviesKIFTests/Pods-UpComingMoviesKIFTests.release.xcconfig"; sourceTree = "<group>"; };
		3367ED8522519201941503B6 /* Pods-UpComingMoviesKIFTests.debug.xcconfig */ = {isa = PBXFileReference; includeInIndex = 1; lastKnownFileType = text.xcconfig; name = "Pods-UpComingMoviesKIFTests.debug.xcconfig"; path = "Target Support Files/Pods-UpComingMoviesKIFTests/Pods-UpComingMoviesKIFTests.debug.xcconfig"; sourceTree = "<group>"; };
		363215E52460DE6E00A0C7C7 /* UpcomingEndpoints.swift */ = {isa = PBXFileReference; lastKnownFileType = sourcecode.swift; path = UpcomingEndpoints.swift; sourceTree = "<group>"; };
		364D370424734B4500C5F22D /* UIViewController+Extensions.swift */ = {isa = PBXFileReference; lastKnownFileType = sourcecode.swift; path = "UIViewController+Extensions.swift"; sourceTree = "<group>"; };
		3659A20924982A8C0040805F /* UpComingMovies.entitlements */ = {isa = PBXFileReference; lastKnownFileType = text.plist.entitlements; path = UpComingMovies.entitlements; sourceTree = "<group>"; };
		365A14EF24840C09008C7BD6 /* UpcomingMoviesApi.xcframework */ = {isa = PBXFileReference; lastKnownFileType = wrapper.xcframework; path = UpcomingMoviesApi.xcframework; sourceTree = "<group>"; };
		36898CC32475824800C1043A /* AppCoordinator.swift */ = {isa = PBXFileReference; lastKnownFileType = sourcecode.swift; path = AppCoordinator.swift; sourceTree = "<group>"; };
		36B00B052471DAE600E2DB5D /* AppStoryboard.swift */ = {isa = PBXFileReference; lastKnownFileType = sourcecode.swift; path = AppStoryboard.swift; sourceTree = "<group>"; };
		4880C2EDE4733D1122DDF133 /* Pods-UpComingMovies-UpComingMoviesUITests.release.xcconfig */ = {isa = PBXFileReference; includeInIndex = 1; lastKnownFileType = text.xcconfig; name = "Pods-UpComingMovies-UpComingMoviesUITests.release.xcconfig"; path = "Target Support Files/Pods-UpComingMovies-UpComingMoviesUITests/Pods-UpComingMovies-UpComingMoviesUITests.release.xcconfig"; sourceTree = "<group>"; };
		50049064B740F8AF3CA6D183 /* Pods-UpComingMovies.debug.xcconfig */ = {isa = PBXFileReference; includeInIndex = 1; lastKnownFileType = text.xcconfig; name = "Pods-UpComingMovies.debug.xcconfig"; path = "Target Support Files/Pods-UpComingMovies/Pods-UpComingMovies.debug.xcconfig"; sourceTree = "<group>"; };
		5106DFE822B6F0BB00CAE101 /* sonar-project.properties */ = {isa = PBXFileReference; fileEncoding = 4; lastKnownFileType = text; path = "sonar-project.properties"; sourceTree = "<group>"; };
		516E3E7722AD6B270025F255 /* UpComingListViewModelTests.swift */ = {isa = PBXFileReference; fileEncoding = 4; lastKnownFileType = sourcecode.swift; path = UpComingListViewModelTests.swift; sourceTree = "<group>"; };
		517290D622A739CE00D6C9A7 /* UpComingTableViewsDataSetProtocol.swift */ = {isa = PBXFileReference; lastKnownFileType = sourcecode.swift; path = UpComingTableViewsDataSetProtocol.swift; sourceTree = "<group>"; };
		5177AD3C22B073E3005D20AC /* UpCommingCoordinator.swift */ = {isa = PBXFileReference; lastKnownFileType = sourcecode.swift; path = UpCommingCoordinator.swift; sourceTree = "<group>"; };
		5177AD3E22B077E9005D20AC /* UpComingListCoordinatorTests.swift */ = {isa = PBXFileReference; fileEncoding = 4; lastKnownFileType = sourcecode.swift; path = UpComingListCoordinatorTests.swift; sourceTree = "<group>"; };
		5177AD4022B07D78005D20AC /* UpComingListRXTableViewController.swift */ = {isa = PBXFileReference; lastKnownFileType = sourcecode.swift; path = UpComingListRXTableViewController.swift; sourceTree = "<group>"; };
		5177AD4222B07FAC005D20AC /* UpComingListViewModelRX.swift */ = {isa = PBXFileReference; fileEncoding = 4; lastKnownFileType = sourcecode.swift; path = UpComingListViewModelRX.swift; sourceTree = "<group>"; };
		51830CE122A4269500BE346A /* UpComingListApi.swift */ = {isa = PBXFileReference; lastKnownFileType = sourcecode.swift; path = UpComingListApi.swift; sourceTree = "<group>"; };
		51830CE322A426E100BE346A /* UpComingListApiTests.swift */ = {isa = PBXFileReference; lastKnownFileType = sourcecode.swift; path = UpComingListApiTests.swift; sourceTree = "<group>"; };
		51830CE622A4286B00BE346A /* StatusErrorModelCodable.swift */ = {isa = PBXFileReference; fileEncoding = 4; lastKnownFileType = sourcecode.swift; path = StatusErrorModelCodable.swift; sourceTree = "<group>"; };
		51830CE822A4290000BE346A /* PaginationModelCodable.swift */ = {isa = PBXFileReference; fileEncoding = 4; lastKnownFileType = sourcecode.swift; path = PaginationModelCodable.swift; sourceTree = "<group>"; };
		51830CEA22A429C300BE346A /* MoviesModelCodable.swift */ = {isa = PBXFileReference; fileEncoding = 4; lastKnownFileType = sourcecode.swift; path = MoviesModelCodable.swift; sourceTree = "<group>"; };
		51830CEC22A42AD200BE346A /* GenreModelCodable.swift */ = {isa = PBXFileReference; fileEncoding = 4; lastKnownFileType = sourcecode.swift; path = GenreModelCodable.swift; sourceTree = "<group>"; };
		51830CF022A438D300BE346A /* MockPagination.swift */ = {isa = PBXFileReference; lastKnownFileType = sourcecode.swift; path = MockPagination.swift; sourceTree = "<group>"; };
		51830CF222A4395B00BE346A /* MoviesDetailModelCodable.swift */ = {isa = PBXFileReference; fileEncoding = 4; lastKnownFileType = sourcecode.swift; path = MoviesDetailModelCodable.swift; sourceTree = "<group>"; };
		51830CF522A4405900BE346A /* ListMovie.json */ = {isa = PBXFileReference; lastKnownFileType = text.json; path = ListMovie.json; sourceTree = "<group>"; };
		51830CF722A464C300BE346A /* ListMovieRequired.json */ = {isa = PBXFileReference; fileEncoding = 4; lastKnownFileType = text.json; path = ListMovieRequired.json; sourceTree = "<group>"; };
		51830CF922A4667600BE346A /* Genre.json */ = {isa = PBXFileReference; fileEncoding = 4; lastKnownFileType = text.json; name = Genre.json; path = UpComingMoviesTests/Contracts/Genre.json; sourceTree = SOURCE_ROOT; };
		51830CFB22A4677800BE346A /* MovieDetail.json */ = {isa = PBXFileReference; fileEncoding = 4; lastKnownFileType = text.json; name = MovieDetail.json; path = UpcomingMoviesApi/UpcomingMoviesApiTests/Mocks/MovieDetail.json; sourceTree = SOURCE_ROOT; };
		51994EAC2290B06500B4420D /* .swiftlint.yml */ = {isa = PBXFileReference; fileEncoding = 4; lastKnownFileType = text; path = .swiftlint.yml; sourceTree = "<group>"; };
		51994EB02290B69900B4420D /* FirebaseSdk.swift */ = {isa = PBXFileReference; lastKnownFileType = sourcecode.swift; path = FirebaseSdk.swift; sourceTree = "<group>"; };
		65E7ADF82199E26DF42B3440 /* Pods-UpComingMovies.release.xcconfig */ = {isa = PBXFileReference; includeInIndex = 1; lastKnownFileType = text.xcconfig; name = "Pods-UpComingMovies.release.xcconfig"; path = "Target Support Files/Pods-UpComingMovies/Pods-UpComingMovies.release.xcconfig"; sourceTree = "<group>"; };
		9029561C0BB11A7F16109B55 /* Pods_UpComingMovies_UpComingMoviesUITests.framework */ = {isa = PBXFileReference; explicitFileType = wrapper.framework; includeInIndex = 0; path = Pods_UpComingMovies_UpComingMoviesUITests.framework; sourceTree = BUILT_PRODUCTS_DIR; };
		B679DB8177BB9C9337770A3C /* Pods_UpComingMoviesTests.framework */ = {isa = PBXFileReference; explicitFileType = wrapper.framework; includeInIndex = 0; path = Pods_UpComingMoviesTests.framework; sourceTree = BUILT_PRODUCTS_DIR; };
		B9A8ABF6C73F66A1EFEBDF55 /* Pods-UpComingMoviesTests.debug.xcconfig */ = {isa = PBXFileReference; includeInIndex = 1; lastKnownFileType = text.xcconfig; name = "Pods-UpComingMoviesTests.debug.xcconfig"; path = "Target Support Files/Pods-UpComingMoviesTests/Pods-UpComingMoviesTests.debug.xcconfig"; sourceTree = "<group>"; };
		BC075EE427CAD76700BFA6CE /* ListMoviesTableViewCellViewCode.swift */ = {isa = PBXFileReference; fileEncoding = 4; lastKnownFileType = sourcecode.swift; path = ListMoviesTableViewCellViewCode.swift; sourceTree = "<group>"; };
		BC1023EF2072F5D0005FF7C5 /* ListMoviesCell.xib */ = {isa = PBXFileReference; lastKnownFileType = file.xib; path = ListMoviesCell.xib; sourceTree = "<group>"; };
		BC1F470827C6FE4D00E48743 /* ViewCodeProtocol.swift */ = {isa = PBXFileReference; lastKnownFileType = sourcecode.swift; path = ViewCodeProtocol.swift; sourceTree = "<group>"; };
		BC5401C5279F53B200D44BEA /* PreviewData.swift */ = {isa = PBXFileReference; lastKnownFileType = sourcecode.swift; path = PreviewData.swift; sourceTree = "<group>"; };
		BC5401CB279F5B3000D44BEA /* ListMoviesUI.swift */ = {isa = PBXFileReference; lastKnownFileType = sourcecode.swift; path = ListMoviesUI.swift; sourceTree = "<group>"; };
		BC56BF1D27D19302004E2F56 /* GoogleService-Info.plist */ = {isa = PBXFileReference; fileEncoding = 4; lastKnownFileType = text.plist.xml; path = "GoogleService-Info.plist"; sourceTree = "<group>"; };
		BC5A4EDC27D3EFBB00C9CB8D /* UpComingMoviesUITests.xctest */ = {isa = PBXFileReference; explicitFileType = wrapper.cfbundle; includeInIndex = 0; path = UpComingMoviesUITests.xctest; sourceTree = BUILT_PRODUCTS_DIR; };
		BC5A4EDE27D3EFBB00C9CB8D /* UpComingMoviesUITests.swift */ = {isa = PBXFileReference; lastKnownFileType = sourcecode.swift; path = UpComingMoviesUITests.swift; sourceTree = "<group>"; };
		BC5A4EE027D3EFBB00C9CB8D /* UpComingMoviesUITestsLaunchTests.swift */ = {isa = PBXFileReference; lastKnownFileType = sourcecode.swift; path = UpComingMoviesUITestsLaunchTests.swift; sourceTree = "<group>"; };
		BC7AA96727A747EC009FEF0F /* ImageLoaderView.swift */ = {isa = PBXFileReference; lastKnownFileType = sourcecode.swift; path = ImageLoaderView.swift; sourceTree = "<group>"; };
		BC8720AF279DA72E003D20C4 /* AppTheme.swift */ = {isa = PBXFileReference; lastKnownFileType = sourcecode.swift; path = AppTheme.swift; sourceTree = "<group>"; };
		BC8AD52B27A9F73A006DBD01 /* StarButton.swift */ = {isa = PBXFileReference; lastKnownFileType = sourcecode.swift; path = StarButton.swift; sourceTree = "<group>"; };
		BC8AD52D27A9FA34006DBD01 /* EnviromentData.swift */ = {isa = PBXFileReference; lastKnownFileType = sourcecode.swift; path = EnviromentData.swift; sourceTree = "<group>"; };
		BCA0105E27A07FAF0020334E /* DetailMovieUI.swift */ = {isa = PBXFileReference; lastKnownFileType = sourcecode.swift; path = DetailMovieUI.swift; sourceTree = "<group>"; };
		BCA0106027A0952A0020334E /* HostingController.swift */ = {isa = PBXFileReference; fileEncoding = 4; lastKnownFileType = sourcecode.swift; path = HostingController.swift; sourceTree = "<group>"; };
		BCA0106227A09D310020334E /* UpCommingCoordinatorHosting.swift */ = {isa = PBXFileReference; fileEncoding = 4; lastKnownFileType = sourcecode.swift; path = UpCommingCoordinatorHosting.swift; sourceTree = "<group>"; };
		BCCFA5C3279EFB2700E0806A /* MovieRowUI.swift */ = {isa = PBXFileReference; lastKnownFileType = sourcecode.swift; path = MovieRowUI.swift; sourceTree = "<group>"; };
		BCE213142071902E000FFBDC /* UpComingMovies-Bridging-Header.h */ = {isa = PBXFileReference; lastKnownFileType = sourcecode.c.h; path = "UpComingMovies-Bridging-Header.h"; sourceTree = "<group>"; };
		BCE213182071921D000FFBDC /* ListMoviesTableViewCell.swift */ = {isa = PBXFileReference; lastKnownFileType = sourcecode.swift; path = ListMoviesTableViewCell.swift; sourceTree = "<group>"; };
		BCE2131A20719234000FFBDC /* ListMoviesCellModel.swift */ = {isa = PBXFileReference; lastKnownFileType = sourcecode.swift; path = ListMoviesCellModel.swift; sourceTree = "<group>"; };
		BCE2131C207199E1000FFBDC /* MoviesDetailModelMap.swift */ = {isa = PBXFileReference; fileEncoding = 4; lastKnownFileType = sourcecode.swift; path = MoviesDetailModelMap.swift; sourceTree = "<group>"; };
		BCE2131E20719DBD000FFBDC /* DetailUpCommingListViewModel.swift */ = {isa = PBXFileReference; lastKnownFileType = sourcecode.swift; path = DetailUpCommingListViewModel.swift; sourceTree = "<group>"; };
		BCE70823207452290015DAA3 /* ServerConfig.swift */ = {isa = PBXFileReference; lastKnownFileType = sourcecode.swift; path = ServerConfig.swift; sourceTree = "<group>"; };
		BCF6EBAF206EC7C50063D023 /* UpComingMovies.app */ = {isa = PBXFileReference; explicitFileType = wrapper.application; includeInIndex = 0; path = UpComingMovies.app; sourceTree = BUILT_PRODUCTS_DIR; };
		BCF6EBB2206EC7C50063D023 /* AppDelegate.swift */ = {isa = PBXFileReference; lastKnownFileType = sourcecode.swift; path = AppDelegate.swift; sourceTree = "<group>"; };
		BCF6EBBA206EC7C50063D023 /* UpComingMovies.xcdatamodel */ = {isa = PBXFileReference; lastKnownFileType = wrapper.xcdatamodel; path = UpComingMovies.xcdatamodel; sourceTree = "<group>"; };
		BCF6EBBC206EC7C50063D023 /* Assets.xcassets */ = {isa = PBXFileReference; lastKnownFileType = folder.assetcatalog; path = Assets.xcassets; sourceTree = "<group>"; };
		BCF6EBBF206EC7C50063D023 /* Base */ = {isa = PBXFileReference; lastKnownFileType = file.storyboard; name = Base; path = Base.lproj/LaunchScreen.storyboard; sourceTree = "<group>"; };
		BCF6EBC1206EC7C50063D023 /* Info.plist */ = {isa = PBXFileReference; lastKnownFileType = text.plist.xml; path = Info.plist; sourceTree = "<group>"; };
		BCF6EBC6206EC7C50063D023 /* UpComingMoviesTests.xctest */ = {isa = PBXFileReference; explicitFileType = wrapper.cfbundle; includeInIndex = 0; path = UpComingMoviesTests.xctest; sourceTree = BUILT_PRODUCTS_DIR; };
		BCF6EBCA206EC7C50063D023 /* UpComingMoviesTests.swift */ = {isa = PBXFileReference; lastKnownFileType = sourcecode.swift; path = UpComingMoviesTests.swift; sourceTree = "<group>"; };
		BCF6EBCC206EC7C50063D023 /* Info.plist */ = {isa = PBXFileReference; lastKnownFileType = text.plist.xml; path = Info.plist; sourceTree = "<group>"; };
		BCF6EBD7206ECAEA0063D023 /* UpComingListTableViewController.swift */ = {isa = PBXFileReference; lastKnownFileType = sourcecode.swift; path = UpComingListTableViewController.swift; sourceTree = "<group>"; };
		BCF6EBD9206ECB010063D023 /* UpComingListStoryboard.storyboard */ = {isa = PBXFileReference; lastKnownFileType = file.storyboard; path = UpComingListStoryboard.storyboard; sourceTree = "<group>"; };
		BCF6EBDC206ECB280063D023 /* UpComingListViewModel.swift */ = {isa = PBXFileReference; lastKnownFileType = sourcecode.swift; path = UpComingListViewModel.swift; sourceTree = "<group>"; };
		BCF6EBDE206ECB430063D023 /* UpComingListApiAlamo.swift */ = {isa = PBXFileReference; lastKnownFileType = sourcecode.swift; path = UpComingListApiAlamo.swift; sourceTree = "<group>"; };
		BCF6EBE0206ECB650063D023 /* MoviesModelMap.swift */ = {isa = PBXFileReference; lastKnownFileType = sourcecode.swift; path = MoviesModelMap.swift; sourceTree = "<group>"; };
		BCF6EBE4206ECBBF0063D023 /* DetailUpComingListTableViewController.swift */ = {isa = PBXFileReference; lastKnownFileType = sourcecode.swift; path = DetailUpComingListTableViewController.swift; sourceTree = "<group>"; };
		BCF6EBE6206ECBF80063D023 /* PaginationModelMap.swift */ = {isa = PBXFileReference; lastKnownFileType = sourcecode.swift; path = PaginationModelMap.swift; sourceTree = "<group>"; };
		BCF6EBE8206EDBC00063D023 /* StatusModelMap.swift */ = {isa = PBXFileReference; lastKnownFileType = sourcecode.swift; path = StatusModelMap.swift; sourceTree = "<group>"; };
		BCF6EBEA206EDE760063D023 /* GenreModelMap.swift */ = {isa = PBXFileReference; lastKnownFileType = sourcecode.swift; path = GenreModelMap.swift; sourceTree = "<group>"; };
		CE7C8100D4B3DDEAA43E8FAE /* Pods-UpComingMovies-UpComingMoviesUITests.debug.xcconfig */ = {isa = PBXFileReference; includeInIndex = 1; lastKnownFileType = text.xcconfig; name = "Pods-UpComingMovies-UpComingMoviesUITests.debug.xcconfig"; path = "Target Support Files/Pods-UpComingMovies-UpComingMoviesUITests/Pods-UpComingMovies-UpComingMoviesUITests.debug.xcconfig"; sourceTree = "<group>"; };
		EB04C85D0D6EC556D9D26A37 /* Pods_UpComingMovies.framework */ = {isa = PBXFileReference; explicitFileType = wrapper.framework; includeInIndex = 0; path = Pods_UpComingMovies.framework; sourceTree = BUILT_PRODUCTS_DIR; };
		F071956FC071C455ACEA3C3C /* Pods-UpComingMoviesUITests.debug.xcconfig */ = {isa = PBXFileReference; includeInIndex = 1; lastKnownFileType = text.xcconfig; name = "Pods-UpComingMoviesUITests.debug.xcconfig"; path = "Target Support Files/Pods-UpComingMoviesUITests/Pods-UpComingMoviesUITests.debug.xcconfig"; sourceTree = "<group>"; };
		F1023C1122E10FD500602584 /* UpComingMoviesKIFTests.xctest */ = {isa = PBXFileReference; explicitFileType = wrapper.cfbundle; includeInIndex = 0; path = UpComingMoviesKIFTests.xctest; sourceTree = BUILT_PRODUCTS_DIR; };
		F1023C1322E10FD500602584 /* UpComingMoviesKIFTests.swift */ = {isa = PBXFileReference; lastKnownFileType = sourcecode.swift; path = UpComingMoviesKIFTests.swift; sourceTree = "<group>"; };
		F1023C1522E10FD500602584 /* Info.plist */ = {isa = PBXFileReference; lastKnownFileType = text.plist.xml; path = Info.plist; sourceTree = "<group>"; };
		F1023C1B22E1103A00602584 /* IntegrationKIFTestCase.swift */ = {isa = PBXFileReference; lastKnownFileType = sourcecode.swift; path = IntegrationKIFTestCase.swift; sourceTree = "<group>"; };
		F4BAD83B8DCB7906065A9B14 /* Pods_UpComingMoviesKIFTests.framework */ = {isa = PBXFileReference; explicitFileType = wrapper.framework; includeInIndex = 0; path = Pods_UpComingMoviesKIFTests.framework; sourceTree = BUILT_PRODUCTS_DIR; };
		FF21D6729FD16EFA8D516A60 /* Pods-UpComingMoviesUITests.release.xcconfig */ = {isa = PBXFileReference; includeInIndex = 1; lastKnownFileType = text.xcconfig; name = "Pods-UpComingMoviesUITests.release.xcconfig"; path = "Target Support Files/Pods-UpComingMoviesUITests/Pods-UpComingMoviesUITests.release.xcconfig"; sourceTree = "<group>"; };
/* End PBXFileReference section */

/* Begin PBXFrameworksBuildPhase section */
		BC5A4ED927D3EFBB00C9CB8D /* Frameworks */ = {
			isa = PBXFrameworksBuildPhase;
			buildActionMask = 2147483647;
			files = (
				CB4998E946E6B47D8BC01742 /* Pods_UpComingMovies_UpComingMoviesUITests.framework in Frameworks */,
			);
			runOnlyForDeploymentPostprocessing = 0;
		};
		BCF6EBAC206EC7C50063D023 /* Frameworks */ = {
			isa = PBXFrameworksBuildPhase;
			buildActionMask = 2147483647;
			files = (
				97DC708629D5D471A139F4A9 /* Pods_UpComingMovies.framework in Frameworks */,
				BC56BF1A27D190A2004E2F56 /* UpcomingMoviesApi.xcframework in Frameworks */,
			);
			runOnlyForDeploymentPostprocessing = 0;
		};
		BCF6EBC3206EC7C50063D023 /* Frameworks */ = {
			isa = PBXFrameworksBuildPhase;
			buildActionMask = 2147483647;
			files = (
				D6F73EE6C939E7D60819CBDB /* Pods_UpComingMoviesTests.framework in Frameworks */,
			);
			runOnlyForDeploymentPostprocessing = 0;
		};
		F1023C0E22E10FD500602584 /* Frameworks */ = {
			isa = PBXFrameworksBuildPhase;
			buildActionMask = 2147483647;
			files = (
				70A86794D35641A13298523D /* Pods_UpComingMoviesKIFTests.framework in Frameworks */,
			);
			runOnlyForDeploymentPostprocessing = 0;
		};
/* End PBXFrameworksBuildPhase section */

/* Begin PBXGroup section */
		36B00AFD2471D9CF00E2DB5D /* Extensions */ = {
			isa = PBXGroup;
			children = (
				364D370424734B4500C5F22D /* UIViewController+Extensions.swift */,
			);
			path = Extensions;
			sourceTree = "<group>";
		};
		36B00B032471DA9400E2DB5D /* Coordinator */ = {
			isa = PBXGroup;
			children = (
				36898CC32475824800C1043A /* AppCoordinator.swift */,
				5177AD3C22B073E3005D20AC /* UpCommingCoordinator.swift */,
			);
			path = Coordinator;
			sourceTree = "<group>";
		};
		36B00B042471DAD500E2DB5D /* CoreLibs */ = {
			isa = PBXGroup;
			children = (
				36B00B052471DAE600E2DB5D /* AppStoryboard.swift */,
				BC8720AF279DA72E003D20C4 /* AppTheme.swift */,
				BC1F470827C6FE4D00E48743 /* ViewCodeProtocol.swift */,
			);
			path = CoreLibs;
			sourceTree = "<group>";
		};
		517290D822A73D8E00D6C9A7 /* Protocols */ = {
			isa = PBXGroup;
			children = (
				517290D622A739CE00D6C9A7 /* UpComingTableViewsDataSetProtocol.swift */,
			);
			path = Protocols;
			sourceTree = "<group>";
		};
		51830CDC22A425A900BE346A /* ViewModel */ = {
			isa = PBXGroup;
			children = (
				517290D822A73D8E00D6C9A7 /* Protocols */,
				BCF6EBDC206ECB280063D023 /* UpComingListViewModel.swift */,
				BC5D80F0279E127F001626DB /* Cell's */,
				BC5D80EF279E1271001626DB /* Detail */,
			);
			path = ViewModel;
			sourceTree = "<group>";
		};
		51830CDD22A425B400BE346A /* View */ = {
			isa = PBXGroup;
			children = (
				BCF6EBD7206ECAEA0063D023 /* UpComingListTableViewController.swift */,
				BCF6EBE3206ECB9C0063D023 /* Detail */,
				BCF6EBDB206ECB0E0063D023 /* Cell's */,
			);
			path = View;
			sourceTree = "<group>";
		};
		51830CDE22A425D700BE346A /* Api */ = {
			isa = PBXGroup;
			children = (
				51830CDF22A425F400BE346A /* AlamofireVersion */,
				BCF6EBE2206ECB850063D023 /* Model */,
				BCE70823207452290015DAA3 /* ServerConfig.swift */,
				363215E52460DE6E00A0C7C7 /* UpcomingEndpoints.swift */,
				51830CE122A4269500BE346A /* UpComingListApi.swift */,
			);
			path = Api;
			sourceTree = "<group>";
		};
		51830CDF22A425F400BE346A /* AlamofireVersion */ = {
			isa = PBXGroup;
			children = (
				51830CE522A427F200BE346A /* Maps */,
				BCF6EBDE206ECB430063D023 /* UpComingListApiAlamo.swift */,
			);
			path = AlamofireVersion;
			sourceTree = "<group>";
		};
		51830CE522A427F200BE346A /* Maps */ = {
			isa = PBXGroup;
			children = (
				BCF6EBE8206EDBC00063D023 /* StatusModelMap.swift */,
				BCF6EBE6206ECBF80063D023 /* PaginationModelMap.swift */,
				BCF6EBE0206ECB650063D023 /* MoviesModelMap.swift */,
				BCE2131C207199E1000FFBDC /* MoviesDetailModelMap.swift */,
				BCF6EBEA206EDE760063D023 /* GenreModelMap.swift */,
			);
			path = Maps;
			sourceTree = "<group>";
		};
		51830CEE22A438B400BE346A /* MocksObjects */ = {
			isa = PBXGroup;
			children = (
				51830CEF22A438BE00BE346A /* ListApi */,
			);
			path = MocksObjects;
			sourceTree = "<group>";
		};
		51830CEF22A438BE00BE346A /* ListApi */ = {
			isa = PBXGroup;
			children = (
				51830CF022A438D300BE346A /* MockPagination.swift */,
			);
			path = ListApi;
			sourceTree = "<group>";
		};
		51830CF422A4403C00BE346A /* Contracts */ = {
			isa = PBXGroup;
			children = (
				51830CF922A4667600BE346A /* Genre.json */,
				51830CFB22A4677800BE346A /* MovieDetail.json */,
				51830CF522A4405900BE346A /* ListMovie.json */,
				51830CF722A464C300BE346A /* ListMovieRequired.json */,
			);
			path = Contracts;
			sourceTree = "<group>";
		};
		51994EAF2290B68000B4420D /* SdkManagers */ = {
			isa = PBXGroup;
			children = (
				51994EB02290B69900B4420D /* FirebaseSdk.swift */,
			);
			path = SdkManagers;
			sourceTree = "<group>";
		};
		988CA3C8509318CAEC479096 /* Pods */ = {
			isa = PBXGroup;
			children = (
				50049064B740F8AF3CA6D183 /* Pods-UpComingMovies.debug.xcconfig */,
				65E7ADF82199E26DF42B3440 /* Pods-UpComingMovies.release.xcconfig */,
				3367ED8522519201941503B6 /* Pods-UpComingMoviesKIFTests.debug.xcconfig */,
				20215A21785CB5E492F66BC2 /* Pods-UpComingMoviesKIFTests.release.xcconfig */,
				B9A8ABF6C73F66A1EFEBDF55 /* Pods-UpComingMoviesTests.debug.xcconfig */,
				182AE74A1C070FD5756E5EE2 /* Pods-UpComingMoviesTests.release.xcconfig */,
				F071956FC071C455ACEA3C3C /* Pods-UpComingMoviesUITests.debug.xcconfig */,
				FF21D6729FD16EFA8D516A60 /* Pods-UpComingMoviesUITests.release.xcconfig */,
				CE7C8100D4B3DDEAA43E8FAE /* Pods-UpComingMovies-UpComingMoviesUITests.debug.xcconfig */,
				4880C2EDE4733D1122DDF133 /* Pods-UpComingMovies-UpComingMoviesUITests.release.xcconfig */,
			);
			path = Pods;
			sourceTree = "<group>";
		};
		AD430982554968FF99AC66A1 /* Frameworks */ = {
			isa = PBXGroup;
			children = (
				365A14EF24840C09008C7BD6 /* UpcomingMoviesApi.xcframework */,
				EB04C85D0D6EC556D9D26A37 /* Pods_UpComingMovies.framework */,
				F4BAD83B8DCB7906065A9B14 /* Pods_UpComingMoviesKIFTests.framework */,
				B679DB8177BB9C9337770A3C /* Pods_UpComingMoviesTests.framework */,
				9029561C0BB11A7F16109B55 /* Pods_UpComingMovies_UpComingMoviesUITests.framework */,
			);
			name = Frameworks;
			sourceTree = "<group>";
		};
		BC075EE627CAD87C00BFA6CE /* RXVersion */ = {
			isa = PBXGroup;
			children = (
				BC075EE727CAD8B200BFA6CE /* ViewModel */,
				BC075EE827CAD8C000BFA6CE /* View */,
			);
			path = RXVersion;
			sourceTree = "<group>";
		};
		BC075EE727CAD8B200BFA6CE /* ViewModel */ = {
			isa = PBXGroup;
			children = (
				5177AD4222B07FAC005D20AC /* UpComingListViewModelRX.swift */,
			);
			path = ViewModel;
			sourceTree = "<group>";
		};
		BC075EE827CAD8C000BFA6CE /* View */ = {
			isa = PBXGroup;
			children = (
				BC075EE927CAD8CF00BFA6CE /* Cell */,
				5177AD4022B07D78005D20AC /* UpComingListRXTableViewController.swift */,
				BCF6EBD9206ECB010063D023 /* UpComingListStoryboard.storyboard */,
			);
			path = View;
			sourceTree = "<group>";
		};
		BC075EE927CAD8CF00BFA6CE /* Cell */ = {
			isa = PBXGroup;
			children = (
				BCE213182071921D000FFBDC /* ListMoviesTableViewCell.swift */,
				BC1023EF2072F5D0005FF7C5 /* ListMoviesCell.xib */,
			);
			path = Cell;
			sourceTree = "<group>";
		};
		BC56360327A8A30A006AA64B /* Detail */ = {
			isa = PBXGroup;
			children = (
				BCA0105E27A07FAF0020334E /* DetailMovieUI.swift */,
			);
			path = Detail;
			sourceTree = "<group>";
		};
		BC5A4EDD27D3EFBB00C9CB8D /* UpComingMoviesUITests */ = {
			isa = PBXGroup;
			children = (
				BC5A4EDE27D3EFBB00C9CB8D /* UpComingMoviesUITests.swift */,
				BC5A4EE027D3EFBB00C9CB8D /* UpComingMoviesUITestsLaunchTests.swift */,
			);
			path = UpComingMoviesUITests;
			sourceTree = "<group>";
		};
		BC5D80EE279DF295001626DB /* Resources */ = {
			isa = PBXGroup;
			children = (
				BCF6EBBC206EC7C50063D023 /* Assets.xcassets */,
			);
			path = Resources;
			sourceTree = "<group>";
		};
		BC5D80EF279E1271001626DB /* Detail */ = {
			isa = PBXGroup;
			children = (
				BCE2131E20719DBD000FFBDC /* DetailUpCommingListViewModel.swift */,
			);
			path = Detail;
			sourceTree = "<group>";
		};
		BC5D80F0279E127F001626DB /* Cell's */ = {
			isa = PBXGroup;
			children = (
				BCE2131A20719234000FFBDC /* ListMoviesCellModel.swift */,
			);
			path = "Cell's";
			sourceTree = "<group>";
		};
		BC5D80F1279E129C001626DB /* SwiftUI */ = {
			isa = PBXGroup;
			children = (
				BC8AD52D27A9FA34006DBD01 /* EnviromentData.swift */,
				BC5401C5279F53B200D44BEA /* PreviewData.swift */,
				BC7AA96327A73ADB009FEF0F /* Coordinator */,
				BC7AA96527A73B0A009FEF0F /* Views */,
				BC7AA96427A73AEC009FEF0F /* UIHosting */,
			);
			path = SwiftUI;
			sourceTree = "<group>";
		};
		BC7AA96327A73ADB009FEF0F /* Coordinator */ = {
			isa = PBXGroup;
			children = (
				BCA0106227A09D310020334E /* UpCommingCoordinatorHosting.swift */,
			);
			path = Coordinator;
			sourceTree = "<group>";
		};
		BC7AA96427A73AEC009FEF0F /* UIHosting */ = {
			isa = PBXGroup;
			children = (
				BCA0106027A0952A0020334E /* HostingController.swift */,
			);
			path = UIHosting;
			sourceTree = "<group>";
		};
		BC7AA96527A73B0A009FEF0F /* Views */ = {
			isa = PBXGroup;
			children = (
				BC7AA96627A745C9009FEF0F /* List */,
				BC56360327A8A30A006AA64B /* Detail */,
			);
			path = Views;
			sourceTree = "<group>";
		};
		BC7AA96627A745C9009FEF0F /* List */ = {
			isa = PBXGroup;
			children = (
				BC5401CB279F5B3000D44BEA /* ListMoviesUI.swift */,
				BCCFA5C3279EFB2700E0806A /* MovieRowUI.swift */,
				BC7AA96727A747EC009FEF0F /* ImageLoaderView.swift */,
				BC8AD52B27A9F73A006DBD01 /* StarButton.swift */,
			);
			path = List;
			sourceTree = "<group>";
		};
		BCF6EBA6206EC7C50063D023 = {
			isa = PBXGroup;
			children = (
				5106DFE822B6F0BB00CAE101 /* sonar-project.properties */,
				BCF6EBB1206EC7C50063D023 /* UpComingMovies */,
				BCF6EBC9206EC7C50063D023 /* UpComingMoviesTests */,
				F1023C1222E10FD500602584 /* UpComingMoviesKIFTests */,
				BC5A4EDD27D3EFBB00C9CB8D /* UpComingMoviesUITests */,
				BCF6EBB0206EC7C50063D023 /* Products */,
				AD430982554968FF99AC66A1 /* Frameworks */,
				51994EAC2290B06500B4420D /* .swiftlint.yml */,
				988CA3C8509318CAEC479096 /* Pods */,
			);
			sourceTree = "<group>";
		};
		BCF6EBB0206EC7C50063D023 /* Products */ = {
			isa = PBXGroup;
			children = (
				BCF6EBAF206EC7C50063D023 /* UpComingMovies.app */,
				BCF6EBC6206EC7C50063D023 /* UpComingMoviesTests.xctest */,
				F1023C1122E10FD500602584 /* UpComingMoviesKIFTests.xctest */,
				BC5A4EDC27D3EFBB00C9CB8D /* UpComingMoviesUITests.xctest */,
			);
			name = Products;
			sourceTree = "<group>";
		};
		BCF6EBB1206EC7C50063D023 /* UpComingMovies */ = {
			isa = PBXGroup;
			children = (
				BCF6EBB2206EC7C50063D023 /* AppDelegate.swift */,
				36B00B042471DAD500E2DB5D /* CoreLibs */,
				36B00AFD2471D9CF00E2DB5D /* Extensions */,
				51994EAF2290B68000B4420D /* SdkManagers */,
				BCF6EBD6206ECAC00063D023 /* UpCommingList */,
				BCF6EBBE206EC7C50063D023 /* LaunchScreen.storyboard */,
				BC5D80EE279DF295001626DB /* Resources */,
				BCE213142071902E000FFBDC /* UpComingMovies-Bridging-Header.h */,
				3659A20924982A8C0040805F /* UpComingMovies.entitlements */,
				BCF6EBC1206EC7C50063D023 /* Info.plist */,
				BCF6EBB9206EC7C50063D023 /* UpComingMovies.xcdatamodeld */,
				BC56BF1D27D19302004E2F56 /* GoogleService-Info.plist */,
			);
			path = UpComingMovies;
			sourceTree = "<group>";
		};
		BCF6EBC9206EC7C50063D023 /* UpComingMoviesTests */ = {
			isa = PBXGroup;
			children = (
				51830CF422A4403C00BE346A /* Contracts */,
				51830CEE22A438B400BE346A /* MocksObjects */,
				BCF6EBCA206EC7C50063D023 /* UpComingMoviesTests.swift */,
				51830CE322A426E100BE346A /* UpComingListApiTests.swift */,
				516E3E7722AD6B270025F255 /* UpComingListViewModelTests.swift */,
				5177AD3E22B077E9005D20AC /* UpComingListCoordinatorTests.swift */,
				BCF6EBCC206EC7C50063D023 /* Info.plist */,
			);
			path = UpComingMoviesTests;
			sourceTree = "<group>";
		};
		BCF6EBD6206ECAC00063D023 /* UpCommingList */ = {
			isa = PBXGroup;
			children = (
				36B00B032471DA9400E2DB5D /* Coordinator */,
				51830CDE22A425D700BE346A /* Api */,
				51830CDC22A425A900BE346A /* ViewModel */,
				51830CDD22A425B400BE346A /* View */,
				BC5D80F1279E129C001626DB /* SwiftUI */,
				BC075EE627CAD87C00BFA6CE /* RXVersion */,
			);
			path = UpCommingList;
			sourceTree = "<group>";
		};
		BCF6EBDB206ECB0E0063D023 /* Cell's */ = {
			isa = PBXGroup;
			children = (
				BC075EE427CAD76700BFA6CE /* ListMoviesTableViewCellViewCode.swift */,
			);
			path = "Cell's";
			sourceTree = "<group>";
		};
		BCF6EBE2206ECB850063D023 /* Model */ = {
			isa = PBXGroup;
			children = (
				51830CE622A4286B00BE346A /* StatusErrorModelCodable.swift */,
				51830CE822A4290000BE346A /* PaginationModelCodable.swift */,
				51830CEA22A429C300BE346A /* MoviesModelCodable.swift */,
				51830CEC22A42AD200BE346A /* GenreModelCodable.swift */,
				51830CF222A4395B00BE346A /* MoviesDetailModelCodable.swift */,
			);
			path = Model;
			sourceTree = "<group>";
		};
		BCF6EBE3206ECB9C0063D023 /* Detail */ = {
			isa = PBXGroup;
			children = (
				BCF6EBE4206ECBBF0063D023 /* DetailUpComingListTableViewController.swift */,
			);
			path = Detail;
			sourceTree = "<group>";
		};
		F1023C1222E10FD500602584 /* UpComingMoviesKIFTests */ = {
			isa = PBXGroup;
			children = (
				F1023C1B22E1103A00602584 /* IntegrationKIFTestCase.swift */,
				F1023C1322E10FD500602584 /* UpComingMoviesKIFTests.swift */,
				F1023C1522E10FD500602584 /* Info.plist */,
			);
			path = UpComingMoviesKIFTests;
			sourceTree = "<group>";
		};
/* End PBXGroup section */

/* Begin PBXNativeTarget section */
		BC5A4EDB27D3EFBB00C9CB8D /* UpComingMoviesUITests */ = {
			isa = PBXNativeTarget;
			buildConfigurationList = BC5A4EE427D3EFBB00C9CB8D /* Build configuration list for PBXNativeTarget "UpComingMoviesUITests" */;
			buildPhases = (
				C8F3C351226F0CFB2F28151C /* [CP] Check Pods Manifest.lock */,
				BC5A4ED827D3EFBB00C9CB8D /* Sources */,
				BC5A4ED927D3EFBB00C9CB8D /* Frameworks */,
				BC5A4EDA27D3EFBB00C9CB8D /* Resources */,
				2D94D3816524CBEB94284709 /* [CP] Embed Pods Frameworks */,
			);
			buildRules = (
			);
			dependencies = (
				BC5A4EE327D3EFBB00C9CB8D /* PBXTargetDependency */,
			);
			name = UpComingMoviesUITests;
			productName = UpComingMoviesUITests;
			productReference = BC5A4EDC27D3EFBB00C9CB8D /* UpComingMoviesUITests.xctest */;
			productType = "com.apple.product-type.bundle.ui-testing";
		};
		BCF6EBAE206EC7C50063D023 /* UpComingMovies */ = {
			isa = PBXNativeTarget;
			buildConfigurationList = BCF6EBCF206EC7C50063D023 /* Build configuration list for PBXNativeTarget "UpComingMovies" */;
			buildPhases = (
				96B332D0661CA7A6BDA5353E /* [CP] Check Pods Manifest.lock */,
				BCF6EBAB206EC7C50063D023 /* Sources */,
				BCF6EBAC206EC7C50063D023 /* Frameworks */,
				BCF6EBAD206EC7C50063D023 /* Resources */,
				BC8720B1279DA9A0003D20C4 /* FirebaseCrashlytics */,
				51994EAE2290B3F100B4420D /* SwiftLint */,
				EE0BE3F3B81D6C78B5F01A4A /* [CP] Embed Pods Frameworks */,
				BC56BF1C27D190A2004E2F56 /* Embed Frameworks */,
			);
			buildRules = (
			);
			dependencies = (
			);
			name = UpComingMovies;
			productName = UpComingMovies;
			productReference = BCF6EBAF206EC7C50063D023 /* UpComingMovies.app */;
			productType = "com.apple.product-type.application";
		};
		BCF6EBC5206EC7C50063D023 /* UpComingMoviesTests */ = {
			isa = PBXNativeTarget;
			buildConfigurationList = BCF6EBD2206EC7C50063D023 /* Build configuration list for PBXNativeTarget "UpComingMoviesTests" */;
			buildPhases = (
				F98C990DB14B7A008C77A985 /* [CP] Check Pods Manifest.lock */,
				BCF6EBC2206EC7C50063D023 /* Sources */,
				BCF6EBC3206EC7C50063D023 /* Frameworks */,
				BCF6EBC4206EC7C50063D023 /* Resources */,
				9EEA7F31738C145E57AD133B /* [CP] Embed Pods Frameworks */,
			);
			buildRules = (
			);
			dependencies = (
				BCF6EBC8206EC7C50063D023 /* PBXTargetDependency */,
			);
			name = UpComingMoviesTests;
			productName = UpComingMoviesTests;
			productReference = BCF6EBC6206EC7C50063D023 /* UpComingMoviesTests.xctest */;
			productType = "com.apple.product-type.bundle.unit-test";
		};
		F1023C1022E10FD500602584 /* UpComingMoviesKIFTests */ = {
			isa = PBXNativeTarget;
			buildConfigurationList = F1023C1A22E10FD500602584 /* Build configuration list for PBXNativeTarget "UpComingMoviesKIFTests" */;
			buildPhases = (
				6C85C16E4890DF534E9CF8C6 /* [CP] Check Pods Manifest.lock */,
				F1023C0D22E10FD500602584 /* Sources */,
				F1023C0E22E10FD500602584 /* Frameworks */,
				F1023C0F22E10FD500602584 /* Resources */,
				0DFD8C80A057D4A03813E278 /* [CP] Embed Pods Frameworks */,
			);
			buildRules = (
			);
			dependencies = (
				F1023C1722E10FD500602584 /* PBXTargetDependency */,
			);
			name = UpComingMoviesKIFTests;
			productName = UpComingMoviesKIFTests;
			productReference = F1023C1122E10FD500602584 /* UpComingMoviesKIFTests.xctest */;
			productType = "com.apple.product-type.bundle.unit-test";
		};
/* End PBXNativeTarget section */

/* Begin PBXProject section */
		BCF6EBA7206EC7C50063D023 /* Project object */ = {
			isa = PBXProject;
			attributes = {
				LastSwiftUpdateCheck = 1310;
				LastUpgradeCheck = 1310;
				ORGANIZATIONNAME = FMMobile;
				TargetAttributes = {
					BC5A4EDB27D3EFBB00C9CB8D = {
						CreatedOnToolsVersion = 13.1;
						TestTargetID = BCF6EBAE206EC7C50063D023;
					};
					BCF6EBAE206EC7C50063D023 = {
						CreatedOnToolsVersion = 9.2;
						LastSwiftMigration = 1010;
						ProvisioningStyle = Automatic;
					};
					BCF6EBC5206EC7C50063D023 = {
						CreatedOnToolsVersion = 9.2;
						LastSwiftMigration = 1010;
						ProvisioningStyle = Automatic;
						TestTargetID = BCF6EBAE206EC7C50063D023;
					};
					F1023C1022E10FD500602584 = {
						CreatedOnToolsVersion = 10.2.1;
						ProvisioningStyle = Automatic;
						TestTargetID = BCF6EBAE206EC7C50063D023;
					};
				};
			};
			buildConfigurationList = BCF6EBAA206EC7C50063D023 /* Build configuration list for PBXProject "UpComingMovies" */;
			compatibilityVersion = "Xcode 8.0";
			developmentRegion = en;
			hasScannedForEncodings = 0;
			knownRegions = (
				en,
				Base,
			);
			mainGroup = BCF6EBA6206EC7C50063D023;
			productRefGroup = BCF6EBB0206EC7C50063D023 /* Products */;
			projectDirPath = "";
			projectRoot = "";
			targets = (
				BCF6EBAE206EC7C50063D023 /* UpComingMovies */,
				BCF6EBC5206EC7C50063D023 /* UpComingMoviesTests */,
				F1023C1022E10FD500602584 /* UpComingMoviesKIFTests */,
				BC5A4EDB27D3EFBB00C9CB8D /* UpComingMoviesUITests */,
			);
		};
/* End PBXProject section */

/* Begin PBXResourcesBuildPhase section */
		BC5A4EDA27D3EFBB00C9CB8D /* Resources */ = {
			isa = PBXResourcesBuildPhase;
			buildActionMask = 2147483647;
			files = (
			);
			runOnlyForDeploymentPostprocessing = 0;
		};
		BCF6EBAD206EC7C50063D023 /* Resources */ = {
			isa = PBXResourcesBuildPhase;
			buildActionMask = 2147483647;
			files = (
				BC5401CA279F580700D44BEA /* ListMovie.json in Resources */,
				51994EAD2290B06500B4420D /* .swiftlint.yml in Resources */,
				5106DFE922B6F0BB00CAE101 /* sonar-project.properties in Resources */,
				BC5401C9279F576A00D44BEA /* MovieDetail.json in Resources */,
				BC5401C8279F576600D44BEA /* Genre.json in Resources */,
				BCF6EBC0206EC7C50063D023 /* LaunchScreen.storyboard in Resources */,
				BCF6EBDA206ECB010063D023 /* UpComingListStoryboard.storyboard in Resources */,
				BC56BF1E27D19302004E2F56 /* GoogleService-Info.plist in Resources */,
				BCF6EBBD206EC7C50063D023 /* Assets.xcassets in Resources */,
				BC1023F02072F5D0005FF7C5 /* ListMoviesCell.xib in Resources */,
			);
			runOnlyForDeploymentPostprocessing = 0;
		};
		BCF6EBC4206EC7C50063D023 /* Resources */ = {
			isa = PBXResourcesBuildPhase;
			buildActionMask = 2147483647;
			files = (
				51830CFA22A4667700BE346A /* Genre.json in Resources */,
				51830CF622A4458300BE346A /* ListMovie.json in Resources */,
				51830CF822A464C300BE346A /* ListMovieRequired.json in Resources */,
				51830CFC22A4677800BE346A /* MovieDetail.json in Resources */,
			);
			runOnlyForDeploymentPostprocessing = 0;
		};
		F1023C0F22E10FD500602584 /* Resources */ = {
			isa = PBXResourcesBuildPhase;
			buildActionMask = 2147483647;
			files = (
			);
			runOnlyForDeploymentPostprocessing = 0;
		};
/* End PBXResourcesBuildPhase section */

/* Begin PBXShellScriptBuildPhase section */
		0DFD8C80A057D4A03813E278 /* [CP] Embed Pods Frameworks */ = {
			isa = PBXShellScriptBuildPhase;
			buildActionMask = 2147483647;
			files = (
			);
			inputPaths = (
				"${PODS_ROOT}/Target Support Files/Pods-UpComingMoviesKIFTests/Pods-UpComingMoviesKIFTests-frameworks.sh",
				"${BUILT_PRODUCTS_DIR}/Nimble/Nimble.framework",
				"${BUILT_PRODUCTS_DIR}/OHHTTPStubs/OHHTTPStubs.framework",
				"${BUILT_PRODUCTS_DIR}/Quick/Quick.framework",
				"${BUILT_PRODUCTS_DIR}/KIF/KIF.framework",
			);
			name = "[CP] Embed Pods Frameworks";
			outputPaths = (
				"${TARGET_BUILD_DIR}/${FRAMEWORKS_FOLDER_PATH}/Nimble.framework",
				"${TARGET_BUILD_DIR}/${FRAMEWORKS_FOLDER_PATH}/OHHTTPStubs.framework",
				"${TARGET_BUILD_DIR}/${FRAMEWORKS_FOLDER_PATH}/Quick.framework",
				"${TARGET_BUILD_DIR}/${FRAMEWORKS_FOLDER_PATH}/KIF.framework",
			);
			runOnlyForDeploymentPostprocessing = 0;
			shellPath = /bin/sh;
			shellScript = "\"${PODS_ROOT}/Target Support Files/Pods-UpComingMoviesKIFTests/Pods-UpComingMoviesKIFTests-frameworks.sh\"\n";
			showEnvVarsInLog = 0;
		};
		2D94D3816524CBEB94284709 /* [CP] Embed Pods Frameworks */ = {
			isa = PBXShellScriptBuildPhase;
			buildActionMask = 2147483647;
			files = (
			);
			inputPaths = (
				"${PODS_ROOT}/Target Support Files/Pods-UpComingMovies-UpComingMoviesUITests/Pods-UpComingMovies-UpComingMoviesUITests-frameworks.sh",
				"${BUILT_PRODUCTS_DIR}/Alamofire/Alamofire.framework",
				"${BUILT_PRODUCTS_DIR}/AlamofireObjectMapper/AlamofireObjectMapper.framework",
				"${BUILT_PRODUCTS_DIR}/Differentiator/Differentiator.framework",
				"${BUILT_PRODUCTS_DIR}/FirebaseABTesting/FirebaseABTesting.framework",
				"${BUILT_PRODUCTS_DIR}/FirebaseCore/FirebaseCore.framework",
				"${BUILT_PRODUCTS_DIR}/FirebaseCoreDiagnostics/FirebaseCoreDiagnostics.framework",
				"${BUILT_PRODUCTS_DIR}/FirebaseCrashlytics/FirebaseCrashlytics.framework",
				"${BUILT_PRODUCTS_DIR}/FirebaseInstallations/FirebaseInstallations.framework",
				"${BUILT_PRODUCTS_DIR}/FirebasePerformance/FirebasePerformance.framework",
				"${BUILT_PRODUCTS_DIR}/FirebaseRemoteConfig/FirebaseRemoteConfig.framework",
				"${BUILT_PRODUCTS_DIR}/GoogleDataTransport/GoogleDataTransport.framework",
				"${BUILT_PRODUCTS_DIR}/GoogleUtilities/GoogleUtilities.framework",
				"${BUILT_PRODUCTS_DIR}/Kingfisher/Kingfisher.framework",
				"${BUILT_PRODUCTS_DIR}/ObjectMapper/ObjectMapper.framework",
				"${BUILT_PRODUCTS_DIR}/PromisesObjC/FBLPromises.framework",
				"${BUILT_PRODUCTS_DIR}/RxCocoa/RxCocoa.framework",
				"${BUILT_PRODUCTS_DIR}/RxDataSources/RxDataSources.framework",
				"${BUILT_PRODUCTS_DIR}/RxSwift/RxSwift.framework",
				"${BUILT_PRODUCTS_DIR}/SVProgressHUD/SVProgressHUD.framework",
				"${BUILT_PRODUCTS_DIR}/UIScrollView-InfiniteScroll/UIScrollView_InfiniteScroll.framework",
				"${BUILT_PRODUCTS_DIR}/nanopb/nanopb.framework",
				"${BUILT_PRODUCTS_DIR}/Nimble/Nimble.framework",
				"${BUILT_PRODUCTS_DIR}/OHHTTPStubs/OHHTTPStubs.framework",
				"${BUILT_PRODUCTS_DIR}/Quick/Quick.framework",
			);
			name = "[CP] Embed Pods Frameworks";
			outputPaths = (
				"${TARGET_BUILD_DIR}/${FRAMEWORKS_FOLDER_PATH}/Alamofire.framework",
				"${TARGET_BUILD_DIR}/${FRAMEWORKS_FOLDER_PATH}/AlamofireObjectMapper.framework",
				"${TARGET_BUILD_DIR}/${FRAMEWORKS_FOLDER_PATH}/Differentiator.framework",
				"${TARGET_BUILD_DIR}/${FRAMEWORKS_FOLDER_PATH}/FirebaseABTesting.framework",
				"${TARGET_BUILD_DIR}/${FRAMEWORKS_FOLDER_PATH}/FirebaseCore.framework",
				"${TARGET_BUILD_DIR}/${FRAMEWORKS_FOLDER_PATH}/FirebaseCoreDiagnostics.framework",
				"${TARGET_BUILD_DIR}/${FRAMEWORKS_FOLDER_PATH}/FirebaseCrashlytics.framework",
				"${TARGET_BUILD_DIR}/${FRAMEWORKS_FOLDER_PATH}/FirebaseInstallations.framework",
				"${TARGET_BUILD_DIR}/${FRAMEWORKS_FOLDER_PATH}/FirebasePerformance.framework",
				"${TARGET_BUILD_DIR}/${FRAMEWORKS_FOLDER_PATH}/FirebaseRemoteConfig.framework",
				"${TARGET_BUILD_DIR}/${FRAMEWORKS_FOLDER_PATH}/GoogleDataTransport.framework",
				"${TARGET_BUILD_DIR}/${FRAMEWORKS_FOLDER_PATH}/GoogleUtilities.framework",
				"${TARGET_BUILD_DIR}/${FRAMEWORKS_FOLDER_PATH}/Kingfisher.framework",
				"${TARGET_BUILD_DIR}/${FRAMEWORKS_FOLDER_PATH}/ObjectMapper.framework",
				"${TARGET_BUILD_DIR}/${FRAMEWORKS_FOLDER_PATH}/FBLPromises.framework",
				"${TARGET_BUILD_DIR}/${FRAMEWORKS_FOLDER_PATH}/RxCocoa.framework",
				"${TARGET_BUILD_DIR}/${FRAMEWORKS_FOLDER_PATH}/RxDataSources.framework",
				"${TARGET_BUILD_DIR}/${FRAMEWORKS_FOLDER_PATH}/RxSwift.framework",
				"${TARGET_BUILD_DIR}/${FRAMEWORKS_FOLDER_PATH}/SVProgressHUD.framework",
				"${TARGET_BUILD_DIR}/${FRAMEWORKS_FOLDER_PATH}/UIScrollView_InfiniteScroll.framework",
				"${TARGET_BUILD_DIR}/${FRAMEWORKS_FOLDER_PATH}/nanopb.framework",
				"${TARGET_BUILD_DIR}/${FRAMEWORKS_FOLDER_PATH}/Nimble.framework",
				"${TARGET_BUILD_DIR}/${FRAMEWORKS_FOLDER_PATH}/OHHTTPStubs.framework",
				"${TARGET_BUILD_DIR}/${FRAMEWORKS_FOLDER_PATH}/Quick.framework",
			);
			runOnlyForDeploymentPostprocessing = 0;
			shellPath = /bin/sh;
			shellScript = "\"${PODS_ROOT}/Target Support Files/Pods-UpComingMovies-UpComingMoviesUITests/Pods-UpComingMovies-UpComingMoviesUITests-frameworks.sh\"\n";
			showEnvVarsInLog = 0;
		};
		51994EAE2290B3F100B4420D /* SwiftLint */ = {
			isa = PBXShellScriptBuildPhase;
			buildActionMask = 2147483647;
			files = (
			);
			inputFileListPaths = (
			);
			inputPaths = (
			);
			name = SwiftLint;
			outputFileListPaths = (
			);
			outputPaths = (
			);
			runOnlyForDeploymentPostprocessing = 0;
			shellPath = /bin/sh;
			shellScript = "# Type a script or drag a script file from your workspace to insert its path.\n\"${PODS_ROOT}/SwiftLint/swiftlint\"\n";
		};
		6C85C16E4890DF534E9CF8C6 /* [CP] Check Pods Manifest.lock */ = {
			isa = PBXShellScriptBuildPhase;
			buildActionMask = 2147483647;
			files = (
			);
			inputFileListPaths = (
			);
			inputPaths = (
				"${PODS_PODFILE_DIR_PATH}/Podfile.lock",
				"${PODS_ROOT}/Manifest.lock",
			);
			name = "[CP] Check Pods Manifest.lock";
			outputFileListPaths = (
			);
			outputPaths = (
				"$(DERIVED_FILE_DIR)/Pods-UpComingMoviesKIFTests-checkManifestLockResult.txt",
			);
			runOnlyForDeploymentPostprocessing = 0;
			shellPath = /bin/sh;
			shellScript = "diff \"${PODS_PODFILE_DIR_PATH}/Podfile.lock\" \"${PODS_ROOT}/Manifest.lock\" > /dev/null\nif [ $? != 0 ] ; then\n    # print error to STDERR\n    echo \"error: The sandbox is not in sync with the Podfile.lock. Run 'pod install' or update your CocoaPods installation.\" >&2\n    exit 1\nfi\n# This output is used by Xcode 'outputs' to avoid re-running this script phase.\necho \"SUCCESS\" > \"${SCRIPT_OUTPUT_FILE_0}\"\n";
			showEnvVarsInLog = 0;
		};
		96B332D0661CA7A6BDA5353E /* [CP] Check Pods Manifest.lock */ = {
			isa = PBXShellScriptBuildPhase;
			buildActionMask = 2147483647;
			files = (
			);
			inputFileListPaths = (
			);
			inputPaths = (
				"${PODS_PODFILE_DIR_PATH}/Podfile.lock",
				"${PODS_ROOT}/Manifest.lock",
			);
			name = "[CP] Check Pods Manifest.lock";
			outputFileListPaths = (
			);
			outputPaths = (
				"$(DERIVED_FILE_DIR)/Pods-UpComingMovies-checkManifestLockResult.txt",
			);
			runOnlyForDeploymentPostprocessing = 0;
			shellPath = /bin/sh;
			shellScript = "diff \"${PODS_PODFILE_DIR_PATH}/Podfile.lock\" \"${PODS_ROOT}/Manifest.lock\" > /dev/null\nif [ $? != 0 ] ; then\n    # print error to STDERR\n    echo \"error: The sandbox is not in sync with the Podfile.lock. Run 'pod install' or update your CocoaPods installation.\" >&2\n    exit 1\nfi\n# This output is used by Xcode 'outputs' to avoid re-running this script phase.\necho \"SUCCESS\" > \"${SCRIPT_OUTPUT_FILE_0}\"\n";
			showEnvVarsInLog = 0;
		};
		9EEA7F31738C145E57AD133B /* [CP] Embed Pods Frameworks */ = {
			isa = PBXShellScriptBuildPhase;
			buildActionMask = 2147483647;
			files = (
			);
			inputPaths = (
				"${PODS_ROOT}/Target Support Files/Pods-UpComingMoviesTests/Pods-UpComingMoviesTests-frameworks.sh",
				"${BUILT_PRODUCTS_DIR}/Nimble/Nimble.framework",
				"${BUILT_PRODUCTS_DIR}/OHHTTPStubs/OHHTTPStubs.framework",
				"${BUILT_PRODUCTS_DIR}/Quick/Quick.framework",
			);
			name = "[CP] Embed Pods Frameworks";
			outputPaths = (
				"${TARGET_BUILD_DIR}/${FRAMEWORKS_FOLDER_PATH}/Nimble.framework",
				"${TARGET_BUILD_DIR}/${FRAMEWORKS_FOLDER_PATH}/OHHTTPStubs.framework",
				"${TARGET_BUILD_DIR}/${FRAMEWORKS_FOLDER_PATH}/Quick.framework",
			);
			runOnlyForDeploymentPostprocessing = 0;
			shellPath = /bin/sh;
			shellScript = "\"${PODS_ROOT}/Target Support Files/Pods-UpComingMoviesTests/Pods-UpComingMoviesTests-frameworks.sh\"\n";
			showEnvVarsInLog = 0;
		};
		BC8720B1279DA9A0003D20C4 /* FirebaseCrashlytics */ = {
			isa = PBXShellScriptBuildPhase;
			buildActionMask = 2147483647;
			files = (
			);
			inputFileListPaths = (
			);
			inputPaths = (
				"${DWARF_DSYM_FOLDER_PATH}/${DWARF_DSYM_FILE_NAME}/Contents/Resources/DWARF/${TARGET_NAME}",
				"$(SRCROOT)/$(BUILT_PRODUCTS_DIR)/$(INFOPLIST_PATH)",
			);
			name = FirebaseCrashlytics;
			outputFileListPaths = (
			);
			outputPaths = (
			);
			runOnlyForDeploymentPostprocessing = 0;
			shellPath = /bin/sh;
			shellScript = "\"${PODS_ROOT}/FirebaseCrashlytics/run\"\n";
		};
		C8F3C351226F0CFB2F28151C /* [CP] Check Pods Manifest.lock */ = {
			isa = PBXShellScriptBuildPhase;
			buildActionMask = 2147483647;
			files = (
			);
			inputFileListPaths = (
			);
			inputPaths = (
				"${PODS_PODFILE_DIR_PATH}/Podfile.lock",
				"${PODS_ROOT}/Manifest.lock",
			);
			name = "[CP] Check Pods Manifest.lock";
			outputFileListPaths = (
			);
			outputPaths = (
				"$(DERIVED_FILE_DIR)/Pods-UpComingMovies-UpComingMoviesUITests-checkManifestLockResult.txt",
			);
			runOnlyForDeploymentPostprocessing = 0;
			shellPath = /bin/sh;
			shellScript = "diff \"${PODS_PODFILE_DIR_PATH}/Podfile.lock\" \"${PODS_ROOT}/Manifest.lock\" > /dev/null\nif [ $? != 0 ] ; then\n    # print error to STDERR\n    echo \"error: The sandbox is not in sync with the Podfile.lock. Run 'pod install' or update your CocoaPods installation.\" >&2\n    exit 1\nfi\n# This output is used by Xcode 'outputs' to avoid re-running this script phase.\necho \"SUCCESS\" > \"${SCRIPT_OUTPUT_FILE_0}\"\n";
			showEnvVarsInLog = 0;
		};
		EE0BE3F3B81D6C78B5F01A4A /* [CP] Embed Pods Frameworks */ = {
			isa = PBXShellScriptBuildPhase;
			buildActionMask = 2147483647;
			files = (
			);
			inputPaths = (
				"${PODS_ROOT}/Target Support Files/Pods-UpComingMovies/Pods-UpComingMovies-frameworks.sh",
				"${BUILT_PRODUCTS_DIR}/Alamofire/Alamofire.framework",
				"${BUILT_PRODUCTS_DIR}/AlamofireObjectMapper/AlamofireObjectMapper.framework",
				"${BUILT_PRODUCTS_DIR}/Differentiator/Differentiator.framework",
				"${BUILT_PRODUCTS_DIR}/FirebaseABTesting/FirebaseABTesting.framework",
				"${BUILT_PRODUCTS_DIR}/FirebaseCore/FirebaseCore.framework",
				"${BUILT_PRODUCTS_DIR}/FirebaseCoreDiagnostics/FirebaseCoreDiagnostics.framework",
				"${BUILT_PRODUCTS_DIR}/FirebaseCrashlytics/FirebaseCrashlytics.framework",
				"${BUILT_PRODUCTS_DIR}/FirebaseInstallations/FirebaseInstallations.framework",
				"${BUILT_PRODUCTS_DIR}/FirebasePerformance/FirebasePerformance.framework",
				"${BUILT_PRODUCTS_DIR}/FirebaseRemoteConfig/FirebaseRemoteConfig.framework",
				"${BUILT_PRODUCTS_DIR}/GoogleDataTransport/GoogleDataTransport.framework",
				"${BUILT_PRODUCTS_DIR}/GoogleUtilities/GoogleUtilities.framework",
				"${BUILT_PRODUCTS_DIR}/Kingfisher/Kingfisher.framework",
				"${BUILT_PRODUCTS_DIR}/ObjectMapper/ObjectMapper.framework",
				"${BUILT_PRODUCTS_DIR}/PromisesObjC/FBLPromises.framework",
				"${BUILT_PRODUCTS_DIR}/RxCocoa/RxCocoa.framework",
				"${BUILT_PRODUCTS_DIR}/RxDataSources/RxDataSources.framework",
				"${BUILT_PRODUCTS_DIR}/RxSwift/RxSwift.framework",
				"${BUILT_PRODUCTS_DIR}/SVProgressHUD/SVProgressHUD.framework",
				"${BUILT_PRODUCTS_DIR}/UIScrollView-InfiniteScroll/UIScrollView_InfiniteScroll.framework",
				"${BUILT_PRODUCTS_DIR}/nanopb/nanopb.framework",
			);
			name = "[CP] Embed Pods Frameworks";
			outputPaths = (
				"${TARGET_BUILD_DIR}/${FRAMEWORKS_FOLDER_PATH}/Alamofire.framework",
				"${TARGET_BUILD_DIR}/${FRAMEWORKS_FOLDER_PATH}/AlamofireObjectMapper.framework",
				"${TARGET_BUILD_DIR}/${FRAMEWORKS_FOLDER_PATH}/Differentiator.framework",
				"${TARGET_BUILD_DIR}/${FRAMEWORKS_FOLDER_PATH}/FirebaseABTesting.framework",
				"${TARGET_BUILD_DIR}/${FRAMEWORKS_FOLDER_PATH}/FirebaseCore.framework",
				"${TARGET_BUILD_DIR}/${FRAMEWORKS_FOLDER_PATH}/FirebaseCoreDiagnostics.framework",
				"${TARGET_BUILD_DIR}/${FRAMEWORKS_FOLDER_PATH}/FirebaseCrashlytics.framework",
				"${TARGET_BUILD_DIR}/${FRAMEWORKS_FOLDER_PATH}/FirebaseInstallations.framework",
				"${TARGET_BUILD_DIR}/${FRAMEWORKS_FOLDER_PATH}/FirebasePerformance.framework",
				"${TARGET_BUILD_DIR}/${FRAMEWORKS_FOLDER_PATH}/FirebaseRemoteConfig.framework",
				"${TARGET_BUILD_DIR}/${FRAMEWORKS_FOLDER_PATH}/GoogleDataTransport.framework",
				"${TARGET_BUILD_DIR}/${FRAMEWORKS_FOLDER_PATH}/GoogleUtilities.framework",
				"${TARGET_BUILD_DIR}/${FRAMEWORKS_FOLDER_PATH}/Kingfisher.framework",
				"${TARGET_BUILD_DIR}/${FRAMEWORKS_FOLDER_PATH}/ObjectMapper.framework",
				"${TARGET_BUILD_DIR}/${FRAMEWORKS_FOLDER_PATH}/FBLPromises.framework",
				"${TARGET_BUILD_DIR}/${FRAMEWORKS_FOLDER_PATH}/RxCocoa.framework",
				"${TARGET_BUILD_DIR}/${FRAMEWORKS_FOLDER_PATH}/RxDataSources.framework",
				"${TARGET_BUILD_DIR}/${FRAMEWORKS_FOLDER_PATH}/RxSwift.framework",
				"${TARGET_BUILD_DIR}/${FRAMEWORKS_FOLDER_PATH}/SVProgressHUD.framework",
				"${TARGET_BUILD_DIR}/${FRAMEWORKS_FOLDER_PATH}/UIScrollView_InfiniteScroll.framework",
				"${TARGET_BUILD_DIR}/${FRAMEWORKS_FOLDER_PATH}/nanopb.framework",
			);
			runOnlyForDeploymentPostprocessing = 0;
			shellPath = /bin/sh;
			shellScript = "\"${PODS_ROOT}/Target Support Files/Pods-UpComingMovies/Pods-UpComingMovies-frameworks.sh\"\n";
			showEnvVarsInLog = 0;
		};
		F98C990DB14B7A008C77A985 /* [CP] Check Pods Manifest.lock */ = {
			isa = PBXShellScriptBuildPhase;
			buildActionMask = 2147483647;
			files = (
			);
			inputFileListPaths = (
			);
			inputPaths = (
				"${PODS_PODFILE_DIR_PATH}/Podfile.lock",
				"${PODS_ROOT}/Manifest.lock",
			);
			name = "[CP] Check Pods Manifest.lock";
			outputFileListPaths = (
			);
			outputPaths = (
				"$(DERIVED_FILE_DIR)/Pods-UpComingMoviesTests-checkManifestLockResult.txt",
			);
			runOnlyForDeploymentPostprocessing = 0;
			shellPath = /bin/sh;
			shellScript = "diff \"${PODS_PODFILE_DIR_PATH}/Podfile.lock\" \"${PODS_ROOT}/Manifest.lock\" > /dev/null\nif [ $? != 0 ] ; then\n    # print error to STDERR\n    echo \"error: The sandbox is not in sync with the Podfile.lock. Run 'pod install' or update your CocoaPods installation.\" >&2\n    exit 1\nfi\n# This output is used by Xcode 'outputs' to avoid re-running this script phase.\necho \"SUCCESS\" > \"${SCRIPT_OUTPUT_FILE_0}\"\n";
			showEnvVarsInLog = 0;
		};
/* End PBXShellScriptBuildPhase section */

/* Begin PBXSourcesBuildPhase section */
		BC5A4ED827D3EFBB00C9CB8D /* Sources */ = {
			isa = PBXSourcesBuildPhase;
			buildActionMask = 2147483647;
			files = (
				BC5A4EDF27D3EFBB00C9CB8D /* UpComingMoviesUITests.swift in Sources */,
				BC5A4EE127D3EFBB00C9CB8D /* UpComingMoviesUITestsLaunchTests.swift in Sources */,
			);
			runOnlyForDeploymentPostprocessing = 0;
		};
		BCF6EBAB206EC7C50063D023 /* Sources */ = {
			isa = PBXSourcesBuildPhase;
			buildActionMask = 2147483647;
			files = (
				5177AD3D22B073E3005D20AC /* UpCommingCoordinator.swift in Sources */,
				BCE2131D207199E1000FFBDC /* MoviesDetailModelMap.swift in Sources */,
				5177AD4322B07FAC005D20AC /* UpComingListViewModelRX.swift in Sources */,
				BC5401CC279F5B3000D44BEA /* ListMoviesUI.swift in Sources */,
				BCF6EBDF206ECB430063D023 /* UpComingListApiAlamo.swift in Sources */,
				BC8720B0279DA72E003D20C4 /* AppTheme.swift in Sources */,
				BCF6EBE7206ECBF80063D023 /* PaginationModelMap.swift in Sources */,
				363215E62460DE6E00A0C7C7 /* UpcomingEndpoints.swift in Sources */,
				BCE2131B20719234000FFBDC /* ListMoviesCellModel.swift in Sources */,
				51830CF322A4395B00BE346A /* MoviesDetailModelCodable.swift in Sources */,
				BCE213192071921D000FFBDC /* ListMoviesTableViewCell.swift in Sources */,
				517290D722A739CE00D6C9A7 /* UpComingTableViewsDataSetProtocol.swift in Sources */,
				51830CE922A4290000BE346A /* PaginationModelCodable.swift in Sources */,
				BCA0106127A0952A0020334E /* HostingController.swift in Sources */,
				BCE2131F20719DBD000FFBDC /* DetailUpCommingListViewModel.swift in Sources */,
				BC8AD52C27A9F73A006DBD01 /* StarButton.swift in Sources */,
				51830CE222A4269500BE346A /* UpComingListApi.swift in Sources */,
				51830CED22A42AD200BE346A /* GenreModelCodable.swift in Sources */,
				BCF6EBE1206ECB650063D023 /* MoviesModelMap.swift in Sources */,
				BC5401C6279F53B200D44BEA /* PreviewData.swift in Sources */,
				BC075EE527CAD76700BFA6CE /* ListMoviesTableViewCellViewCode.swift in Sources */,
				51830CEB22A429C300BE346A /* MoviesModelCodable.swift in Sources */,
				BCF6EBD8206ECAEA0063D023 /* UpComingListTableViewController.swift in Sources */,
				BC7AA96827A747EC009FEF0F /* ImageLoaderView.swift in Sources */,
				BCF6EBB3206EC7C50063D023 /* AppDelegate.swift in Sources */,
				BC1F470927C6FE4D00E48743 /* ViewCodeProtocol.swift in Sources */,
				51830CE722A4286B00BE346A /* StatusErrorModelCodable.swift in Sources */,
				BCE70824207452290015DAA3 /* ServerConfig.swift in Sources */,
				36B00B062471DAE600E2DB5D /* AppStoryboard.swift in Sources */,
				BCCFA5C4279EFB2700E0806A /* MovieRowUI.swift in Sources */,
				BCF6EBEB206EDE760063D023 /* GenreModelMap.swift in Sources */,
				5177AD4122B07D78005D20AC /* UpComingListRXTableViewController.swift in Sources */,
				BC8AD52E27A9FA34006DBD01 /* EnviromentData.swift in Sources */,
				BCF6EBBB206EC7C50063D023 /* UpComingMovies.xcdatamodeld in Sources */,
				BCF6EBE5206ECBBF0063D023 /* DetailUpComingListTableViewController.swift in Sources */,
				36898CC42475824800C1043A /* AppCoordinator.swift in Sources */,
				BCF6EBE9206EDBC00063D023 /* StatusModelMap.swift in Sources */,
				BCF6EBDD206ECB280063D023 /* UpComingListViewModel.swift in Sources */,
				51994EB12290B69900B4420D /* FirebaseSdk.swift in Sources */,
				BCA0106327A09D310020334E /* UpCommingCoordinatorHosting.swift in Sources */,
				364D370524734B4500C5F22D /* UIViewController+Extensions.swift in Sources */,
				BCA0105F27A07FAF0020334E /* DetailMovieUI.swift in Sources */,
			);
			runOnlyForDeploymentPostprocessing = 0;
		};
		BCF6EBC2206EC7C50063D023 /* Sources */ = {
			isa = PBXSourcesBuildPhase;
			buildActionMask = 2147483647;
			files = (
				5177AD3F22B077E9005D20AC /* UpComingListCoordinatorTests.swift in Sources */,
				516E3E7822AD6B270025F255 /* UpComingListViewModelTests.swift in Sources */,
				BCF6EBCB206EC7C50063D023 /* UpComingMoviesTests.swift in Sources */,
				51830CF122A438D300BE346A /* MockPagination.swift in Sources */,
				51830CE422A426E100BE346A /* UpComingListApiTests.swift in Sources */,
			);
			runOnlyForDeploymentPostprocessing = 0;
		};
		F1023C0D22E10FD500602584 /* Sources */ = {
			isa = PBXSourcesBuildPhase;
			buildActionMask = 2147483647;
			files = (
				F1023C1C22E1103A00602584 /* IntegrationKIFTestCase.swift in Sources */,
				F1023C1422E10FD500602584 /* UpComingMoviesKIFTests.swift in Sources */,
			);
			runOnlyForDeploymentPostprocessing = 0;
		};
/* End PBXSourcesBuildPhase section */

/* Begin PBXTargetDependency section */
		BC5A4EE327D3EFBB00C9CB8D /* PBXTargetDependency */ = {
			isa = PBXTargetDependency;
			target = BCF6EBAE206EC7C50063D023 /* UpComingMovies */;
			targetProxy = BC5A4EE227D3EFBB00C9CB8D /* PBXContainerItemProxy */;
		};
		BCF6EBC8206EC7C50063D023 /* PBXTargetDependency */ = {
			isa = PBXTargetDependency;
			target = BCF6EBAE206EC7C50063D023 /* UpComingMovies */;
			targetProxy = BCF6EBC7206EC7C50063D023 /* PBXContainerItemProxy */;
		};
		F1023C1722E10FD500602584 /* PBXTargetDependency */ = {
			isa = PBXTargetDependency;
			target = BCF6EBAE206EC7C50063D023 /* UpComingMovies */;
			targetProxy = F1023C1622E10FD500602584 /* PBXContainerItemProxy */;
		};
/* End PBXTargetDependency section */

/* Begin PBXVariantGroup section */
		BCF6EBBE206EC7C50063D023 /* LaunchScreen.storyboard */ = {
			isa = PBXVariantGroup;
			children = (
				BCF6EBBF206EC7C50063D023 /* Base */,
			);
			name = LaunchScreen.storyboard;
			sourceTree = "<group>";
		};
/* End PBXVariantGroup section */

/* Begin XCBuildConfiguration section */
		BC5A4EE527D3EFBB00C9CB8D /* Debug */ = {
			isa = XCBuildConfiguration;
			baseConfigurationReference = CE7C8100D4B3DDEAA43E8FAE /* Pods-UpComingMovies-UpComingMoviesUITests.debug.xcconfig */;
			buildSettings = {
				CLANG_CXX_LANGUAGE_STANDARD = "gnu++17";
				CLANG_ENABLE_OBJC_WEAK = YES;
				CODE_SIGN_STYLE = Automatic;
				CURRENT_PROJECT_VERSION = 1;
				GENERATE_INFOPLIST_FILE = YES;
				IPHONEOS_DEPLOYMENT_TARGET = 15.0;
				LD_RUNPATH_SEARCH_PATHS = (
					"$(inherited)",
					"@executable_path/Frameworks",
					"@loader_path/Frameworks",
				);
				MARKETING_VERSION = 1.0;
				MTL_ENABLE_DEBUG_INFO = INCLUDE_SOURCE;
				MTL_FAST_MATH = YES;
				PRODUCT_BUNDLE_IDENTIFIER = fmmobile.com.UpComingMoviesUITests;
				PRODUCT_NAME = "$(TARGET_NAME)";
				SWIFT_EMIT_LOC_STRINGS = NO;
				SWIFT_VERSION = 5.0;
				TARGETED_DEVICE_FAMILY = "1,2";
				TEST_TARGET_NAME = UpComingMovies;
			};
			name = Debug;
		};
		BC5A4EE627D3EFBB00C9CB8D /* Release */ = {
			isa = XCBuildConfiguration;
			baseConfigurationReference = 4880C2EDE4733D1122DDF133 /* Pods-UpComingMovies-UpComingMoviesUITests.release.xcconfig */;
			buildSettings = {
				CLANG_CXX_LANGUAGE_STANDARD = "gnu++17";
				CLANG_ENABLE_OBJC_WEAK = YES;
				CODE_SIGN_STYLE = Automatic;
				CURRENT_PROJECT_VERSION = 1;
				GENERATE_INFOPLIST_FILE = YES;
				IPHONEOS_DEPLOYMENT_TARGET = 15.0;
				LD_RUNPATH_SEARCH_PATHS = (
					"$(inherited)",
					"@executable_path/Frameworks",
					"@loader_path/Frameworks",
				);
				MARKETING_VERSION = 1.0;
				MTL_FAST_MATH = YES;
				PRODUCT_BUNDLE_IDENTIFIER = fmmobile.com.UpComingMoviesUITests;
				PRODUCT_NAME = "$(TARGET_NAME)";
				SWIFT_EMIT_LOC_STRINGS = NO;
				SWIFT_VERSION = 5.0;
				TARGETED_DEVICE_FAMILY = "1,2";
				TEST_TARGET_NAME = UpComingMovies;
			};
			name = Release;
		};
		BCF6EBCD206EC7C50063D023 /* Debug */ = {
			isa = XCBuildConfiguration;
			buildSettings = {
				ALWAYS_SEARCH_USER_PATHS = NO;
				CLANG_ANALYZER_NONNULL = YES;
				CLANG_ANALYZER_NUMBER_OBJECT_CONVERSION = YES_AGGRESSIVE;
				CLANG_CXX_LANGUAGE_STANDARD = "gnu++14";
				CLANG_CXX_LIBRARY = "libc++";
				CLANG_ENABLE_MODULES = YES;
				CLANG_ENABLE_OBJC_ARC = YES;
				CLANG_WARN_BLOCK_CAPTURE_AUTORELEASING = YES;
				CLANG_WARN_BOOL_CONVERSION = YES;
				CLANG_WARN_COMMA = YES;
				CLANG_WARN_CONSTANT_CONVERSION = YES;
				CLANG_WARN_DEPRECATED_OBJC_IMPLEMENTATIONS = YES;
				CLANG_WARN_DIRECT_OBJC_ISA_USAGE = YES_ERROR;
				CLANG_WARN_DOCUMENTATION_COMMENTS = YES;
				CLANG_WARN_EMPTY_BODY = YES;
				CLANG_WARN_ENUM_CONVERSION = YES;
				CLANG_WARN_INFINITE_RECURSION = YES;
				CLANG_WARN_INT_CONVERSION = YES;
				CLANG_WARN_NON_LITERAL_NULL_CONVERSION = YES;
				CLANG_WARN_OBJC_IMPLICIT_RETAIN_SELF = YES;
				CLANG_WARN_OBJC_LITERAL_CONVERSION = YES;
				CLANG_WARN_OBJC_ROOT_CLASS = YES_ERROR;
				CLANG_WARN_QUOTED_INCLUDE_IN_FRAMEWORK_HEADER = YES;
				CLANG_WARN_RANGE_LOOP_ANALYSIS = YES;
				CLANG_WARN_STRICT_PROTOTYPES = YES;
				CLANG_WARN_SUSPICIOUS_MOVE = YES;
				CLANG_WARN_UNGUARDED_AVAILABILITY = YES_AGGRESSIVE;
				CLANG_WARN_UNREACHABLE_CODE = YES;
				CLANG_WARN__DUPLICATE_METHOD_MATCH = YES;
				CODE_SIGN_IDENTITY = "iPhone Developer";
				COPY_PHASE_STRIP = NO;
				DEBUG_INFORMATION_FORMAT = dwarf;
				ENABLE_STRICT_OBJC_MSGSEND = YES;
				ENABLE_TESTABILITY = YES;
				GCC_C_LANGUAGE_STANDARD = gnu11;
				GCC_DYNAMIC_NO_PIC = NO;
				GCC_NO_COMMON_BLOCKS = YES;
				GCC_OPTIMIZATION_LEVEL = 0;
				GCC_PREPROCESSOR_DEFINITIONS = (
					"DEBUG=1",
					"$(inherited)",
				);
				GCC_WARN_64_TO_32_BIT_CONVERSION = YES;
				GCC_WARN_ABOUT_RETURN_TYPE = YES_ERROR;
				GCC_WARN_UNDECLARED_SELECTOR = YES;
				GCC_WARN_UNINITIALIZED_AUTOS = YES_AGGRESSIVE;
				GCC_WARN_UNUSED_FUNCTION = YES;
				GCC_WARN_UNUSED_VARIABLE = YES;
				IPHONEOS_DEPLOYMENT_TARGET = 13.0;
				MTL_ENABLE_DEBUG_INFO = YES;
				ONLY_ACTIVE_ARCH = YES;
				SDKROOT = iphoneos;
				SWIFT_ACTIVE_COMPILATION_CONDITIONS = DEBUG;
				SWIFT_OPTIMIZATION_LEVEL = "-Onone";
				SWIFT_VERSION = 5.0;
			};
			name = Debug;
		};
		BCF6EBCE206EC7C50063D023 /* Release */ = {
			isa = XCBuildConfiguration;
			buildSettings = {
				ALWAYS_SEARCH_USER_PATHS = NO;
				CLANG_ANALYZER_NONNULL = YES;
				CLANG_ANALYZER_NUMBER_OBJECT_CONVERSION = YES_AGGRESSIVE;
				CLANG_CXX_LANGUAGE_STANDARD = "gnu++14";
				CLANG_CXX_LIBRARY = "libc++";
				CLANG_ENABLE_MODULES = YES;
				CLANG_ENABLE_OBJC_ARC = YES;
				CLANG_WARN_BLOCK_CAPTURE_AUTORELEASING = YES;
				CLANG_WARN_BOOL_CONVERSION = YES;
				CLANG_WARN_COMMA = YES;
				CLANG_WARN_CONSTANT_CONVERSION = YES;
				CLANG_WARN_DEPRECATED_OBJC_IMPLEMENTATIONS = YES;
				CLANG_WARN_DIRECT_OBJC_ISA_USAGE = YES_ERROR;
				CLANG_WARN_DOCUMENTATION_COMMENTS = YES;
				CLANG_WARN_EMPTY_BODY = YES;
				CLANG_WARN_ENUM_CONVERSION = YES;
				CLANG_WARN_INFINITE_RECURSION = YES;
				CLANG_WARN_INT_CONVERSION = YES;
				CLANG_WARN_NON_LITERAL_NULL_CONVERSION = YES;
				CLANG_WARN_OBJC_IMPLICIT_RETAIN_SELF = YES;
				CLANG_WARN_OBJC_LITERAL_CONVERSION = YES;
				CLANG_WARN_OBJC_ROOT_CLASS = YES_ERROR;
				CLANG_WARN_QUOTED_INCLUDE_IN_FRAMEWORK_HEADER = YES;
				CLANG_WARN_RANGE_LOOP_ANALYSIS = YES;
				CLANG_WARN_STRICT_PROTOTYPES = YES;
				CLANG_WARN_SUSPICIOUS_MOVE = YES;
				CLANG_WARN_UNGUARDED_AVAILABILITY = YES_AGGRESSIVE;
				CLANG_WARN_UNREACHABLE_CODE = YES;
				CLANG_WARN__DUPLICATE_METHOD_MATCH = YES;
				CODE_SIGN_IDENTITY = "iPhone Developer";
				COPY_PHASE_STRIP = NO;
				DEBUG_INFORMATION_FORMAT = "dwarf-with-dsym";
				ENABLE_NS_ASSERTIONS = NO;
				ENABLE_STRICT_OBJC_MSGSEND = YES;
				GCC_C_LANGUAGE_STANDARD = gnu11;
				GCC_NO_COMMON_BLOCKS = YES;
				GCC_WARN_64_TO_32_BIT_CONVERSION = YES;
				GCC_WARN_ABOUT_RETURN_TYPE = YES_ERROR;
				GCC_WARN_UNDECLARED_SELECTOR = YES;
				GCC_WARN_UNINITIALIZED_AUTOS = YES_AGGRESSIVE;
				GCC_WARN_UNUSED_FUNCTION = YES;
				GCC_WARN_UNUSED_VARIABLE = YES;
				IPHONEOS_DEPLOYMENT_TARGET = 13.0;
				MTL_ENABLE_DEBUG_INFO = NO;
				SDKROOT = iphoneos;
				SWIFT_COMPILATION_MODE = wholemodule;
				SWIFT_OPTIMIZATION_LEVEL = "-O";
				SWIFT_VERSION = 5.0;
				VALIDATE_PRODUCT = YES;
			};
			name = Release;
		};
		BCF6EBD0206EC7C50063D023 /* Debug */ = {
			isa = XCBuildConfiguration;
			baseConfigurationReference = 50049064B740F8AF3CA6D183 /* Pods-UpComingMovies.debug.xcconfig */;
			buildSettings = {
				ASSETCATALOG_COMPILER_APPICON_NAME = AppIcon;
				CLANG_ENABLE_MODULES = YES;
				CODE_SIGN_ENTITLEMENTS = UpComingMovies/UpComingMovies.entitlements;
				CODE_SIGN_STYLE = Automatic;
				DEBUG_INFORMATION_FORMAT = "dwarf-with-dsym";
				DEVELOPMENT_TEAM = "";
				INFOPLIST_FILE = UpComingMovies/Info.plist;
				IPHONEOS_DEPLOYMENT_TARGET = 13.0;
				LD_RUNPATH_SEARCH_PATHS = (
					"$(inherited)",
					"@executable_path/Frameworks",
				);
				PRODUCT_BUNDLE_IDENTIFIER = br.com.fmmobile.UpComingMovies;
				PRODUCT_NAME = "$(TARGET_NAME)";
				SWIFT_COMPILATION_MODE = singlefile;
				SWIFT_OBJC_BRIDGING_HEADER = "UpComingMovies/UpComingMovies-Bridging-Header.h";
				SWIFT_OPTIMIZATION_LEVEL = "-Onone";
				SWIFT_VERSION = 5.0;
				TARGETED_DEVICE_FAMILY = "1,2";
			};
			name = Debug;
		};
		BCF6EBD1206EC7C50063D023 /* Release */ = {
			isa = XCBuildConfiguration;
			baseConfigurationReference = 65E7ADF82199E26DF42B3440 /* Pods-UpComingMovies.release.xcconfig */;
			buildSettings = {
				ASSETCATALOG_COMPILER_APPICON_NAME = AppIcon;
				CLANG_ENABLE_MODULES = YES;
				CODE_SIGN_ENTITLEMENTS = UpComingMovies/UpComingMovies.entitlements;
				CODE_SIGN_STYLE = Automatic;
				DEVELOPMENT_TEAM = "";
				INFOPLIST_FILE = UpComingMovies/Info.plist;
				IPHONEOS_DEPLOYMENT_TARGET = 13.0;
				LD_RUNPATH_SEARCH_PATHS = (
					"$(inherited)",
					"@executable_path/Frameworks",
				);
				ONLY_ACTIVE_ARCH = NO;
				PRODUCT_BUNDLE_IDENTIFIER = br.com.fmmobile.UpComingMovies;
				PRODUCT_NAME = "$(TARGET_NAME)";
				SWIFT_COMPILATION_MODE = wholemodule;
				SWIFT_OBJC_BRIDGING_HEADER = "UpComingMovies/UpComingMovies-Bridging-Header.h";
				SWIFT_VERSION = 5.0;
				TARGETED_DEVICE_FAMILY = "1,2";
			};
			name = Release;
		};
		BCF6EBD3206EC7C50063D023 /* Debug */ = {
			isa = XCBuildConfiguration;
			baseConfigurationReference = B9A8ABF6C73F66A1EFEBDF55 /* Pods-UpComingMoviesTests.debug.xcconfig */;
			buildSettings = {
				ALWAYS_EMBED_SWIFT_STANDARD_LIBRARIES = "$(inherited)";
				BUNDLE_LOADER = "$(TEST_HOST)";
				CODE_SIGN_STYLE = Automatic;
				DEVELOPMENT_TEAM = 9YZYY9PGW5;
				INFOPLIST_FILE = UpComingMoviesTests/Info.plist;
				IPHONEOS_DEPLOYMENT_TARGET = 13.0;
				LD_RUNPATH_SEARCH_PATHS = (
					"$(inherited)",
					"@executable_path/Frameworks",
					"@loader_path/Frameworks",
				);
				PRODUCT_BUNDLE_IDENTIFIER = br.com.fmmobile.UpComingMoviesTests;
				PRODUCT_NAME = "$(TARGET_NAME)";
				SWIFT_VERSION = 5.0;
				TARGETED_DEVICE_FAMILY = "1,2";
				TEST_HOST = "$(BUILT_PRODUCTS_DIR)/UpComingMovies.app/UpComingMovies";
			};
			name = Debug;
		};
		BCF6EBD4206EC7C50063D023 /* Release */ = {
			isa = XCBuildConfiguration;
			baseConfigurationReference = 182AE74A1C070FD5756E5EE2 /* Pods-UpComingMoviesTests.release.xcconfig */;
			buildSettings = {
				ALWAYS_EMBED_SWIFT_STANDARD_LIBRARIES = "$(inherited)";
				BUNDLE_LOADER = "$(TEST_HOST)";
				CODE_SIGN_STYLE = Automatic;
				DEVELOPMENT_TEAM = 9YZYY9PGW5;
				INFOPLIST_FILE = UpComingMoviesTests/Info.plist;
				IPHONEOS_DEPLOYMENT_TARGET = 13.0;
				LD_RUNPATH_SEARCH_PATHS = (
					"$(inherited)",
					"@executable_path/Frameworks",
					"@loader_path/Frameworks",
				);
				PRODUCT_BUNDLE_IDENTIFIER = br.com.fmmobile.UpComingMoviesTests;
				PRODUCT_NAME = "$(TARGET_NAME)";
				SWIFT_VERSION = 5.0;
				TARGETED_DEVICE_FAMILY = "1,2";
				TEST_HOST = "$(BUILT_PRODUCTS_DIR)/UpComingMovies.app/UpComingMovies";
			};
			name = Release;
		};
		F1023C1822E10FD500602584 /* Debug */ = {
			isa = XCBuildConfiguration;
			baseConfigurationReference = 3367ED8522519201941503B6 /* Pods-UpComingMoviesKIFTests.debug.xcconfig */;
			buildSettings = {
				BUNDLE_LOADER = "$(TEST_HOST)";
				CLANG_ENABLE_OBJC_WEAK = YES;
				CLANG_WARN_DEPRECATED_OBJC_IMPLEMENTATIONS = YES;
				CLANG_WARN_OBJC_IMPLICIT_RETAIN_SELF = YES;
				CODE_SIGN_STYLE = Automatic;
				DEVELOPMENT_TEAM = 9YZYY9PGW5;
				INFOPLIST_FILE = UpComingMoviesKIFTests/Info.plist;
				IPHONEOS_DEPLOYMENT_TARGET = 13.0;
				LD_RUNPATH_SEARCH_PATHS = (
					"$(inherited)",
					"@executable_path/Frameworks",
					"@loader_path/Frameworks",
				);
				MTL_ENABLE_DEBUG_INFO = INCLUDE_SOURCE;
				MTL_FAST_MATH = YES;
				PRODUCT_BUNDLE_IDENTIFIER = br.com.fmmobile.UpComingMoviesKIFTests;
				PRODUCT_NAME = "$(TARGET_NAME)";
				SWIFT_VERSION = 5.0;
				TARGETED_DEVICE_FAMILY = "1,2";
				TEST_HOST = "$(BUILT_PRODUCTS_DIR)/UpComingMovies.app/UpComingMovies";
			};
			name = Debug;
		};
		F1023C1922E10FD500602584 /* Release */ = {
			isa = XCBuildConfiguration;
			baseConfigurationReference = 20215A21785CB5E492F66BC2 /* Pods-UpComingMoviesKIFTests.release.xcconfig */;
			buildSettings = {
				BUNDLE_LOADER = "$(TEST_HOST)";
				CLANG_ENABLE_OBJC_WEAK = YES;
				CLANG_WARN_DEPRECATED_OBJC_IMPLEMENTATIONS = YES;
				CLANG_WARN_OBJC_IMPLICIT_RETAIN_SELF = YES;
				CODE_SIGN_STYLE = Automatic;
				DEVELOPMENT_TEAM = 9YZYY9PGW5;
				INFOPLIST_FILE = UpComingMoviesKIFTests/Info.plist;
				IPHONEOS_DEPLOYMENT_TARGET = 13.0;
				LD_RUNPATH_SEARCH_PATHS = (
					"$(inherited)",
					"@executable_path/Frameworks",
					"@loader_path/Frameworks",
				);
				MTL_FAST_MATH = YES;
				PRODUCT_BUNDLE_IDENTIFIER = br.com.fmmobile.UpComingMoviesKIFTests;
				PRODUCT_NAME = "$(TARGET_NAME)";
				SWIFT_VERSION = 5.0;
				TARGETED_DEVICE_FAMILY = "1,2";
				TEST_HOST = "$(BUILT_PRODUCTS_DIR)/UpComingMovies.app/UpComingMovies";
			};
			name = Release;
		};
/* End XCBuildConfiguration section */

/* Begin XCConfigurationList section */
		BC5A4EE427D3EFBB00C9CB8D /* Build configuration list for PBXNativeTarget "UpComingMoviesUITests" */ = {
			isa = XCConfigurationList;
			buildConfigurations = (
				BC5A4EE527D3EFBB00C9CB8D /* Debug */,
				BC5A4EE627D3EFBB00C9CB8D /* Release */,
			);
			defaultConfigurationIsVisible = 0;
			defaultConfigurationName = Release;
		};
		BCF6EBAA206EC7C50063D023 /* Build configuration list for PBXProject "UpComingMovies" */ = {
			isa = XCConfigurationList;
			buildConfigurations = (
				BCF6EBCD206EC7C50063D023 /* Debug */,
				BCF6EBCE206EC7C50063D023 /* Release */,
			);
			defaultConfigurationIsVisible = 0;
			defaultConfigurationName = Release;
		};
		BCF6EBCF206EC7C50063D023 /* Build configuration list for PBXNativeTarget "UpComingMovies" */ = {
			isa = XCConfigurationList;
			buildConfigurations = (
				BCF6EBD0206EC7C50063D023 /* Debug */,
				BCF6EBD1206EC7C50063D023 /* Release */,
			);
			defaultConfigurationIsVisible = 0;
			defaultConfigurationName = Release;
		};
		BCF6EBD2206EC7C50063D023 /* Build configuration list for PBXNativeTarget "UpComingMoviesTests" */ = {
			isa = XCConfigurationList;
			buildConfigurations = (
				BCF6EBD3206EC7C50063D023 /* Debug */,
				BCF6EBD4206EC7C50063D023 /* Release */,
			);
			defaultConfigurationIsVisible = 0;
			defaultConfigurationName = Release;
		};
		F1023C1A22E10FD500602584 /* Build configuration list for PBXNativeTarget "UpComingMoviesKIFTests" */ = {
			isa = XCConfigurationList;
			buildConfigurations = (
				F1023C1822E10FD500602584 /* Debug */,
				F1023C1922E10FD500602584 /* Release */,
			);
			defaultConfigurationIsVisible = 0;
			defaultConfigurationName = Release;
		};
/* End XCConfigurationList section */

/* Begin XCVersionGroup section */
		BCF6EBB9206EC7C50063D023 /* UpComingMovies.xcdatamodeld */ = {
			isa = XCVersionGroup;
			children = (
				BCF6EBBA206EC7C50063D023 /* UpComingMovies.xcdatamodel */,
			);
			currentVersion = BCF6EBBA206EC7C50063D023 /* UpComingMovies.xcdatamodel */;
			path = UpComingMovies.xcdatamodeld;
			sourceTree = "<group>";
			versionGroupType = wrapper.xcdatamodel;
		};
/* End XCVersionGroup section */
	};
	rootObject = BCF6EBA7206EC7C50063D023 /* Project object */;
}
